{
  "version": 4,
  "terraform_version": "1.8.1",
  "serial": 673,
  "lineage": "9caf8968-d905-1ba9-69fb-f333db7a23cb",
  "outputs": {
    "autonomous_database_connection_strings": {
      "value": [
        {
          "all_connection_strings": {
            "HIGH": "adb.ap-tokyo-1.oraclecloud.com:1522/gc2b829ae972ccc_taskautonomousdatabase_high.adb.oraclecloud.com",
            "LOW": "adb.ap-tokyo-1.oraclecloud.com:1522/gc2b829ae972ccc_taskautonomousdatabase_low.adb.oraclecloud.com",
            "MEDIUM": "adb.ap-tokyo-1.oraclecloud.com:1522/gc2b829ae972ccc_taskautonomousdatabase_medium.adb.oraclecloud.com"
          },
          "dedicated": "",
          "high": "adb.ap-tokyo-1.oraclecloud.com:1522/gc2b829ae972ccc_taskautonomousdatabase_high.adb.oraclecloud.com",
          "low": "adb.ap-tokyo-1.oraclecloud.com:1522/gc2b829ae972ccc_taskautonomousdatabase_low.adb.oraclecloud.com",
          "medium": "adb.ap-tokyo-1.oraclecloud.com:1522/gc2b829ae972ccc_taskautonomousdatabase_medium.adb.oraclecloud.com",
          "profiles": [
            {
              "consumer_group": "HIGH",
              "display_name": "taskautonomousdatabase_high",
              "host_format": "FQDN",
              "is_regional": false,
              "protocol": "TCPS",
              "session_mode": "DIRECT",
              "syntax_format": "LONG",
              "tls_authentication": "SERVER",
              "value": "(description= (retry_count=20)(retry_delay=3)(address=(protocol=tcps)(port=1521)(host=adb.ap-tokyo-1.oraclecloud.com))(connect_data=(service_name=gc2b829ae972ccc_taskautonomousdatabase_high.adb.oraclecloud.com))(security=(ssl_server_dn_match=yes)))"
            },
            {
              "consumer_group": "LOW",
              "display_name": "taskautonomousdatabase_low",
              "host_format": "FQDN",
              "is_regional": false,
              "protocol": "TCPS",
              "session_mode": "DIRECT",
              "syntax_format": "LONG",
              "tls_authentication": "SERVER",
              "value": "(description= (retry_count=20)(retry_delay=3)(address=(protocol=tcps)(port=1521)(host=adb.ap-tokyo-1.oraclecloud.com))(connect_data=(service_name=gc2b829ae972ccc_taskautonomousdatabase_low.adb.oraclecloud.com))(security=(ssl_server_dn_match=yes)))"
            },
            {
              "consumer_group": "MEDIUM",
              "display_name": "taskautonomousdatabase_medium",
              "host_format": "FQDN",
              "is_regional": false,
              "protocol": "TCPS",
              "session_mode": "DIRECT",
              "syntax_format": "LONG",
              "tls_authentication": "SERVER",
              "value": "(description= (retry_count=20)(retry_delay=3)(address=(protocol=tcps)(port=1521)(host=adb.ap-tokyo-1.oraclecloud.com))(connect_data=(service_name=gc2b829ae972ccc_taskautonomousdatabase_medium.adb.oraclecloud.com))(security=(ssl_server_dn_match=yes)))"
            },
            {
              "consumer_group": "HIGH",
              "display_name": "taskautonomousdatabase_high",
              "host_format": "FQDN",
              "is_regional": false,
              "protocol": "TCPS",
              "session_mode": "DIRECT",
              "syntax_format": "LONG",
              "tls_authentication": "MUTUAL",
              "value": "(description= (retry_count=20)(retry_delay=3)(address=(protocol=tcps)(port=1522)(host=adb.ap-tokyo-1.oraclecloud.com))(connect_data=(service_name=gc2b829ae972ccc_taskautonomousdatabase_high.adb.oraclecloud.com))(security=(ssl_server_dn_match=yes)))"
            },
            {
              "consumer_group": "LOW",
              "display_name": "taskautonomousdatabase_low",
              "host_format": "FQDN",
              "is_regional": false,
              "protocol": "TCPS",
              "session_mode": "DIRECT",
              "syntax_format": "LONG",
              "tls_authentication": "MUTUAL",
              "value": "(description= (retry_count=20)(retry_delay=3)(address=(protocol=tcps)(port=1522)(host=adb.ap-tokyo-1.oraclecloud.com))(connect_data=(service_name=gc2b829ae972ccc_taskautonomousdatabase_low.adb.oraclecloud.com))(security=(ssl_server_dn_match=yes)))"
            },
            {
              "consumer_group": "MEDIUM",
              "display_name": "taskautonomousdatabase_medium",
              "host_format": "FQDN",
              "is_regional": false,
              "protocol": "TCPS",
              "session_mode": "DIRECT",
              "syntax_format": "LONG",
              "tls_authentication": "MUTUAL",
              "value": "(description= (retry_count=20)(retry_delay=3)(address=(protocol=tcps)(port=1522)(host=adb.ap-tokyo-1.oraclecloud.com))(connect_data=(service_name=gc2b829ae972ccc_taskautonomousdatabase_medium.adb.oraclecloud.com))(security=(ssl_server_dn_match=yes)))"
            }
          ]
        }
      ],
      "type": [
        "list",
        [
          "object",
          {
            "all_connection_strings": [
              "map",
              "string"
            ],
            "dedicated": "string",
            "high": "string",
            "low": "string",
            "medium": "string",
            "profiles": [
              "list",
              [
                "object",
                {
                  "consumer_group": "string",
                  "display_name": "string",
                  "host_format": "string",
                  "is_regional": "bool",
                  "protocol": "string",
                  "session_mode": "string",
                  "syntax_format": "string",
                  "tls_authentication": "string",
                  "value": "string"
                }
              ]
            ]
          }
        ]
      ]
    },
    "nat_gateway_nat_ip": {
      "value": "158.101.70.126",
      "type": "string"
    },
    "network_load_balancer_public_ip": {
      "value": "158.101.72.117",
      "type": "string"
    },
    "private_instance_private_ip": {
      "value": "10.1.1.111",
      "type": "string"
    },
    "public_instance_private_ip": {
      "value": "10.1.0.29",
      "type": "string"
    },
    "public_instance_public_ip": {
      "value": "168.138.211.186",
      "type": "string"
    },
    "public_instance_reserved_public_ip": {
      "value": "140.83.36.233",
      "type": "string"
    },
    "task_network_load_balancer_reserved_public_ip": {
      "value": "158.101.72.117",
      "type": "string"
    }
  },
  "resources": [
    {
      "mode": "data",
      "type": "oci_identity_availability_domains",
      "name": "ads",
      "provider": "provider[\"registry.terraform.io/hashicorp/oci\"]",
      "instances": [
        {
          "schema_version": 0,
          "attributes": {
            "availability_domains": [
              {
                "compartment_id": "ocid1.compartment.oc1..aaaaaaaadq3or6xtygxv2g7qn5sn6yl4nsqdg43svv57dpsply74jjtnjvaa",
                "id": "ocid1.availabilitydomain.oc1..aaaaaaaaaijs56nfsz2usbwsr6k6t5b3do7hns6ib2day6le5scrvvjpeceq",
                "name": "wtHk:AP-TOKYO-1-AD-1"
              }
            ],
            "compartment_id": "ocid1.compartment.oc1..aaaaaaaadq3or6xtygxv2g7qn5sn6yl4nsqdg43svv57dpsply74jjtnjvaa",
            "filter": null,
            "id": "IdentityAvailabilityDomainsDataSource-9372218"
          },
          "sensitive_attributes": []
        }
      ]
    },
    {
      "mode": "managed",
      "type": "oci_core_instance",
      "name": "private_instance",
      "provider": "provider[\"registry.terraform.io/hashicorp/oci\"]",
      "instances": [
        {
          "schema_version": 0,
          "attributes": {
            "agent_config": [
              {
                "are_all_plugins_disabled": false,
                "is_management_disabled": false,
                "is_monitoring_disabled": false,
                "plugins_config": []
              }
            ],
            "async": null,
            "availability_config": [
              {
                "is_live_migration_preferred": false,
                "recovery_action": "RESTORE_INSTANCE"
              }
            ],
            "availability_domain": "wtHk:AP-TOKYO-1-AD-1",
            "boot_volume_id": "ocid1.bootvolume.oc1.ap-tokyo-1.abxhiljr3qtpuc3beruvyyxbizbdztd2g5zey4bptlmj4nsec53rcojrn63q",
            "capacity_reservation_id": null,
            "cluster_placement_group_id": null,
            "compartment_id": "ocid1.compartment.oc1..aaaaaaaadq3or6xtygxv2g7qn5sn6yl4nsqdg43svv57dpsply74jjtnjvaa",
            "compute_cluster_id": null,
            "create_vnic_details": [
              {
                "assign_ipv6ip": false,
                "assign_private_dns_record": false,
                "assign_public_ip": "false",
                "defined_tags": {
                  "Oracle-Tags.CreatedBy": "default/doctorleilei@gmail.com",
                  "Oracle-Tags.CreatedOn": "2024-05-24T10:32:29.590Z"
                },
                "display_name": "private_instance",
                "freeform_tags": {},
                "hostname_label": "",
                "ipv6address_ipv6subnet_cidr_pair_details": [],
                "nsg_ids": [
                  "ocid1.networksecuritygroup.oc1.ap-tokyo-1.aaaaaaaammoi7bxm7t5ybeq67rcnd5mvsiw2fittk4vlukuuo52ylhtpc4la"
                ],
                "private_ip": "10.1.1.111",
                "skip_source_dest_check": false,
                "subnet_id": "ocid1.subnet.oc1.ap-tokyo-1.aaaaaaaanxlvahab4qn3ttcunqdggj24z7hbqre3762tinr3oq3isxumqhga",
                "vlan_id": ""
              }
            ],
            "dedicated_vm_host_id": null,
            "defined_tags": {
              "Oracle-Tags.CreatedBy": "default/doctorleilei@gmail.com",
              "Oracle-Tags.CreatedOn": "2024-05-24T10:32:29.432Z"
            },
            "display_name": "private_instance",
            "extended_metadata": {},
            "fault_domain": "FAULT-DOMAIN-1",
            "freeform_tags": {},
            "hostname_label": "",
            "id": "ocid1.instance.oc1.ap-tokyo-1.anxhiljr5x5wraqckadtbzaph5qzvnjk7uzxiihcfcu5tnmz5ycbnesyki6a",
            "image": "ocid1.image.oc1.ap-tokyo-1.aaaaaaaaongp2eu5zvioimbvbdh2h7leg7jdn4rmcv2lputdnpfikysou3dq",
            "instance_configuration_id": null,
            "instance_options": [
              {
                "are_legacy_imds_endpoints_disabled": false
              }
            ],
            "ipxe_script": null,
            "is_cross_numa_node": false,
            "is_pv_encryption_in_transit_enabled": null,
            "launch_mode": "PARAVIRTUALIZED",
            "launch_options": [
              {
                "boot_volume_type": "PARAVIRTUALIZED",
                "firmware": "UEFI_64",
                "is_consistent_volume_naming_enabled": true,
                "is_pv_encryption_in_transit_enabled": false,
                "network_type": "PARAVIRTUALIZED",
                "remote_data_volume_type": "PARAVIRTUALIZED"
              }
            ],
            "launch_volume_attachments": [],
            "metadata": {
              "ssh_authorized_keys": "ssh-rsa AAAAB3NzaC1yc2EAAAADAQABAAABgQC7ZJDCLwLqbDZetqylegwNLF0OueFDSoXZMLIjXNbIT5iSCNzDeC4hljvVj9pYpD/eRbopNQuR9T0iTvQA61TJx64ZySC1uEL20agrYGXmEZW0zBLzsMWMkzTFBkdhFTYbqGiW94VLwiS3G8jMR7Zwly9M60GlCLnYP0y2jtjwNgMGOUeYdwfyR0y0rnNhTOB6CDOmb/MP9SGyfdioHTdtZNcdQW0151HbCZnPrJCeQ/cvW42cnGQE6eMenVEmPW523KOuJHIUjz/2B953C0j+/wIQcH4pdf67RZED+5KqkW7cULi/p/jFlK4vYjBXZgfDTVpcDdObcS4LIljPT7UqkiV4R3AwbucnVtFSyZsQ6ERAlZEKurzaev2tW5lvg8wohKUNrQMmxsIlrQ//h6s9z0C7HwrMjyBnNCPypq5pIztVjv3xLqbCO1FmjGFXihTxXhZwynHA07s8NtcEAneCWyXTxS5bfgNLL242Mib1tw5Td44A1TbTUDJIGSd9uuc= docto@Kiseki\r\n",
              "user_data": "I2Nsb3VkLWNvbmZpZwp0aW1lem9uZTogQXNpYS9Ub2t5bwpsb2NhbGU6IGphX0pQLnV0ZjgKcGFja2FnZXM6CiAgLSBuZ2lueAogIC0gamF2YS0xMS1vcGVuamRrCiAgLSBzcWxjbAogIC0gZmlyZXdhbGxkCnJ1bmNtZDoKICAtIHN1ZG8gc3lzdGVtY3RsIGVuYWJsZSBuZ2lueAogIC0gc3VkbyBzeXN0ZW1jdGwgc3RhcnQgbmdpbngKICAtIHN1ZG8gZmlyZXdhbGwtb2ZmbGluZS1jbWQgLS1hZGQtcG9ydD04MC90Y3AKICAtIHN1ZG8gc3lzdGVtY3RsIGVuYWJsZSBmaXJld2FsbGQKICAtIHN1ZG8gc3lzdGVtY3RsIHN0YXJ0IGZpcmV3YWxsZAogIC0gc3VkbyBzeXN0ZW1jdGwgcmVzdGFydCBmaXJld2FsbGQK"
            },
            "platform_config": [],
            "preemptible_instance_config": [],
            "preserve_boot_volume": false,
            "preserve_data_volumes_created_at_launch": null,
            "private_ip": "10.1.1.111",
            "public_ip": "",
            "region": "ap-tokyo-1",
            "shape": "VM.Standard.A1.Flex",
            "shape_config": [
              {
                "baseline_ocpu_utilization": "",
                "gpu_description": "",
                "gpus": 0,
                "local_disk_description": "",
                "local_disks": 0,
                "local_disks_total_size_in_gbs": 0,
                "max_vnic_attachments": 2,
                "memory_in_gbs": 6,
                "networking_bandwidth_in_gbps": 1,
                "nvmes": 0,
                "ocpus": 1,
                "processor_description": "3.0 GHz Ampere® Altra™",
                "vcpus": 1
              }
            ],
            "source_details": [
              {
                "boot_volume_size_in_gbs": "47",
                "boot_volume_vpus_per_gb": "10",
                "instance_source_image_filter_details": [],
                "is_preserve_boot_volume_enabled": false,
                "kms_key_id": "",
                "source_id": "ocid1.image.oc1.ap-tokyo-1.aaaaaaaaongp2eu5zvioimbvbdh2h7leg7jdn4rmcv2lputdnpfikysou3dq",
                "source_type": "image"
              }
            ],
            "state": "RUNNING",
            "subnet_id": "ocid1.subnet.oc1.ap-tokyo-1.aaaaaaaanxlvahab4qn3ttcunqdggj24z7hbqre3762tinr3oq3isxumqhga",
            "system_tags": {},
            "time_created": "2024-05-24 10:32:30.186 +0000 UTC",
            "time_maintenance_reboot_due": "",
            "timeouts": null,
            "update_operation_constraint": null
          },
          "sensitive_attributes": [],
          "private": "eyJlMmJmYjczMC1lY2FhLTExZTYtOGY4OC0zNDM2M2JjN2M0YzAiOnsiY3JlYXRlIjoyNzAwMDAwMDAwMDAwLCJkZWxldGUiOjQ1MDAwMDAwMDAwMDAsInVwZGF0ZSI6MjcwMDAwMDAwMDAwMH19",
          "dependencies": [
            "data.oci_identity_availability_domains.ads",
            "oci_core_nat_gateway.task_nat_gateway",
            "oci_core_network_security_group.private_instance_network_security_group",
            "oci_core_route_table.private_route_table",
            "oci_core_security_list.private_security_list",
            "oci_core_subnet.private_subnet",
            "oci_core_vcn.tack_vcn",
            "oci_identity_compartment.task_compartment"
          ]
        }
      ]
    },
    {
      "mode": "managed",
      "type": "oci_core_instance",
      "name": "public_instance",
      "provider": "provider[\"registry.terraform.io/hashicorp/oci\"]",
      "instances": [
        {
          "schema_version": 0,
          "attributes": {
            "agent_config": [
              {
                "are_all_plugins_disabled": false,
                "is_management_disabled": false,
                "is_monitoring_disabled": false,
                "plugins_config": []
              }
            ],
            "async": null,
            "availability_config": [
              {
                "is_live_migration_preferred": false,
                "recovery_action": "RESTORE_INSTANCE"
              }
            ],
            "availability_domain": "wtHk:AP-TOKYO-1-AD-1",
            "boot_volume_id": "ocid1.bootvolume.oc1.ap-tokyo-1.abxhiljr3cvd26mx5l5tsxnsr5js6vehdy4zcbx2vgjgvdk3ehvbt33k3tsa",
            "capacity_reservation_id": null,
            "cluster_placement_group_id": null,
            "compartment_id": "ocid1.compartment.oc1..aaaaaaaadq3or6xtygxv2g7qn5sn6yl4nsqdg43svv57dpsply74jjtnjvaa",
            "compute_cluster_id": null,
            "create_vnic_details": [
              {
                "assign_ipv6ip": false,
                "assign_private_dns_record": false,
                "assign_public_ip": "true",
                "defined_tags": {
                  "Oracle-Tags.CreatedBy": "default/doctorleilei@gmail.com",
                  "Oracle-Tags.CreatedOn": "2024-05-24T17:26:25.358Z"
                },
                "display_name": "public_instance_vnic",
                "freeform_tags": {},
                "hostname_label": "",
                "ipv6address_ipv6subnet_cidr_pair_details": [],
                "nsg_ids": [
                  "ocid1.networksecuritygroup.oc1.ap-tokyo-1.aaaaaaaapvldae4n3mvdiyg6nsehoqgndbwijh6deghwoh3f3b3fylb5tusq"
                ],
                "private_ip": "10.1.0.29",
                "skip_source_dest_check": false,
                "subnet_id": "ocid1.subnet.oc1.ap-tokyo-1.aaaaaaaa5usuujfbp653nq6mtivotb6hoiocmyh3ri2jyfsxpvnu4e6mz5ka",
                "vlan_id": ""
              }
            ],
            "dedicated_vm_host_id": null,
            "defined_tags": {
              "Oracle-Tags.CreatedBy": "default/doctorleilei@gmail.com",
              "Oracle-Tags.CreatedOn": "2024-05-24T17:26:25.196Z"
            },
            "display_name": "public_instance",
            "extended_metadata": {},
            "fault_domain": "FAULT-DOMAIN-1",
            "freeform_tags": {},
            "hostname_label": "",
            "id": "ocid1.instance.oc1.ap-tokyo-1.anxhiljr5x5wraqczgmh2hro5ke32valbf4rnigc3sckq4wu4k6wwjqsrhpa",
            "image": "ocid1.image.oc1.ap-tokyo-1.aaaaaaaaongp2eu5zvioimbvbdh2h7leg7jdn4rmcv2lputdnpfikysou3dq",
            "instance_configuration_id": null,
            "instance_options": [
              {
                "are_legacy_imds_endpoints_disabled": false
              }
            ],
            "ipxe_script": null,
            "is_cross_numa_node": false,
            "is_pv_encryption_in_transit_enabled": null,
            "launch_mode": "PARAVIRTUALIZED",
            "launch_options": [
              {
                "boot_volume_type": "PARAVIRTUALIZED",
                "firmware": "UEFI_64",
                "is_consistent_volume_naming_enabled": true,
                "is_pv_encryption_in_transit_enabled": false,
                "network_type": "PARAVIRTUALIZED",
                "remote_data_volume_type": "PARAVIRTUALIZED"
              }
            ],
            "launch_volume_attachments": null,
            "metadata": {
              "ssh_authorized_keys": "ssh-rsa AAAAB3NzaC1yc2EAAAADAQABAAABgQC7ZJDCLwLqbDZetqylegwNLF0OueFDSoXZMLIjXNbIT5iSCNzDeC4hljvVj9pYpD/eRbopNQuR9T0iTvQA61TJx64ZySC1uEL20agrYGXmEZW0zBLzsMWMkzTFBkdhFTYbqGiW94VLwiS3G8jMR7Zwly9M60GlCLnYP0y2jtjwNgMGOUeYdwfyR0y0rnNhTOB6CDOmb/MP9SGyfdioHTdtZNcdQW0151HbCZnPrJCeQ/cvW42cnGQE6eMenVEmPW523KOuJHIUjz/2B953C0j+/wIQcH4pdf67RZED+5KqkW7cULi/p/jFlK4vYjBXZgfDTVpcDdObcS4LIljPT7UqkiV4R3AwbucnVtFSyZsQ6ERAlZEKurzaev2tW5lvg8wohKUNrQMmxsIlrQ//h6s9z0C7HwrMjyBnNCPypq5pIztVjv3xLqbCO1FmjGFXihTxXhZwynHA07s8NtcEAneCWyXTxS5bfgNLL242Mib1tw5Td44A1TbTUDJIGSd9uuc= docto@Kiseki\r\n",
              "user_data": "IyMgdGVtcGxhdGU6IGppbmphCiNjbG91ZC1jb25maWcKdGltZXpvbmU6IEFzaWEvVG9reW8KbG9jYWxlOiBqYV9KUC51dGY4CnBhY2thZ2VzOgogIC0gb3JhY2xlbGludXgtZGV2ZWxvcGVyLXJlbGVhc2UtZWw4CiAgLSBweXRob24zNi1vY2ktY2xpCiAgLSBqYXZhLTExLW9wZW5qZGsKICAtIHNxbGNsCndyaXRlX2ZpbGVzOgogIC0gY29udGVudDogfAogICAgICAwMCAqICogKiAqIG9jaSBkYiBhdXRvbm9tb3VzLWRhdGFiYXNlIHN0YXJ0IC0tYXV0b25vbW91cy1kYXRhYmFzZS1pZCBvY2lkMS5hdXRvbm9tb3VzZGF0YWJhc2Uub2MxLmFwLXRva3lvLTEuYW54aGlsanI1eDV3cmFxYW56MmRyaXdybGI0d3Yzcmx5bzZsaHlrNGN1aW9zcHNyM3l1dnpzdm0zZ2dxCiAgICAgIDQ1ICogKiAqICogb2NpIGRiIGF1dG9ub21vdXMtZGF0YWJhc2Ugc3RvcCAtLWF1dG9ub21vdXMtZGF0YWJhc2UtaWQgb2NpZDEuYXV0b25vbW91c2RhdGFiYXNlLm9jMS5hcC10b2t5by0xLmFueGhpbGpyNXg1d3JhcWFuejJkcml3cmxiNHd2M3JseW82bGh5azRjdWlvc3BzcjN5dXZ6c3ZtM2dncQogICAgICAqLzEgKiAqICogKiBvY2kgY29tcHV0ZSBpbnN0YW5jZSBhY3Rpb24gLS1hY3Rpb24gIlNUQVJUIiAtLWluc3RhbmNlLWlkIG9jaWQxLmluc3RhbmNlLm9jMS5hcC10b2t5by0xLmFueGhpbGpyNXg1d3JhcWNrYWR0YnphcGg1cXp2bmprN3V6eGlpaGNmY3U1dG5tejV5Y2JuZXN5a2k2YQogICAgICA0NSAqICogKiAqIG9jaSBjb21wdXRlIGluc3RhbmNlIGFjdGlvbiAtLWFjdGlvbiAiU09GVFNUT1AiIC0taW5zdGFuY2UtaWQgb2NpZDEuaW5zdGFuY2Uub2MxLmFwLXRva3lvLTEuYW54aGlsanI1eDV3cmFxY2thZHRiemFwaDVxenZuams3dXp4aWloY2ZjdTV0bm16NXljYm5lc3lraTZhCiAgICBwYXRoOiAvdmFyL3Nwb29sL2Nyb24vb3BjCiAgICBhcHBlbmQ6IHRydWUKICAtIGNvbnRlbnQ6ICJbREVGQVVMVF1cbnVzZXI9b2NpZDEudXNlci5vYzEuLmFhYWFhYWFhYmZoeWN2dXQyeXFncW1hbGR0aXFrMjNrdXJrZHVwNXFzNGtocWpqd3F0ZGEzY293bTQ0cVxuZmluZ2VycHJpbnQ9NTU6NGE6ZmY6NTA6ZWU6OWU6MWY6ODI6ZDU6ZDI6NWY6MTQ6NjA6Y2Y6NDY6ZDRcbmtleV9maWxlPS9ob21lL29wYy8ub2NpL29jaV9hcGlfa2V5LnBlbVxudGVuYW5jeT1vY2lkMS50ZW5hbmN5Lm9jMS4uYWFhYWFhYWFiZjNoeDVhNnVram0zdWtmemhkZHk3aGR6b2E2dDRtM3dzZmlrZmVwMjV2NmRicnd1eXlhXG5yZWdpb249YXAtdG9reW8tMVxuIgogICAgcGF0aDogL2hvbWUvb3BjLy5vY2kvY29uZmlnCiAgLSBjb250ZW50OiAiLS0tLS1CRUdJTiBQUklWQVRFIEtFWS0tLS0tXG5NSUlFdlFJQkFEQU5CZ2txaGtpRzl3MEJBUUVGQUFTQ0JLY3dnZ1NqQWdFQUFvSUJBUUM5ZXV2SytVbUtVSUhrXG5kQmNKT2t2eXZxWDN6Rk42Z2dubDYreFQrbmFIcWxpYllXMk1sWjlQVHhUY1NRM3kyK1dvL0plZHVSVytVRENaXG50L3grZGdoU3FnZ0VPelByWk5LQWNVQXRmdCsxM1dyenRBYXVzWnlLZXpFL3BoZ2NGaEprRGNselg0R3FHM1k1XG50b0lLK0ZhaVJGRklLQjRmS3hrZmZJdlY5QzJMWGhON016Vjd1aTRvblA4SlczUlo3eFNSekM1VEZmTUw3NTZnXG5OcG1vdWw1ZXU0MW8vaTAySXk4a1JJMFlVdkEwaTFYMjFJcmJtekJ2TTlENXZpa3hlaUREZXZCeWV5SkxQNk10XG44cDk1U3VFUmJlVVViVE1saWw2MGVlT1ZnWi9DN1NVSGhCVUNJMjlIVWNKTDRtcnYvY2xuUnVvMUwzNXBILzM4XG55YUo2dENHeEFnTUJBQUVDZ2dFQU9xbU55dDkzRnkxcHFaTVBkcm5udlpXc3lKVW4yeXZiYUtXc0d5dlYrcGFRXG5yRHB6c2l5NGo5TktBQkZXRWpSbVcvVW44NXJUMG9IOUtmbytYK0NuSHdDcFRyWU5rdms1K3E0VlVvQ1BQano0XG4yYzZJcXhrdC8rbTRDNTZlcEVOcEdqVHlnNWUwQ3poSldBRGJMZzVJdENBMmtnSnBvUGkwNUh5b3htcThsd0xXXG40SnFGNWtoYlh1NTVUQXRmVWZzdk5aWnBoSE91VlFxaFlwT2RGY0tZYzlwZ3dMeWdOdzZYM2h3MEhDUWUrdTFyXG5uRGcxYXB3dTJDSDdUN1oyeDVqZkJsWnM1RS9JL2NCMEhaVFU2Q0JncVNkUUpDQnVsMURCdXBzalcreE96UUlSXG42NVJMVXU3QXBVOFhlbXlIcmFQVE13N2hCb3FEN1hxeWYwYkgzSGExNlFLQmdRRGRtbzdPYkcyOTdkRk9mc2ZRXG4rKy8vblNSZndzeTg4Q2hyRTNjbG0yK0tMSmszV2pibVpnS3VaUnh1YnBndEQyaVJ6UUNnZ1ovZ2haL0JnT0tNXG5KUGdBSnQ1YkJoYnJHRlQ1K1dhTFE2eHppa3NOcVovQU91Z2REM201OTVhS2J3cDJkTnEyVzJQU21yRHMzSXJ4XG5keElIeTcyVjhnMm1jOFBsYUVvZCt4UUtBd0tCZ1FEYTQrNGhXbDNubndjSmo0b1ZHdjVWeGJtT3lUL2Rac2wzXG5rTks4aUR5bEJ4TUM3Q3BDRERseW9jaUh1OFRkOUtmeDhVNUJSY3lwUXl5YmpPdjc5QnlBZGZ3MGwwRnpxbWc2XG5RQjRndHFaZDNRaUgvTC9Xc2dSSEdtZHJ4RzREa2syOUQ4dDVqNGc2Zk5hU2k2RUgxMDJBcTBnU25FUE5ndmMxXG4yaHBXOWVQeE93S0JnQlpjWXk2WEtGZXk2SnpvRkJlVlpIbEJqUXNRcUFJa3BaOXdYbVJ3RThnNGlkbFpCQk1wXG5sZm10QURwd2RIQ1Bqbml2Mi9GV1F5Q3Z1eGdXZmtXdjhVcHFvYU5Ec1FwVjhUVXNJbG5KSVZ5alJzR0JMVHFEXG5keXAvaGtQcXBNa2hQVWdJc0kwWUdiR0ZwSGF5Smw4SktjdVpsbTdMOXU2bDNjMkhRWHRXKzRXckFvR0JBTE5iXG4wM09tL1kxZWhNQ3p5bnl5eXJienRyR21mRnRwN3ltM0ZNY0JoMWZlYlJpVzlhVjdLTk9pZDVPcEs0NkgrOW5IXG5WYzBzYWFCRWQ5Zlo2RUJpN2J2aGNkQ1NKRUtuM3BIa21ndEtQeFpvbUtYOVdDQ1BhK3ZyV2RVM2RzSWNidkM5XG5jWWhoTVVwam90c2Y2TXBwQkl1clRmcFo2MEVKMEpGaTd2UlV0ZnVqQW9HQUNxWXo5dWZTVElpOGMxcXRoT0RjXG5maTVwK3AwN0pMMUVvM2dHU1hNK1J0SGM0cEpkVmF4dTRlVlF2Ni9oMTJKMzYrc3dvRjdaVjdjYlBjSlpEQWhjXG4ycGkrR2kxMWVqb3JkTk1FS1pCVlhMZzhUcG1Ma2RqOEhWNzhnQjlESm5JSmF5V1RRaUJad0J0RGh1Y1lKSjc4XG5KeW1VMDZFYVFIWnR0ajZXTnR3MHVaaz1cbi0tLS0tRU5EIFBSSVZBVEUgS0VZLS0tLS1cbiIKICAgIHBhdGg6IC9ob21lL29wYy8ub2NpL29jaV9hcGlfa2V5LnBlbQogIC0gY29udGVudDogIltERUZBVUxUXVxudXNlcj1vY2lkMS51c2VyLm9jMS4uYWFhYWFhYWFiZmh5Y3Z1dDJ5cWdxbWFsZHRpcWsyM2t1cmtkdXA1cXM0a2hxamp3cXRkYTNjb3dtNDRxXG5maW5nZXJwcmludD01NTo0YTpmZjo1MDplZTo5ZToxZjo4MjpkNTpkMjo1ZjoxNDo2MDpjZjo0NjpkNFxua2V5X2ZpbGU9L2hvbWUvb3BjLy5vY2kvb2NpX2FwaV9rZXkucGVtXG50ZW5hbmN5PW9jaWQxLnRlbmFuY3kub2MxLi5hYWFhYWFhYWJmM2h4NWE2dWtqbTN1a2Z6aGRkeTdoZHpvYTZ0NG0zd3NmaWtmZXAyNXY2ZGJyd3V5eWFcbnJlZ2lvbj1hcC10b2t5by0xXG4iCiAgICBwYXRoOiAvcm9vdC8ub2NpL2NvbmZpZwogIC0gY29udGVudDogIi0tLS0tQkVHSU4gUFJJVkFURSBLRVktLS0tLVxuTUlJRXZRSUJBREFOQmdrcWhraUc5dzBCQVFFRkFBU0NCS2N3Z2dTakFnRUFBb0lCQVFDOWV1dksrVW1LVUlIa1xuZEJjSk9rdnl2cVgzekZONmdnbmw2K3hUK25hSHFsaWJZVzJNbFo5UFR4VGNTUTN5MitXby9KZWR1UlcrVURDWlxudC94K2RnaFNxZ2dFT3pQclpOS0FjVUF0ZnQrMTNXcnp0QWF1c1p5S2V6RS9waGdjRmhKa0RjbHpYNEdxRzNZNVxudG9JSytGYWlSRkZJS0I0Zkt4a2ZmSXZWOUMyTFhoTjdNelY3dWk0b25QOEpXM1JaN3hTUnpDNVRGZk1MNzU2Z1xuTnBtb3VsNWV1NDFvL2kwMkl5OGtSSTBZVXZBMGkxWDIxSXJibXpCdk05RDV2aWt4ZWlERGV2QnlleUpMUDZNdFxuOHA5NVN1RVJiZVVVYlRNbGlsNjBlZU9WZ1ovQzdTVUhoQlVDSTI5SFVjSkw0bXJ2L2NsblJ1bzFMMzVwSC8zOFxueWFKNnRDR3hBZ01CQUFFQ2dnRUFPcW1OeXQ5M0Z5MXBxWk1QZHJubnZaV3N5SlVuMnl2YmFLV3NHeXZWK3BhUVxuckRwenNpeTRqOU5LQUJGV0VqUm1XL1VuODVyVDBvSDlLZm8rWCtDbkh3Q3BUcllOa3ZrNStxNFZVb0NQUGp6NFxuMmM2SXF4a3QvK200QzU2ZXBFTnBHalR5ZzVlMEN6aEpXQURiTGc1SXRDQTJrZ0pwb1BpMDVIeW94bXE4bHdMV1xuNEpxRjVraGJYdTU1VEF0ZlVmc3ZOWlpwaEhPdVZRcWhZcE9kRmNLWWM5cGd3THlnTnc2WDNodzBIQ1FlK3UxclxubkRnMWFwd3UyQ0g3VDdaMng1amZCbFpzNUUvSS9jQjBIWlRVNkNCZ3FTZFFKQ0J1bDFEQnVwc2pXK3hPelFJUlxuNjVSTFV1N0FwVThYZW15SHJhUFRNdzdoQm9xRDdYcXlmMGJIM0hhMTZRS0JnUURkbW83T2JHMjk3ZEZPZnNmUVxuKysvL25TUmZ3c3k4OENockUzY2xtMitLTEprM1dqYm1aZ0t1WlJ4dWJwZ3REMmlSelFDZ2daL2doWi9CZ09LTVxuSlBnQUp0NWJCaGJyR0ZUNStXYUxRNnh6aWtzTnFaL0FPdWdkRDNtNTk1YUtid3AyZE5xMlcyUFNtckRzM0lyeFxuZHhJSHk3MlY4ZzJtYzhQbGFFb2QreFFLQXdLQmdRRGE0KzRoV2wzbm53Y0pqNG9WR3Y1VnhibU95VC9kWnNsM1xua05LOGlEeWxCeE1DN0NwQ0REbHlvY2lIdThUZDlLZng4VTVCUmN5cFF5eWJqT3Y3OUJ5QWRmdzBsMEZ6cW1nNlxuUUI0Z3RxWmQzUWlIL0wvV3NnUkhHbWRyeEc0RGtrMjlEOHQ1ajRnNmZOYVNpNkVIMTAyQXEwZ1NuRVBOZ3ZjMVxuMmhwVzllUHhPd0tCZ0JaY1l5NlhLRmV5Nkp6b0ZCZVZaSGxCalFzUXFBSWtwWjl3WG1Sd0U4ZzRpZGxaQkJNcFxubGZtdEFEcHdkSENQam5pdjIvRldReUN2dXhnV2ZrV3Y4VXBxb2FORHNRcFY4VFVzSWxuSklWeWpSc0dCTFRxRFxuZHlwL2hrUHFwTWtoUFVnSXNJMFlHYkdGcEhheUpsOEpLY3VabG03TDl1NmwzYzJIUVh0Vys0V3JBb0dCQUxOYlxuMDNPbS9ZMWVoTUN6eW55eXlyYnp0ckdtZkZ0cDd5bTNGTWNCaDFmZWJSaVc5YVY3S05PaWQ1T3BLNDZIKzluSFxuVmMwc2FhQkVkOWZaNkVCaTdidmhjZENTSkVLbjNwSGttZ3RLUHhab21LWDlXQ0NQYSt2cldkVTNkc0ljYnZDOVxuY1loaE1VcGpvdHNmNk1wcEJJdXJUZnBaNjBFSjBKRmk3dlJVdGZ1akFvR0FDcVl6OXVmU1RJaThjMXF0aE9EY1xuZmk1cCtwMDdKTDFFbzNnR1NYTStSdEhjNHBKZFZheHU0ZVZRdjYvaDEySjM2K3N3b0Y3WlY3Y2JQY0paREFoY1xuMnBpK0dpMTFlam9yZE5NRUtaQlZYTGc4VHBtTGtkajhIVjc4Z0I5REpuSUpheVdUUWlCWndCdERodWNZSko3OFxuSnltVTA2RWFRSFp0dGo2V050dzB1Wms9XG4tLS0tLUVORCBQUklWQVRFIEtFWS0tLS0tXG4iCiAgICBwYXRoOiAvcm9vdC8ub2NpL29jaV9hcGlfa2V5LnBlbQogIC0gY29udGVudDogIi0tLS0tQkVHSU4gT1BFTlNTSCBQUklWQVRFIEtFWS0tLS0tXG5iM0JsYm5OemFDMXJaWGt0ZGpFQUFBQUFCRzV2Ym1VQUFBQUVibTl1WlFBQUFBQUFBQUFCQUFBQmx3QUFBQWR6YzJndGNuXG5OaEFBQUFBd0VBQVFBQUFZRUF1MlNRd2k4QzZtdzJYcmFzcFhvTURTeGREcm5oUTBxRjJUQ3lJMXpXeUUrWWtnamN3M2d1XG5JWlk3MVkvYVdLUS8za1c2S1RVTGtmVTlJazcwQU90VXljZXVHY2tndGJoQzl0R29LMkJsNWhHVnRNd1M4N0RGakpNMHhRXG5aSFlSVTJHNmhvbHZlRlM4SWt0eHZJekVlMmNKY3ZUT3RCcFFpNTJEOU10bzdZOERZREJqbEhtSGNIOGtkTXRLNXpZVXpnXG5lZ2d6cG0vekQvVWhzbjNZcUIwM2JXVFhIVUZ0TmVkUjJ3bVp6NnlRbmtQM0wxdU5uSnhrQk9uakhwMVJKajF1ZHR5anJpXG5SeUZJOC85Z2ZlZHd0SS92OENFSEIrS1hYK3UwV1JBL3VTcXBGdTNGQzR2NmY0eFpTdUwySXdWMllIdzAxYVhBM1RtM0V1XG5DeUpZejArMUtwSWxlRWR3TUc3bkoxYlJVc21iRU9oRVFKV1JDcnE4Mm5yOXJWdVpiNFBNS0lTbERhMERKc2JDSmEwUC80XG5lclBjOUF1eDhLekk4Z1p6UWo4cWF1YVNNN1ZZNzk4UzZtd2p0UlpveGhWNG9VOFY0V2NNcHh3Tk83UERiWEJBSjNnbHNsXG4wOFV1VzM0RFN5OXVOakltOWJjT1UzZU9BTlUyMDFBeVNCa25mYnJuQUFBRmlPdmdTSW5yNEVpSkFBQUFCM056YUMxeWMyXG5FQUFBR0JBTHRra01JdkF1cHNObDYycktWNkRBMHNYUTY1NFVOS2hka3dzaU5jMXNoUG1KSUkzTU40TGlHV085V1AybGlrXG5QOTVGdWlrMUM1SDFQU0pPOUFEclZNbkhyaG5KSUxXNFF2YlJxQ3RnWmVZUmxiVE1Fdk93eFl5VE5NVUdSMkVWTmh1b2FKXG5iM2hVdkNKTGNieU14SHRuQ1hMMHpyUWFVSXVkZy9UTGFPMlBBMkF3WTVSNWgzQi9KSFRMU3VjMkZNNEhvSU02WnY4dy8xXG5JYko5MktnZE4yMWsxeDFCYlRYblVkc0ptYytza0o1RDl5OWJqWnljWkFUcDR4NmRVU1k5Ym5iY282NGtjaFNQUC9ZSDNuXG5jTFNQNy9BaEJ3ZmlsMS9ydEZrUVA3a3FxUmJ0eFF1TCtuK01XVXJpOWlNRmRtQjhOTldsd04wNXR4TGdzaVdNOVB0U3FTXG5KWGhIY0RCdTV5ZFcwVkxKbXhEb1JFQ1ZrUXE2dk5wNi9hMWJtVytEekNpRXBRMnRBeWJHd2lXdEQvK0hxejNQUUxzZkNzXG55UElHYzBJL0ttcm1rak8xV08vZkV1cHNJN1VXYU1ZVmVLRlBGZUZuREtjY0RUdXp3MjF3UUNkNEpiSmRQRkxsdCtBMHN2XG5iall5SnZXM0RsTjNqZ0RWTnROUU1rZ1pKMzI2NXdBQUFBTUJBQUVBQUFHQVhHNWdVTWZyZ2tIYUY2RzNTdkFHWGNFU0xaXG45V0UyRUE0SDU2ZjZMZGRuUjhaeHZqK0s2ZzRvUStBenN2a2lXQ00xcmxWa29KNlBhMEx1WU95UjFLOXpSOUZjNzFTVzBYXG42ckxEWnBIbjhUR2ZURXlVMUlyUEJtWGQwNGtqVUNtc1JMd3V5cmhRa1d1enZIWUI5M0V2OWgwOGdZNVJGTnhXL3VsS0o0XG5vU1MzbjR4K3NjKzRGSzlDQmpINFFrK1V0NE5ma3hzTmpyWldXZU4zS0htWFMvMEQrN00zMEFKMlJ3SmNCNGs4MGtrRXdwXG44cndQLzczTVAvZzF4UFlIL3ZxeFZxbE9hemJySmRCbGp5ZlBNaVRVTU1oUjVTQ1F1RDkyVXJnZU5PRHlVdEF4Z1NrQWJWXG5MMXVMVThGOUJoclFicmN4anFNdnZyMW05amhCY3dOWm1lSjA0bUFtWG1USktMZEFIelpHRHNzUllFc3piMTRwYk0rVWFDXG5namVINlJITzkvTk43Y0Y1TW9JSU8wRGc2NjNpMFl1K2NnYy81U3RPTWdycm9VV20rZjdLN21VMXBWWjhrako3VTNpNk1EXG44Y3JkUms2TlgrMm11TjRZaWFiMXNSdXRZbU9tc3dPRVF2eENvUjdPM05YOXpOS1pmWUtCdDR4U21GTU1QVHJ4ZkJBQUFBXG53QkJOdFBlWjVzWjJpTTNsOWhTV0xwQTJDODdCUDl5blV5ekJzYTZ4Um8vazZUWWdCN1F6WmtUZ3FrWUNTSDhXS0lsT29YXG52dGhaWlZBSjFyQU0xK3pWZWNvTlpvVHhmRTBIdnBxbG0wUXMvOVplVFlHQmppcTBKeWc4c0piTGl6a29taEFHNlNhV3cyXG4zSDF5R25HTEhOaTZFZ1VWZXpVbTdrUWw4alo4US9qRjhXTVpaT0RaWVFMQ2Zwa21ZMWtvc3k4OSsvNTJXNFR0QitBRHNOXG5SRjkraHlpU2o0MlRsL2NEYnRkcDUxUjV1WFlEem8xd2NheUdsa25ldGNWSHRTbEFBQUFNRUE5RGFuMjJnV3BnNzdYYnVkXG56TGIwQWRhdTRXTjh2NlFKeXI0enROSDFuaTZBQ1dkcGF1QVJPdnhJS3RMWlZWc0pOc0FpSDBoWmlDSmlkRlJ2dHdEWW9aXG5hOTlqRWM1Qk8xRjNWczNQSjBXNGx3bmdHZGQ3cDRGTzBqTkx5cUk5Tml1djl2bzYraUVLQngwanJBSGxoeXZESXYyaXdxXG4ra2g2aFRWcWlwL2d5czhxeGRQNUdZWDlpRW5pNnR1ZHM4RkdlUnUxbVFLU3B5UVpTRjNOSnlveHNRSDdOTWlWcXR6Q0VVXG45RkpJTGRLMTl4NjJmeG4wcjVabExSeUZUOXRSUHhBQUFBd1FERWI5N05lNHJrN2lFM0Jad0Y1SFlEK3R6WGdjajVUUXphXG52MFIvZmpLNXVIRjNWQXkrTVNETSs3dHRaR08zR3dqOGowUzRFd1F2Z2JlR2tHd3JXUFBmdWxnNE0xNHhCeVBCWDMwV09GXG5RaU5UeHlDUUdVUTBEME9BYUhUWTRHbW1saDJGaTkzRENTcWREeEFDVk5DZ3NpRWdTL2hBazhjdC9makFvS0U5SVNhV0JNXG5zMFlEbkNwQ0k2REZiMDVJbDAydHBKSndsYmFFdUd1eVVjcm5oaVFJNFNvY0ZiNC9hWHlXSnlIM0tEclBTRkdNeUdiOVJMXG51bm16VE1TbUJYTkZjQUFBQU1aRzlqZEc5QVMybHpaV3RwQVFJREJBVUdCdz09XG4tLS0tLUVORCBPUEVOU1NIIFBSSVZBVEUgS0VZLS0tLS1cbiIKICAgIHBhdGg6IC9ob21lL29wYy8uc3NoL2lkX3JzYQpydW5jbWQ6CiAgLSAib2NpIGNvbXB1dGUgaW5zdGFuY2UgYXR0YWNoLXZuaWMgLS1pbnN0YW5jZS1pZCB7eyB2MS5pbnN0YW5jZV9pZCB9fSAtLXN1Ym5ldC1pZCBvY2lkMS5zdWJuZXQub2MxLmFwLXRva3lvLTEuYWFhYWFhYWFueGx2YWhhYjRxbjN0dGN1bnFkZ2dqMjR6N2hicXJlMzc2MnRpbnIzb3EzaXN4dW1xaGdhIC0tbnNnLWlkcyAnW1wib2NpZDEubmV0d29ya3NlY3VyaXR5Z3JvdXAub2MxLmFwLXRva3lvLTEuYWFhYWFhYWFtbW9pN2J4bTd0NXliZXE2N3JjbmQ1bXZzaXcyZml0dGs0dmx1a3V1bzUyeWxodHBjNGxhXCJdJyAtLXdhaXQiCiAgLSAicHJpbWFyeXZuaWNpZD0kKGN1cmwgLUggJ0F1dGhvcml6YXRpb246IEJlYXJlciBPcmFjbGUnIGh0dHA6Ly8xNjkuMjU0LjE2OS4yNTQvb3BjL3YxL3ZuaWNzLyB8IGpxIC1yICcuWzBdLnZuaWNJZCcpIgogIC0gInNlY29uZGFyeXZuaWNpZD0kKGN1cmwgLUggJ0F1dGhvcml6YXRpb246IEJlYXJlciBPcmFjbGUnIGh0dHA6Ly8xNjkuMjU0LjE2OS4yNTQvb3BjL3YxL3ZuaWNzLyB8IGpxIC1yICcuWzFdLnZuaWNJZCcpIgogIC0gInByaXZhdGVJcElkPSQob2NpIG5ldHdvcmsgcHJpdmF0ZS1pcCBsaXN0IC0tdm5pYy1pZCAkcHJpbWFyeXZuaWNpZCB8IGpxIC1yICcuZGF0YVtdLmlkJykiCiAgLSAicHVibGljSXBJZD0kKG9jaSBuZXR3b3JrIHB1YmxpYy1pcCBnZXQgLS1wcml2YXRlLWlwLWlkICRwcml2YXRlSXBJZCB8IGpxIC1yICcuZGF0YS5pZCcpIgogIC0gInByaXZhdGVSb3V0ZXJJcD0kKGN1cmwgLUggJ0F1dGhvcml6YXRpb246IEJlYXJlciBPcmFjbGUnIGh0dHA6Ly8xNjkuMjU0LjE2OS4yNTQvb3BjL3YxL3ZuaWNzLyB8IGpxIC1yICcuWzFdLnZpcnR1YWxSb3V0ZXJJcCcpIgogIC0gaXAgcm91dGUKICAtIG9jaS1uZXR3b3JrLWNvbmZpZyBjb25maWd1cmUKICAtIGlwIHJvdXRlCiAgLSByb3V0ZSBhZGQgZGVmYXVsdCBndyAkcHJpdmF0ZVJvdXRlcklwCiAgLSBpcCByb3V0ZQogIC0gb2NpIG5ldHdvcmsgcHVibGljLWlwIGRlbGV0ZSAtLXB1YmxpYy1pcC1pZCAkcHVibGljSXBJZCAtLWZvcmNlIC0td2FpdC1mb3Itc3RhdGUgVU5BU1NJR05FRAogIC0gb2NpIG5ldHdvcmsgcHVibGljLWlwIHVwZGF0ZSAtLXB1YmxpYy1pcC1pZCBvY2lkMS5wdWJsaWNpcC5vYzEuYXAtdG9reW8tMS5hbWFhYWFhYTV4NXdyYXFhaW8ydjVwaDJ4ZWg3N2NwYTNjMzZva2FjaHZtdzVtNTJ5Y3NrZnJxcHg3cnEgLS1wcml2YXRlLWlwLWlkICRwcml2YXRlSXBJZAogIC0gb2NpIGNvbXB1dGUgaW5zdGFuY2UgZGV0YWNoLXZuaWMgLS1jb21wYXJ0bWVudC1pZCB7eyBkcy5jb21wYXJ0bWVudElkIH19IC0tdm5pYy1pZCAkc2Vjb25kYXJ5dm5pY2lkIC0tZm9yY2UK"
            },
            "platform_config": [],
            "preemptible_instance_config": [],
            "preserve_boot_volume": false,
            "preserve_data_volumes_created_at_launch": null,
            "private_ip": "10.1.0.29",
            "public_ip": "168.138.211.186",
            "region": "ap-tokyo-1",
            "shape": "VM.Standard.A1.Flex",
            "shape_config": [
              {
                "baseline_ocpu_utilization": "",
                "gpu_description": "",
                "gpus": 0,
                "local_disk_description": "",
                "local_disks": 0,
                "local_disks_total_size_in_gbs": 0,
                "max_vnic_attachments": 2,
                "memory_in_gbs": 6,
                "networking_bandwidth_in_gbps": 1,
                "nvmes": 0,
                "ocpus": 1,
                "processor_description": "3.0 GHz Ampere® Altra™",
                "vcpus": 1
              }
            ],
            "source_details": [
              {
                "boot_volume_size_in_gbs": "47",
                "boot_volume_vpus_per_gb": "10",
                "instance_source_image_filter_details": [],
                "is_preserve_boot_volume_enabled": false,
                "kms_key_id": "",
                "source_id": "ocid1.image.oc1.ap-tokyo-1.aaaaaaaaongp2eu5zvioimbvbdh2h7leg7jdn4rmcv2lputdnpfikysou3dq",
                "source_type": "image"
              }
            ],
            "state": "RUNNING",
            "subnet_id": "ocid1.subnet.oc1.ap-tokyo-1.aaaaaaaa5usuujfbp653nq6mtivotb6hoiocmyh3ri2jyfsxpvnu4e6mz5ka",
            "system_tags": {},
            "time_created": "2024-05-24 17:26:26.241 +0000 UTC",
            "time_maintenance_reboot_due": "",
            "timeouts": null,
            "update_operation_constraint": null
          },
          "sensitive_attributes": [],
          "private": "eyJlMmJmYjczMC1lY2FhLTExZTYtOGY4OC0zNDM2M2JjN2M0YzAiOnsiY3JlYXRlIjoyNzAwMDAwMDAwMDAwLCJkZWxldGUiOjQ1MDAwMDAwMDAwMDAsInVwZGF0ZSI6MjcwMDAwMDAwMDAwMH19",
          "dependencies": [
            "data.oci_identity_availability_domains.ads",
            "oci_core_instance.private_instance",
            "oci_core_internet_gateway.task_internet_gateway",
            "oci_core_nat_gateway.task_nat_gateway",
            "oci_core_network_security_group.private_instance_network_security_group",
            "oci_core_network_security_group.public_instance_network_security_group",
            "oci_core_public_ip.public_instance_reserved_public_ip",
            "oci_core_route_table.private_route_table",
            "oci_core_route_table.public_route_table",
            "oci_core_security_list.private_security_list",
            "oci_core_security_list.public_security_list",
            "oci_core_subnet.private_subnet",
            "oci_core_subnet.public_subnet",
            "oci_core_vcn.tack_vcn",
            "oci_database_autonomous_database.task_autonomous_database",
            "oci_identity_compartment.task_compartment"
          ]
        }
      ]
    },
    {
      "mode": "managed",
      "type": "oci_core_internet_gateway",
      "name": "task_internet_gateway",
      "provider": "provider[\"registry.terraform.io/hashicorp/oci\"]",
      "instances": [
        {
          "schema_version": 0,
          "attributes": {
            "compartment_id": "ocid1.compartment.oc1..aaaaaaaadq3or6xtygxv2g7qn5sn6yl4nsqdg43svv57dpsply74jjtnjvaa",
            "defined_tags": {
              "Oracle-Tags.CreatedBy": "default/doctorleilei@gmail.com",
              "Oracle-Tags.CreatedOn": "2024-05-21T16:43:49.076Z"
            },
            "display_name": "task_internet_gateway",
            "enabled": true,
            "freeform_tags": {},
            "id": "ocid1.internetgateway.oc1.ap-tokyo-1.aaaaaaaax3b55gbfxmwvl5lxi5y7hybejiflmq7lhvtonmdjxoragyxolrxq",
            "route_table_id": null,
            "state": "AVAILABLE",
            "time_created": "2024-05-21 16:43:49.126 +0000 UTC",
            "timeouts": null,
            "vcn_id": "ocid1.vcn.oc1.ap-tokyo-1.amaaaaaa5x5wraqaamrnaxia7gqpkdeo2nlrc3k2s2yqq3dvg3rs2mo5uz3a"
          },
          "sensitive_attributes": [],
          "private": "eyJlMmJmYjczMC1lY2FhLTExZTYtOGY4OC0zNDM2M2JjN2M0YzAiOnsiY3JlYXRlIjoxMjAwMDAwMDAwMDAwLCJkZWxldGUiOjEyMDAwMDAwMDAwMDAsInVwZGF0ZSI6MTIwMDAwMDAwMDAwMH19",
          "dependencies": [
            "oci_core_vcn.tack_vcn",
            "oci_identity_compartment.task_compartment"
          ]
        }
      ]
    },
    {
      "mode": "managed",
      "type": "oci_core_nat_gateway",
      "name": "task_nat_gateway",
      "provider": "provider[\"registry.terraform.io/hashicorp/oci\"]",
      "instances": [
        {
          "schema_version": 0,
          "attributes": {
            "block_traffic": false,
            "compartment_id": "ocid1.compartment.oc1..aaaaaaaadq3or6xtygxv2g7qn5sn6yl4nsqdg43svv57dpsply74jjtnjvaa",
            "defined_tags": {
              "Oracle-Tags.CreatedBy": "default/doctorleilei@gmail.com",
              "Oracle-Tags.CreatedOn": "2024-05-21T16:43:49.112Z"
            },
            "display_name": "task_nat_gateway",
            "freeform_tags": {},
            "id": "ocid1.natgateway.oc1.ap-tokyo-1.aaaaaaaan7i5jj6m7iaggem5ps673urnastaxllhylywxqxkxuvmhbim2wnq",
            "nat_ip": "158.101.70.126",
            "public_ip_id": "ocid1.publicip.oc1.ap-tokyo-1.aaaaaaaahgtqjxqc65hhwve6eyto2yts6bgy7h77cub3uwzowguafiz5orhq",
            "route_table_id": null,
            "state": "AVAILABLE",
            "time_created": "2024-05-21 16:43:49.307 +0000 UTC",
            "timeouts": null,
            "vcn_id": "ocid1.vcn.oc1.ap-tokyo-1.amaaaaaa5x5wraqaamrnaxia7gqpkdeo2nlrc3k2s2yqq3dvg3rs2mo5uz3a"
          },
          "sensitive_attributes": [],
          "private": "eyJlMmJmYjczMC1lY2FhLTExZTYtOGY4OC0zNDM2M2JjN2M0YzAiOnsiY3JlYXRlIjoxMjAwMDAwMDAwMDAwLCJkZWxldGUiOjEyMDAwMDAwMDAwMDAsInVwZGF0ZSI6MTIwMDAwMDAwMDAwMH19",
          "dependencies": [
            "oci_core_vcn.tack_vcn",
            "oci_identity_compartment.task_compartment"
          ]
        }
      ]
    },
    {
      "mode": "managed",
      "type": "oci_core_network_security_group",
      "name": "private_instance_network_security_group",
      "provider": "provider[\"registry.terraform.io/hashicorp/oci\"]",
      "instances": [
        {
          "schema_version": 0,
          "attributes": {
            "compartment_id": "ocid1.compartment.oc1..aaaaaaaadq3or6xtygxv2g7qn5sn6yl4nsqdg43svv57dpsply74jjtnjvaa",
            "defined_tags": {
              "Oracle-Tags.CreatedBy": "default/doctorleilei@gmail.com",
              "Oracle-Tags.CreatedOn": "2024-05-24T10:32:28.799Z"
            },
            "display_name": "private_instance_network_security_group",
            "freeform_tags": {},
            "id": "ocid1.networksecuritygroup.oc1.ap-tokyo-1.aaaaaaaammoi7bxm7t5ybeq67rcnd5mvsiw2fittk4vlukuuo52ylhtpc4la",
            "state": "AVAILABLE",
            "time_created": "2024-05-24 10:32:28.874 +0000 UTC",
            "timeouts": null,
            "vcn_id": "ocid1.vcn.oc1.ap-tokyo-1.amaaaaaa5x5wraqaamrnaxia7gqpkdeo2nlrc3k2s2yqq3dvg3rs2mo5uz3a"
          },
          "sensitive_attributes": [],
          "private": "eyJlMmJmYjczMC1lY2FhLTExZTYtOGY4OC0zNDM2M2JjN2M0YzAiOnsiY3JlYXRlIjoxMjAwMDAwMDAwMDAwLCJkZWxldGUiOjEyMDAwMDAwMDAwMDAsInVwZGF0ZSI6MTIwMDAwMDAwMDAwMH19",
          "dependencies": [
            "oci_core_vcn.tack_vcn",
            "oci_identity_compartment.task_compartment"
          ]
        }
      ]
    },
    {
      "mode": "managed",
      "type": "oci_core_network_security_group",
      "name": "public_instance_network_security_group",
      "provider": "provider[\"registry.terraform.io/hashicorp/oci\"]",
      "instances": [
        {
          "schema_version": 0,
          "attributes": {
            "compartment_id": "ocid1.compartment.oc1..aaaaaaaadq3or6xtygxv2g7qn5sn6yl4nsqdg43svv57dpsply74jjtnjvaa",
            "defined_tags": {
              "Oracle-Tags.CreatedBy": "default/doctorleilei@gmail.com",
              "Oracle-Tags.CreatedOn": "2024-05-24T10:31:25.231Z"
            },
            "display_name": "public_instance_network_security_group",
            "freeform_tags": {},
            "id": "ocid1.networksecuritygroup.oc1.ap-tokyo-1.aaaaaaaapvldae4n3mvdiyg6nsehoqgndbwijh6deghwoh3f3b3fylb5tusq",
            "state": "AVAILABLE",
            "time_created": "2024-05-24 10:31:25.332 +0000 UTC",
            "timeouts": null,
            "vcn_id": "ocid1.vcn.oc1.ap-tokyo-1.amaaaaaa5x5wraqaamrnaxia7gqpkdeo2nlrc3k2s2yqq3dvg3rs2mo5uz3a"
          },
          "sensitive_attributes": [],
          "private": "eyJlMmJmYjczMC1lY2FhLTExZTYtOGY4OC0zNDM2M2JjN2M0YzAiOnsiY3JlYXRlIjoxMjAwMDAwMDAwMDAwLCJkZWxldGUiOjEyMDAwMDAwMDAwMDAsInVwZGF0ZSI6MTIwMDAwMDAwMDAwMH19",
          "dependencies": [
            "oci_core_vcn.tack_vcn",
            "oci_identity_compartment.task_compartment"
          ]
        }
      ]
    },
    {
      "mode": "managed",
      "type": "oci_core_network_security_group",
      "name": "task_network_load_balancer_network_security_group",
      "provider": "provider[\"registry.terraform.io/hashicorp/oci\"]",
      "instances": [
        {
          "schema_version": 0,
          "attributes": {
            "compartment_id": "ocid1.compartment.oc1..aaaaaaaadq3or6xtygxv2g7qn5sn6yl4nsqdg43svv57dpsply74jjtnjvaa",
            "defined_tags": {
              "Oracle-Tags.CreatedBy": "default/doctorleilei@gmail.com",
              "Oracle-Tags.CreatedOn": "2024-05-24T10:32:28.801Z"
            },
            "display_name": "task_network_load_balancer_network_security_group",
            "freeform_tags": {},
            "id": "ocid1.networksecuritygroup.oc1.ap-tokyo-1.aaaaaaaaajpbsipf262z5y5rsyp4noeoggyyxtasarxbncgr4izjjtwedtzq",
            "state": "AVAILABLE",
            "time_created": "2024-05-24 10:32:28.888 +0000 UTC",
            "timeouts": null,
            "vcn_id": "ocid1.vcn.oc1.ap-tokyo-1.amaaaaaa5x5wraqaamrnaxia7gqpkdeo2nlrc3k2s2yqq3dvg3rs2mo5uz3a"
          },
          "sensitive_attributes": [],
          "private": "eyJlMmJmYjczMC1lY2FhLTExZTYtOGY4OC0zNDM2M2JjN2M0YzAiOnsiY3JlYXRlIjoxMjAwMDAwMDAwMDAwLCJkZWxldGUiOjEyMDAwMDAwMDAwMDAsInVwZGF0ZSI6MTIwMDAwMDAwMDAwMH19",
          "dependencies": [
            "oci_core_vcn.tack_vcn",
            "oci_identity_compartment.task_compartment"
          ]
        }
      ]
    },
    {
      "mode": "managed",
      "type": "oci_core_network_security_group_security_rule",
      "name": "private_instance_network_security_group_security_rule_nlb_ssh_check",
      "provider": "provider[\"registry.terraform.io/hashicorp/oci\"]",
      "instances": [
        {
          "schema_version": 0,
          "attributes": {
            "description": "nlb preserve source ip check ssh",
            "destination": null,
            "destination_type": "",
            "direction": "INGRESS",
            "icmp_options": [],
            "id": "E2F426",
            "is_valid": true,
            "network_security_group_id": "ocid1.networksecuritygroup.oc1.ap-tokyo-1.aaaaaaaammoi7bxm7t5ybeq67rcnd5mvsiw2fittk4vlukuuo52ylhtpc4la",
            "protocol": "6",
            "source": "125.103.97.234/32",
            "source_type": "CIDR_BLOCK",
            "stateless": false,
            "tcp_options": [
              {
                "destination_port_range": [
                  {
                    "max": 22,
                    "min": 22
                  }
                ],
                "source_port_range": []
              }
            ],
            "time_created": "2024-05-24 10:32:29.447 +0000 UTC",
            "timeouts": null,
            "udp_options": []
          },
          "sensitive_attributes": [],
          "private": "eyJlMmJmYjczMC1lY2FhLTExZTYtOGY4OC0zNDM2M2JjN2M0YzAiOnsiY3JlYXRlIjoxMjAwMDAwMDAwMDAwLCJkZWxldGUiOjEyMDAwMDAwMDAwMDAsInVwZGF0ZSI6MTIwMDAwMDAwMDAwMH19",
          "dependencies": [
            "oci_core_network_security_group.private_instance_network_security_group",
            "oci_core_vcn.tack_vcn",
            "oci_identity_compartment.task_compartment"
          ]
        }
      ]
    },
    {
      "mode": "managed",
      "type": "oci_core_network_security_group_security_rule",
      "name": "private_instance_network_security_group_security_rule_nlb_web_check",
      "provider": "provider[\"registry.terraform.io/hashicorp/oci\"]",
      "instances": [
        {
          "schema_version": 0,
          "attributes": {
            "description": "nlb preserve source ip check web",
            "destination": null,
            "destination_type": "",
            "direction": "INGRESS",
            "icmp_options": [],
            "id": "B8AE7B",
            "is_valid": true,
            "network_security_group_id": "ocid1.networksecuritygroup.oc1.ap-tokyo-1.aaaaaaaammoi7bxm7t5ybeq67rcnd5mvsiw2fittk4vlukuuo52ylhtpc4la",
            "protocol": "6",
            "source": "125.103.97.234/32",
            "source_type": "CIDR_BLOCK",
            "stateless": false,
            "tcp_options": [
              {
                "destination_port_range": [
                  {
                    "max": 80,
                    "min": 80
                  }
                ],
                "source_port_range": []
              }
            ],
            "time_created": "2024-05-24 10:32:29.199 +0000 UTC",
            "timeouts": null,
            "udp_options": []
          },
          "sensitive_attributes": [],
          "private": "eyJlMmJmYjczMC1lY2FhLTExZTYtOGY4OC0zNDM2M2JjN2M0YzAiOnsiY3JlYXRlIjoxMjAwMDAwMDAwMDAwLCJkZWxldGUiOjEyMDAwMDAwMDAwMDAsInVwZGF0ZSI6MTIwMDAwMDAwMDAwMH19",
          "dependencies": [
            "oci_core_network_security_group.private_instance_network_security_group",
            "oci_core_vcn.tack_vcn",
            "oci_identity_compartment.task_compartment"
          ]
        }
      ]
    },
    {
      "mode": "managed",
      "type": "oci_core_network_security_group_security_rule",
      "name": "private_instance_network_security_group_security_rule_out",
      "provider": "provider[\"registry.terraform.io/hashicorp/oci\"]",
      "instances": [
        {
          "schema_version": 0,
          "attributes": {
            "description": "dnf install \u0026 adw connect \u0026 cli connect",
            "destination": "0.0.0.0/0",
            "destination_type": "CIDR_BLOCK",
            "direction": "EGRESS",
            "icmp_options": [],
            "id": "1632C2",
            "is_valid": true,
            "network_security_group_id": "ocid1.networksecuritygroup.oc1.ap-tokyo-1.aaaaaaaammoi7bxm7t5ybeq67rcnd5mvsiw2fittk4vlukuuo52ylhtpc4la",
            "protocol": "all",
            "source": null,
            "source_type": "",
            "stateless": false,
            "tcp_options": [],
            "time_created": "2024-05-24 10:32:29.315 +0000 UTC",
            "timeouts": null,
            "udp_options": []
          },
          "sensitive_attributes": [],
          "private": "eyJlMmJmYjczMC1lY2FhLTExZTYtOGY4OC0zNDM2M2JjN2M0YzAiOnsiY3JlYXRlIjoxMjAwMDAwMDAwMDAwLCJkZWxldGUiOjEyMDAwMDAwMDAwMDAsInVwZGF0ZSI6MTIwMDAwMDAwMDAwMH19",
          "dependencies": [
            "oci_core_network_security_group.private_instance_network_security_group",
            "oci_core_vcn.tack_vcn",
            "oci_identity_compartment.task_compartment"
          ]
        }
      ]
    },
    {
      "mode": "managed",
      "type": "oci_core_network_security_group_security_rule",
      "name": "private_instance_network_security_group_security_rule_ssh_in",
      "provider": "provider[\"registry.terraform.io/hashicorp/oci\"]",
      "instances": [
        {
          "schema_version": 0,
          "attributes": {
            "description": "ssh connect in",
            "destination": null,
            "destination_type": "",
            "direction": "INGRESS",
            "icmp_options": [],
            "id": "255A6E",
            "is_valid": true,
            "network_security_group_id": "ocid1.networksecuritygroup.oc1.ap-tokyo-1.aaaaaaaammoi7bxm7t5ybeq67rcnd5mvsiw2fittk4vlukuuo52ylhtpc4la",
            "protocol": "6",
            "source": "10.1.0.0/24",
            "source_type": "CIDR_BLOCK",
            "stateless": false,
            "tcp_options": [
              {
                "destination_port_range": [
                  {
                    "max": 22,
                    "min": 22
                  }
                ],
                "source_port_range": []
              }
            ],
            "time_created": "2024-05-24 10:32:29.565 +0000 UTC",
            "timeouts": null,
            "udp_options": []
          },
          "sensitive_attributes": [],
          "private": "eyJlMmJmYjczMC1lY2FhLTExZTYtOGY4OC0zNDM2M2JjN2M0YzAiOnsiY3JlYXRlIjoxMjAwMDAwMDAwMDAwLCJkZWxldGUiOjEyMDAwMDAwMDAwMDAsInVwZGF0ZSI6MTIwMDAwMDAwMDAwMH19",
          "dependencies": [
            "oci_core_network_security_group.private_instance_network_security_group",
            "oci_core_vcn.tack_vcn",
            "oci_identity_compartment.task_compartment"
          ]
        }
      ]
    },
    {
      "mode": "managed",
      "type": "oci_core_network_security_group_security_rule",
      "name": "private_instance_network_security_group_security_rule_web_in",
      "provider": "provider[\"registry.terraform.io/hashicorp/oci\"]",
      "instances": [
        {
          "schema_version": 0,
          "attributes": {
            "description": "web connect in",
            "destination": null,
            "destination_type": "",
            "direction": "INGRESS",
            "icmp_options": [],
            "id": "A03E3F",
            "is_valid": true,
            "network_security_group_id": "ocid1.networksecuritygroup.oc1.ap-tokyo-1.aaaaaaaammoi7bxm7t5ybeq67rcnd5mvsiw2fittk4vlukuuo52ylhtpc4la",
            "protocol": "6",
            "source": "10.1.0.0/24",
            "source_type": "CIDR_BLOCK",
            "stateless": false,
            "tcp_options": [
              {
                "destination_port_range": [
                  {
                    "max": 80,
                    "min": 80
                  }
                ],
                "source_port_range": []
              }
            ],
            "time_created": "2024-05-24 10:32:29.254 +0000 UTC",
            "timeouts": null,
            "udp_options": []
          },
          "sensitive_attributes": [],
          "private": "eyJlMmJmYjczMC1lY2FhLTExZTYtOGY4OC0zNDM2M2JjN2M0YzAiOnsiY3JlYXRlIjoxMjAwMDAwMDAwMDAwLCJkZWxldGUiOjEyMDAwMDAwMDAwMDAsInVwZGF0ZSI6MTIwMDAwMDAwMDAwMH19",
          "dependencies": [
            "oci_core_network_security_group.private_instance_network_security_group",
            "oci_core_vcn.tack_vcn",
            "oci_identity_compartment.task_compartment"
          ]
        }
      ]
    },
    {
      "mode": "managed",
      "type": "oci_core_network_security_group_security_rule",
      "name": "public_instance_network_security_group_security_rule_out",
      "provider": "provider[\"registry.terraform.io/hashicorp/oci\"]",
      "instances": [
        {
          "schema_version": 0,
          "attributes": {
            "description": "dnf install \u0026 adw connect \u0026 cli connect",
            "destination": "0.0.0.0/0",
            "destination_type": "CIDR_BLOCK",
            "direction": "EGRESS",
            "icmp_options": [],
            "id": "970E79",
            "is_valid": true,
            "network_security_group_id": "ocid1.networksecuritygroup.oc1.ap-tokyo-1.aaaaaaaapvldae4n3mvdiyg6nsehoqgndbwijh6deghwoh3f3b3fylb5tusq",
            "protocol": "all",
            "source": null,
            "source_type": "",
            "stateless": false,
            "tcp_options": [],
            "time_created": "2024-05-24 10:31:25.785 +0000 UTC",
            "timeouts": null,
            "udp_options": []
          },
          "sensitive_attributes": [],
          "private": "eyJlMmJmYjczMC1lY2FhLTExZTYtOGY4OC0zNDM2M2JjN2M0YzAiOnsiY3JlYXRlIjoxMjAwMDAwMDAwMDAwLCJkZWxldGUiOjEyMDAwMDAwMDAwMDAsInVwZGF0ZSI6MTIwMDAwMDAwMDAwMH19",
          "dependencies": [
            "oci_core_network_security_group.public_instance_network_security_group",
            "oci_core_vcn.tack_vcn",
            "oci_identity_compartment.task_compartment"
          ]
        }
      ]
    },
    {
      "mode": "managed",
      "type": "oci_core_network_security_group_security_rule",
      "name": "public_instance_network_security_group_security_rule_ssh_in",
      "provider": "provider[\"registry.terraform.io/hashicorp/oci\"]",
      "instances": [
        {
          "schema_version": 0,
          "attributes": {
            "description": "ssh connect in",
            "destination": null,
            "destination_type": "",
            "direction": "INGRESS",
            "icmp_options": [],
            "id": "0C5AEB",
            "is_valid": true,
            "network_security_group_id": "ocid1.networksecuritygroup.oc1.ap-tokyo-1.aaaaaaaapvldae4n3mvdiyg6nsehoqgndbwijh6deghwoh3f3b3fylb5tusq",
            "protocol": "6",
            "source": "125.103.97.234/32",
            "source_type": "CIDR_BLOCK",
            "stateless": false,
            "tcp_options": [
              {
                "destination_port_range": [
                  {
                    "max": 22,
                    "min": 22
                  }
                ],
                "source_port_range": []
              }
            ],
            "time_created": "2024-05-24 10:31:25.919 +0000 UTC",
            "timeouts": null,
            "udp_options": []
          },
          "sensitive_attributes": [],
          "private": "eyJlMmJmYjczMC1lY2FhLTExZTYtOGY4OC0zNDM2M2JjN2M0YzAiOnsiY3JlYXRlIjoxMjAwMDAwMDAwMDAwLCJkZWxldGUiOjEyMDAwMDAwMDAwMDAsInVwZGF0ZSI6MTIwMDAwMDAwMDAwMH19",
          "dependencies": [
            "oci_core_network_security_group.public_instance_network_security_group",
            "oci_core_vcn.tack_vcn",
            "oci_identity_compartment.task_compartment"
          ]
        }
      ]
    },
    {
      "mode": "managed",
      "type": "oci_core_network_security_group_security_rule",
      "name": "task_network_load_balancer_network_security_group_security_rule_ssh_in",
      "provider": "provider[\"registry.terraform.io/hashicorp/oci\"]",
      "instances": [
        {
          "schema_version": 0,
          "attributes": {
            "description": "nlb ssh connect in",
            "destination": null,
            "destination_type": "",
            "direction": "INGRESS",
            "icmp_options": [],
            "id": "F0FEA9",
            "is_valid": true,
            "network_security_group_id": "ocid1.networksecuritygroup.oc1.ap-tokyo-1.aaaaaaaaajpbsipf262z5y5rsyp4noeoggyyxtasarxbncgr4izjjtwedtzq",
            "protocol": "6",
            "source": "125.103.97.234/32",
            "source_type": "CIDR_BLOCK",
            "stateless": false,
            "tcp_options": [
              {
                "destination_port_range": [
                  {
                    "max": 22,
                    "min": 22
                  }
                ],
                "source_port_range": []
              }
            ],
            "time_created": "2024-05-24 10:32:30.867 +0000 UTC",
            "timeouts": null,
            "udp_options": []
          },
          "sensitive_attributes": [],
          "private": "eyJlMmJmYjczMC1lY2FhLTExZTYtOGY4OC0zNDM2M2JjN2M0YzAiOnsiY3JlYXRlIjoxMjAwMDAwMDAwMDAwLCJkZWxldGUiOjEyMDAwMDAwMDAwMDAsInVwZGF0ZSI6MTIwMDAwMDAwMDAwMH19",
          "dependencies": [
            "oci_core_network_security_group.task_network_load_balancer_network_security_group",
            "oci_core_vcn.tack_vcn",
            "oci_identity_compartment.task_compartment"
          ]
        }
      ]
    },
    {
      "mode": "managed",
      "type": "oci_core_network_security_group_security_rule",
      "name": "task_network_load_balancer_network_security_group_security_rule_ssh_out",
      "provider": "provider[\"registry.terraform.io/hashicorp/oci\"]",
      "instances": [
        {
          "schema_version": 0,
          "attributes": {
            "description": "nlb ssh connect out",
            "destination": "10.1.1.0/24",
            "destination_type": "CIDR_BLOCK",
            "direction": "EGRESS",
            "icmp_options": [],
            "id": "7F0458",
            "is_valid": true,
            "network_security_group_id": "ocid1.networksecuritygroup.oc1.ap-tokyo-1.aaaaaaaaajpbsipf262z5y5rsyp4noeoggyyxtasarxbncgr4izjjtwedtzq",
            "protocol": "6",
            "source": null,
            "source_type": "",
            "stateless": false,
            "tcp_options": [
              {
                "destination_port_range": [
                  {
                    "max": 22,
                    "min": 22
                  }
                ],
                "source_port_range": []
              }
            ],
            "time_created": "2024-05-24 10:32:31.28 +0000 UTC",
            "timeouts": null,
            "udp_options": []
          },
          "sensitive_attributes": [],
          "private": "eyJlMmJmYjczMC1lY2FhLTExZTYtOGY4OC0zNDM2M2JjN2M0YzAiOnsiY3JlYXRlIjoxMjAwMDAwMDAwMDAwLCJkZWxldGUiOjEyMDAwMDAwMDAwMDAsInVwZGF0ZSI6MTIwMDAwMDAwMDAwMH19",
          "dependencies": [
            "oci_core_network_security_group.task_network_load_balancer_network_security_group",
            "oci_core_vcn.tack_vcn",
            "oci_identity_compartment.task_compartment"
          ]
        }
      ]
    },
    {
      "mode": "managed",
      "type": "oci_core_network_security_group_security_rule",
      "name": "task_network_load_balancer_network_security_group_security_rule_web_in",
      "provider": "provider[\"registry.terraform.io/hashicorp/oci\"]",
      "instances": [
        {
          "schema_version": 0,
          "attributes": {
            "description": "nlb web connect in",
            "destination": null,
            "destination_type": "",
            "direction": "INGRESS",
            "icmp_options": [],
            "id": "D7C77C",
            "is_valid": true,
            "network_security_group_id": "ocid1.networksecuritygroup.oc1.ap-tokyo-1.aaaaaaaaajpbsipf262z5y5rsyp4noeoggyyxtasarxbncgr4izjjtwedtzq",
            "protocol": "6",
            "source": "125.103.97.234/32",
            "source_type": "CIDR_BLOCK",
            "stateless": false,
            "tcp_options": [
              {
                "destination_port_range": [
                  {
                    "max": 80,
                    "min": 80
                  }
                ],
                "source_port_range": []
              }
            ],
            "time_created": "2024-05-24 10:32:29.263 +0000 UTC",
            "timeouts": null,
            "udp_options": []
          },
          "sensitive_attributes": [],
          "private": "eyJlMmJmYjczMC1lY2FhLTExZTYtOGY4OC0zNDM2M2JjN2M0YzAiOnsiY3JlYXRlIjoxMjAwMDAwMDAwMDAwLCJkZWxldGUiOjEyMDAwMDAwMDAwMDAsInVwZGF0ZSI6MTIwMDAwMDAwMDAwMH19",
          "dependencies": [
            "oci_core_network_security_group.task_network_load_balancer_network_security_group",
            "oci_core_vcn.tack_vcn",
            "oci_identity_compartment.task_compartment"
          ]
        }
      ]
    },
    {
      "mode": "managed",
      "type": "oci_core_network_security_group_security_rule",
      "name": "task_network_load_balancer_network_security_group_security_rule_web_out",
      "provider": "provider[\"registry.terraform.io/hashicorp/oci\"]",
      "instances": [
        {
          "schema_version": 0,
          "attributes": {
            "description": "nlb web connect out",
            "destination": "10.1.1.0/24",
            "destination_type": "CIDR_BLOCK",
            "direction": "EGRESS",
            "icmp_options": [],
            "id": "D9735C",
            "is_valid": true,
            "network_security_group_id": "ocid1.networksecuritygroup.oc1.ap-tokyo-1.aaaaaaaaajpbsipf262z5y5rsyp4noeoggyyxtasarxbncgr4izjjtwedtzq",
            "protocol": "6",
            "source": null,
            "source_type": "",
            "stateless": false,
            "tcp_options": [
              {
                "destination_port_range": [
                  {
                    "max": 80,
                    "min": 80
                  }
                ],
                "source_port_range": []
              }
            ],
            "time_created": "2024-05-24 10:32:29.407 +0000 UTC",
            "timeouts": null,
            "udp_options": []
          },
          "sensitive_attributes": [],
          "private": "eyJlMmJmYjczMC1lY2FhLTExZTYtOGY4OC0zNDM2M2JjN2M0YzAiOnsiY3JlYXRlIjoxMjAwMDAwMDAwMDAwLCJkZWxldGUiOjEyMDAwMDAwMDAwMDAsInVwZGF0ZSI6MTIwMDAwMDAwMDAwMH19",
          "dependencies": [
            "oci_core_network_security_group.task_network_load_balancer_network_security_group",
            "oci_core_vcn.tack_vcn",
            "oci_identity_compartment.task_compartment"
          ]
        }
      ]
    },
    {
      "mode": "managed",
      "type": "oci_core_public_ip",
      "name": "public_instance_reserved_public_ip",
      "provider": "provider[\"registry.terraform.io/hashicorp/oci\"]",
      "instances": [
        {
          "schema_version": 0,
          "attributes": {
            "assigned_entity_id": "ocid1.privateip.oc1.ap-tokyo-1.abxhiljrnfyssmssini5qzyfgkmkyllyor5nvqtqbqqoubfzceljvbd3yzwa",
            "assigned_entity_type": "",
            "availability_domain": null,
            "compartment_id": "ocid1.compartment.oc1..aaaaaaaadq3or6xtygxv2g7qn5sn6yl4nsqdg43svv57dpsply74jjtnjvaa",
            "defined_tags": {
              "Oracle-Tags.CreatedBy": "default/doctorleilei@gmail.com",
              "Oracle-Tags.CreatedOn": "2024-05-21T16:43:48.582Z"
            },
            "display_name": "public_instance_reserved_public_ip",
            "freeform_tags": {},
            "id": "ocid1.publicip.oc1.ap-tokyo-1.amaaaaaa5x5wraqaio2v5ph2xeh77cpa3c36okachvmw5m52ycskfrqpx7rq",
            "ip_address": "140.83.36.233",
            "lifetime": "RESERVED",
            "private_ip_id": "",
            "public_ip_pool_id": null,
            "scope": "REGION",
            "state": "AVAILABLE",
            "time_created": "2024-05-21 16:43:48.648 +0000 UTC",
            "timeouts": null
          },
          "sensitive_attributes": [],
          "private": "eyJlMmJmYjczMC1lY2FhLTExZTYtOGY4OC0zNDM2M2JjN2M0YzAiOnsiY3JlYXRlIjoxMjAwMDAwMDAwMDAwLCJkZWxldGUiOjEyMDAwMDAwMDAwMDAsInVwZGF0ZSI6MTIwMDAwMDAwMDAwMH19",
          "dependencies": [
            "oci_identity_compartment.task_compartment"
          ]
        }
      ]
    },
    {
      "mode": "managed",
      "type": "oci_core_public_ip",
      "name": "task_network_load_balancer_reserved_public_ip",
      "provider": "provider[\"registry.terraform.io/hashicorp/oci\"]",
      "instances": [
        {
          "schema_version": 0,
          "attributes": {
            "assigned_entity_id": "ocid1.privateip.oc1.ap-tokyo-1.abxhiljrza3e2v3ecqpcsmx3vgdmbmvjqhroljmqohxj3mta5o766oeypfca",
            "assigned_entity_type": "",
            "availability_domain": null,
            "compartment_id": "ocid1.compartment.oc1..aaaaaaaadq3or6xtygxv2g7qn5sn6yl4nsqdg43svv57dpsply74jjtnjvaa",
            "defined_tags": {
              "Oracle-Tags.CreatedBy": "default/doctorleilei@gmail.com",
              "Oracle-Tags.CreatedOn": "2024-05-21T16:43:48.576Z"
            },
            "display_name": "task_network_load_balancer_reserved_public_ip",
            "freeform_tags": {},
            "id": "ocid1.publicip.oc1.ap-tokyo-1.amaaaaaa5x5wraqahf6qc53hi7jvt7z7pomapah3buleystgczotribsmzeq",
            "ip_address": "158.101.72.117",
            "lifetime": "RESERVED",
            "private_ip_id": "",
            "public_ip_pool_id": null,
            "scope": "REGION",
            "state": "AVAILABLE",
            "time_created": "2024-05-21 16:43:48.686 +0000 UTC",
            "timeouts": null
          },
          "sensitive_attributes": [],
          "private": "eyJlMmJmYjczMC1lY2FhLTExZTYtOGY4OC0zNDM2M2JjN2M0YzAiOnsiY3JlYXRlIjoxMjAwMDAwMDAwMDAwLCJkZWxldGUiOjEyMDAwMDAwMDAwMDAsInVwZGF0ZSI6MTIwMDAwMDAwMDAwMH19",
          "dependencies": [
            "oci_identity_compartment.task_compartment"
          ]
        }
      ]
    },
    {
      "mode": "managed",
      "type": "oci_core_route_table",
      "name": "private_route_table",
      "provider": "provider[\"registry.terraform.io/hashicorp/oci\"]",
      "instances": [
        {
          "schema_version": 0,
          "attributes": {
            "compartment_id": "ocid1.compartment.oc1..aaaaaaaadq3or6xtygxv2g7qn5sn6yl4nsqdg43svv57dpsply74jjtnjvaa",
            "defined_tags": {
              "Oracle-Tags.CreatedBy": "default/doctorleilei@gmail.com",
              "Oracle-Tags.CreatedOn": "2024-05-21T16:43:50.020Z"
            },
            "display_name": "private_route_table",
            "freeform_tags": {},
            "id": "ocid1.routetable.oc1.ap-tokyo-1.aaaaaaaanmly4lznugqn4r2t2y5ms5yltstcvs4e4kzjn7xvolkupp66kktq",
            "route_rules": [
              {
                "cidr_block": "",
                "description": "",
                "destination": "0.0.0.0/0",
                "destination_type": "CIDR_BLOCK",
                "network_entity_id": "ocid1.natgateway.oc1.ap-tokyo-1.aaaaaaaan7i5jj6m7iaggem5ps673urnastaxllhylywxqxkxuvmhbim2wnq",
                "route_type": ""
              }
            ],
            "state": "AVAILABLE",
            "time_created": "2024-05-21 16:43:50.043 +0000 UTC",
            "timeouts": null,
            "vcn_id": "ocid1.vcn.oc1.ap-tokyo-1.amaaaaaa5x5wraqaamrnaxia7gqpkdeo2nlrc3k2s2yqq3dvg3rs2mo5uz3a"
          },
          "sensitive_attributes": [],
          "private": "eyJlMmJmYjczMC1lY2FhLTExZTYtOGY4OC0zNDM2M2JjN2M0YzAiOnsiY3JlYXRlIjoxMjAwMDAwMDAwMDAwLCJkZWxldGUiOjEyMDAwMDAwMDAwMDAsInVwZGF0ZSI6MTIwMDAwMDAwMDAwMH19",
          "dependencies": [
            "oci_core_nat_gateway.task_nat_gateway",
            "oci_core_vcn.tack_vcn",
            "oci_identity_compartment.task_compartment"
          ]
        }
      ]
    },
    {
      "mode": "managed",
      "type": "oci_core_route_table",
      "name": "public_route_table",
      "provider": "provider[\"registry.terraform.io/hashicorp/oci\"]",
      "instances": [
        {
          "schema_version": 0,
          "attributes": {
            "compartment_id": "ocid1.compartment.oc1..aaaaaaaadq3or6xtygxv2g7qn5sn6yl4nsqdg43svv57dpsply74jjtnjvaa",
            "defined_tags": {
              "Oracle-Tags.CreatedBy": "default/doctorleilei@gmail.com",
              "Oracle-Tags.CreatedOn": "2024-05-21T16:43:49.620Z"
            },
            "display_name": "public_route_table",
            "freeform_tags": {},
            "id": "ocid1.routetable.oc1.ap-tokyo-1.aaaaaaaa7z723p3xkrhwpgkrkw7m4pj67vexhmlwvpnrmlabvcein2lvrnlq",
            "route_rules": [
              {
                "cidr_block": "",
                "description": "",
                "destination": "0.0.0.0/0",
                "destination_type": "CIDR_BLOCK",
                "network_entity_id": "ocid1.internetgateway.oc1.ap-tokyo-1.aaaaaaaax3b55gbfxmwvl5lxi5y7hybejiflmq7lhvtonmdjxoragyxolrxq",
                "route_type": ""
              }
            ],
            "state": "AVAILABLE",
            "time_created": "2024-05-21 16:43:49.642 +0000 UTC",
            "timeouts": null,
            "vcn_id": "ocid1.vcn.oc1.ap-tokyo-1.amaaaaaa5x5wraqaamrnaxia7gqpkdeo2nlrc3k2s2yqq3dvg3rs2mo5uz3a"
          },
          "sensitive_attributes": [],
          "private": "eyJlMmJmYjczMC1lY2FhLTExZTYtOGY4OC0zNDM2M2JjN2M0YzAiOnsiY3JlYXRlIjoxMjAwMDAwMDAwMDAwLCJkZWxldGUiOjEyMDAwMDAwMDAwMDAsInVwZGF0ZSI6MTIwMDAwMDAwMDAwMH19",
          "dependencies": [
            "oci_core_internet_gateway.task_internet_gateway",
            "oci_core_vcn.tack_vcn",
            "oci_identity_compartment.task_compartment"
          ]
        }
      ]
    },
    {
      "mode": "managed",
      "type": "oci_core_security_list",
      "name": "private_security_list",
      "provider": "provider[\"registry.terraform.io/hashicorp/oci\"]",
      "instances": [
        {
          "schema_version": 0,
          "attributes": {
            "compartment_id": "ocid1.compartment.oc1..aaaaaaaadq3or6xtygxv2g7qn5sn6yl4nsqdg43svv57dpsply74jjtnjvaa",
            "defined_tags": {
              "Oracle-Tags.CreatedBy": "default/doctorleilei@gmail.com",
              "Oracle-Tags.CreatedOn": "2024-05-21T16:43:49.136Z"
            },
            "display_name": "private_security_list",
            "egress_security_rules": [],
            "freeform_tags": {},
            "id": "ocid1.securitylist.oc1.ap-tokyo-1.aaaaaaaac7fy7ukajty4ssirr6ghywztcqz5yow5xyi77jeahaq4an4ynqpq",
            "ingress_security_rules": [],
            "state": "AVAILABLE",
            "time_created": "2024-05-21 16:43:49.158 +0000 UTC",
            "timeouts": null,
            "vcn_id": "ocid1.vcn.oc1.ap-tokyo-1.amaaaaaa5x5wraqaamrnaxia7gqpkdeo2nlrc3k2s2yqq3dvg3rs2mo5uz3a"
          },
          "sensitive_attributes": [],
          "private": "eyJlMmJmYjczMC1lY2FhLTExZTYtOGY4OC0zNDM2M2JjN2M0YzAiOnsiY3JlYXRlIjoxMjAwMDAwMDAwMDAwLCJkZWxldGUiOjEyMDAwMDAwMDAwMDAsInVwZGF0ZSI6MTIwMDAwMDAwMDAwMH19",
          "dependencies": [
            "oci_core_vcn.tack_vcn",
            "oci_identity_compartment.task_compartment"
          ]
        }
      ]
    },
    {
      "mode": "managed",
      "type": "oci_core_security_list",
      "name": "public_security_list",
      "provider": "provider[\"registry.terraform.io/hashicorp/oci\"]",
      "instances": [
        {
          "schema_version": 0,
          "attributes": {
            "compartment_id": "ocid1.compartment.oc1..aaaaaaaadq3or6xtygxv2g7qn5sn6yl4nsqdg43svv57dpsply74jjtnjvaa",
            "defined_tags": {
              "Oracle-Tags.CreatedBy": "default/doctorleilei@gmail.com",
              "Oracle-Tags.CreatedOn": "2024-05-21T16:43:49.086Z"
            },
            "display_name": "public_security_list",
            "egress_security_rules": [],
            "freeform_tags": {},
            "id": "ocid1.securitylist.oc1.ap-tokyo-1.aaaaaaaarimepkmwy7pwdtsiltyxmrme3kg2arjajny5eb3cxcnpsukt6i6q",
            "ingress_security_rules": [],
            "state": "AVAILABLE",
            "time_created": "2024-05-21 16:43:49.115 +0000 UTC",
            "timeouts": null,
            "vcn_id": "ocid1.vcn.oc1.ap-tokyo-1.amaaaaaa5x5wraqaamrnaxia7gqpkdeo2nlrc3k2s2yqq3dvg3rs2mo5uz3a"
          },
          "sensitive_attributes": [],
          "private": "eyJlMmJmYjczMC1lY2FhLTExZTYtOGY4OC0zNDM2M2JjN2M0YzAiOnsiY3JlYXRlIjoxMjAwMDAwMDAwMDAwLCJkZWxldGUiOjEyMDAwMDAwMDAwMDAsInVwZGF0ZSI6MTIwMDAwMDAwMDAwMH19",
          "dependencies": [
            "oci_core_vcn.tack_vcn",
            "oci_identity_compartment.task_compartment"
          ]
        }
      ]
    },
    {
      "mode": "managed",
      "type": "oci_core_subnet",
      "name": "private_subnet",
      "provider": "provider[\"registry.terraform.io/hashicorp/oci\"]",
      "instances": [
        {
          "schema_version": 0,
          "attributes": {
            "availability_domain": "wtHk:AP-TOKYO-1-AD-1",
            "cidr_block": "10.1.1.0/24",
            "compartment_id": "ocid1.compartment.oc1..aaaaaaaadq3or6xtygxv2g7qn5sn6yl4nsqdg43svv57dpsply74jjtnjvaa",
            "defined_tags": {
              "Oracle-Tags.CreatedBy": "default/doctorleilei@gmail.com",
              "Oracle-Tags.CreatedOn": "2024-05-21T16:43:50.358Z"
            },
            "dhcp_options_id": "ocid1.dhcpoptions.oc1.ap-tokyo-1.aaaaaaaa4hiuff7mzzwrhpcbbawojgdxsuztvphh3a5yg7obv3urkjtmdypq",
            "display_name": "private_subnet",
            "dns_label": null,
            "freeform_tags": {},
            "id": "ocid1.subnet.oc1.ap-tokyo-1.aaaaaaaanxlvahab4qn3ttcunqdggj24z7hbqre3762tinr3oq3isxumqhga",
            "ipv6cidr_block": null,
            "ipv6cidr_blocks": [],
            "ipv6virtual_router_ip": null,
            "prohibit_internet_ingress": true,
            "prohibit_public_ip_on_vnic": true,
            "route_table_id": "ocid1.routetable.oc1.ap-tokyo-1.aaaaaaaanmly4lznugqn4r2t2y5ms5yltstcvs4e4kzjn7xvolkupp66kktq",
            "security_list_ids": [
              "ocid1.securitylist.oc1.ap-tokyo-1.aaaaaaaac7fy7ukajty4ssirr6ghywztcqz5yow5xyi77jeahaq4an4ynqpq"
            ],
            "state": "AVAILABLE",
            "subnet_domain_name": null,
            "time_created": "2024-05-21 16:43:50.406 +0000 UTC",
            "timeouts": null,
            "vcn_id": "ocid1.vcn.oc1.ap-tokyo-1.amaaaaaa5x5wraqaamrnaxia7gqpkdeo2nlrc3k2s2yqq3dvg3rs2mo5uz3a",
            "virtual_router_ip": "10.1.1.1",
            "virtual_router_mac": "00:00:17:FC:70:B6"
          },
          "sensitive_attributes": [],
          "private": "eyJlMmJmYjczMC1lY2FhLTExZTYtOGY4OC0zNDM2M2JjN2M0YzAiOnsiY3JlYXRlIjoxMjAwMDAwMDAwMDAwLCJkZWxldGUiOjEyMDAwMDAwMDAwMDAsInVwZGF0ZSI6MTIwMDAwMDAwMDAwMH19",
          "dependencies": [
            "data.oci_identity_availability_domains.ads",
            "oci_core_nat_gateway.task_nat_gateway",
            "oci_core_route_table.private_route_table",
            "oci_core_security_list.private_security_list",
            "oci_core_vcn.tack_vcn",
            "oci_identity_compartment.task_compartment"
          ]
        }
      ]
    },
    {
      "mode": "managed",
      "type": "oci_core_subnet",
      "name": "public_subnet",
      "provider": "provider[\"registry.terraform.io/hashicorp/oci\"]",
      "instances": [
        {
          "schema_version": 0,
          "attributes": {
            "availability_domain": "wtHk:AP-TOKYO-1-AD-1",
            "cidr_block": "10.1.0.0/24",
            "compartment_id": "ocid1.compartment.oc1..aaaaaaaadq3or6xtygxv2g7qn5sn6yl4nsqdg43svv57dpsply74jjtnjvaa",
            "defined_tags": {
              "Oracle-Tags.CreatedBy": "default/doctorleilei@gmail.com",
              "Oracle-Tags.CreatedOn": "2024-05-21T16:43:49.971Z"
            },
            "dhcp_options_id": "ocid1.dhcpoptions.oc1.ap-tokyo-1.aaaaaaaa4hiuff7mzzwrhpcbbawojgdxsuztvphh3a5yg7obv3urkjtmdypq",
            "display_name": "public_subnet",
            "dns_label": null,
            "freeform_tags": {},
            "id": "ocid1.subnet.oc1.ap-tokyo-1.aaaaaaaa5usuujfbp653nq6mtivotb6hoiocmyh3ri2jyfsxpvnu4e6mz5ka",
            "ipv6cidr_block": null,
            "ipv6cidr_blocks": [],
            "ipv6virtual_router_ip": null,
            "prohibit_internet_ingress": false,
            "prohibit_public_ip_on_vnic": false,
            "route_table_id": "ocid1.routetable.oc1.ap-tokyo-1.aaaaaaaa7z723p3xkrhwpgkrkw7m4pj67vexhmlwvpnrmlabvcein2lvrnlq",
            "security_list_ids": [
              "ocid1.securitylist.oc1.ap-tokyo-1.aaaaaaaarimepkmwy7pwdtsiltyxmrme3kg2arjajny5eb3cxcnpsukt6i6q"
            ],
            "state": "AVAILABLE",
            "subnet_domain_name": null,
            "time_created": "2024-05-21 16:43:50.006 +0000 UTC",
            "timeouts": null,
            "vcn_id": "ocid1.vcn.oc1.ap-tokyo-1.amaaaaaa5x5wraqaamrnaxia7gqpkdeo2nlrc3k2s2yqq3dvg3rs2mo5uz3a",
            "virtual_router_ip": "10.1.0.1",
            "virtual_router_mac": "00:00:17:FC:70:B6"
          },
          "sensitive_attributes": [],
          "private": "eyJlMmJmYjczMC1lY2FhLTExZTYtOGY4OC0zNDM2M2JjN2M0YzAiOnsiY3JlYXRlIjoxMjAwMDAwMDAwMDAwLCJkZWxldGUiOjEyMDAwMDAwMDAwMDAsInVwZGF0ZSI6MTIwMDAwMDAwMDAwMH19",
          "dependencies": [
            "data.oci_identity_availability_domains.ads",
            "oci_core_internet_gateway.task_internet_gateway",
            "oci_core_route_table.public_route_table",
            "oci_core_security_list.public_security_list",
            "oci_core_vcn.tack_vcn",
            "oci_identity_compartment.task_compartment"
          ]
        }
      ]
    },
    {
      "mode": "managed",
      "type": "oci_core_vcn",
      "name": "tack_vcn",
      "provider": "provider[\"registry.terraform.io/hashicorp/oci\"]",
      "instances": [
        {
          "schema_version": 0,
          "attributes": {
            "byoipv6cidr_blocks": [],
            "byoipv6cidr_details": [],
            "cidr_block": "10.1.0.0/16",
            "cidr_blocks": [
              "10.1.0.0/16"
            ],
            "compartment_id": "ocid1.compartment.oc1..aaaaaaaadq3or6xtygxv2g7qn5sn6yl4nsqdg43svv57dpsply74jjtnjvaa",
            "default_dhcp_options_id": "ocid1.dhcpoptions.oc1.ap-tokyo-1.aaaaaaaa4hiuff7mzzwrhpcbbawojgdxsuztvphh3a5yg7obv3urkjtmdypq",
            "default_route_table_id": "ocid1.routetable.oc1.ap-tokyo-1.aaaaaaaaw7cr5o2dhctp3l4eraoh3vkkomssunegm3on5mtznnyokfojtuqa",
            "default_security_list_id": "ocid1.securitylist.oc1.ap-tokyo-1.aaaaaaaab3ins6redo7gh64mofttkiyfr4khqb56jl3j4shdfgbefpl3rncq",
            "defined_tags": {
              "Oracle-Tags.CreatedBy": "default/doctorleilei@gmail.com",
              "Oracle-Tags.CreatedOn": "2024-05-21T16:43:48.576Z"
            },
            "display_name": "tack_vcn",
            "dns_label": null,
            "freeform_tags": {},
            "id": "ocid1.vcn.oc1.ap-tokyo-1.amaaaaaa5x5wraqaamrnaxia7gqpkdeo2nlrc3k2s2yqq3dvg3rs2mo5uz3a",
            "ipv6cidr_blocks": [],
            "ipv6private_cidr_blocks": [],
            "is_ipv6enabled": false,
            "is_oracle_gua_allocation_enabled": null,
            "state": "AVAILABLE",
            "time_created": "2024-05-21 16:43:48.64 +0000 UTC",
            "timeouts": null,
            "vcn_domain_name": null
          },
          "sensitive_attributes": [],
          "private": "eyJlMmJmYjczMC1lY2FhLTExZTYtOGY4OC0zNDM2M2JjN2M0YzAiOnsiY3JlYXRlIjoxMjAwMDAwMDAwMDAwLCJkZWxldGUiOjEyMDAwMDAwMDAwMDAsInVwZGF0ZSI6MTIwMDAwMDAwMDAwMH19",
          "dependencies": [
            "oci_identity_compartment.task_compartment"
          ]
        }
      ]
    },
    {
      "mode": "managed",
      "type": "oci_database_autonomous_database",
      "name": "task_autonomous_database",
      "provider": "provider[\"registry.terraform.io/hashicorp/oci\"]",
      "instances": [
        {
          "schema_version": 0,
          "attributes": {
            "actual_used_data_storage_size_in_tbs": 0.003644883632659912,
            "admin_password": "Zhang19870110",
            "allocated_storage_size_in_tbs": 0.0078125,
            "apex_details": [
              {
                "apex_version": "23.2.3",
                "ords_version": "24.1.1.120.1228"
              }
            ],
            "are_primary_whitelisted_ips_used": null,
            "auto_refresh_frequency_in_seconds": null,
            "auto_refresh_point_lag_in_seconds": null,
            "autonomous_container_database_id": null,
            "autonomous_database_backup_id": null,
            "autonomous_database_id": null,
            "autonomous_maintenance_schedule_type": "REGULAR",
            "available_upgrade_versions": [],
            "backup_config": [
              {
                "manual_backup_bucket_name": "",
                "manual_backup_type": "NONE"
              }
            ],
            "backup_retention_period_in_days": 60,
            "character_set": "AL32UTF8",
            "clone_type": null,
            "compartment_id": "ocid1.compartment.oc1..aaaaaaaadq3or6xtygxv2g7qn5sn6yl4nsqdg43svv57dpsply74jjtnjvaa",
            "compute_count": 1,
            "compute_model": "ECPU",
            "connection_strings": [
              {
                "all_connection_strings": {
                  "HIGH": "adb.ap-tokyo-1.oraclecloud.com:1522/gc2b829ae972ccc_taskautonomousdatabase_high.adb.oraclecloud.com",
                  "LOW": "adb.ap-tokyo-1.oraclecloud.com:1522/gc2b829ae972ccc_taskautonomousdatabase_low.adb.oraclecloud.com",
                  "MEDIUM": "adb.ap-tokyo-1.oraclecloud.com:1522/gc2b829ae972ccc_taskautonomousdatabase_medium.adb.oraclecloud.com"
                },
                "dedicated": "",
                "high": "adb.ap-tokyo-1.oraclecloud.com:1522/gc2b829ae972ccc_taskautonomousdatabase_high.adb.oraclecloud.com",
                "low": "adb.ap-tokyo-1.oraclecloud.com:1522/gc2b829ae972ccc_taskautonomousdatabase_low.adb.oraclecloud.com",
                "medium": "adb.ap-tokyo-1.oraclecloud.com:1522/gc2b829ae972ccc_taskautonomousdatabase_medium.adb.oraclecloud.com",
                "profiles": [
                  {
                    "consumer_group": "HIGH",
                    "display_name": "taskautonomousdatabase_high",
                    "host_format": "FQDN",
                    "is_regional": false,
                    "protocol": "TCPS",
                    "session_mode": "DIRECT",
                    "syntax_format": "LONG",
                    "tls_authentication": "SERVER",
                    "value": "(description= (retry_count=20)(retry_delay=3)(address=(protocol=tcps)(port=1521)(host=adb.ap-tokyo-1.oraclecloud.com))(connect_data=(service_name=gc2b829ae972ccc_taskautonomousdatabase_high.adb.oraclecloud.com))(security=(ssl_server_dn_match=yes)))"
                  },
                  {
                    "consumer_group": "LOW",
                    "display_name": "taskautonomousdatabase_low",
                    "host_format": "FQDN",
                    "is_regional": false,
                    "protocol": "TCPS",
                    "session_mode": "DIRECT",
                    "syntax_format": "LONG",
                    "tls_authentication": "SERVER",
                    "value": "(description= (retry_count=20)(retry_delay=3)(address=(protocol=tcps)(port=1521)(host=adb.ap-tokyo-1.oraclecloud.com))(connect_data=(service_name=gc2b829ae972ccc_taskautonomousdatabase_low.adb.oraclecloud.com))(security=(ssl_server_dn_match=yes)))"
                  },
                  {
                    "consumer_group": "MEDIUM",
                    "display_name": "taskautonomousdatabase_medium",
                    "host_format": "FQDN",
                    "is_regional": false,
                    "protocol": "TCPS",
                    "session_mode": "DIRECT",
                    "syntax_format": "LONG",
                    "tls_authentication": "SERVER",
                    "value": "(description= (retry_count=20)(retry_delay=3)(address=(protocol=tcps)(port=1521)(host=adb.ap-tokyo-1.oraclecloud.com))(connect_data=(service_name=gc2b829ae972ccc_taskautonomousdatabase_medium.adb.oraclecloud.com))(security=(ssl_server_dn_match=yes)))"
                  },
                  {
                    "consumer_group": "HIGH",
                    "display_name": "taskautonomousdatabase_high",
                    "host_format": "FQDN",
                    "is_regional": false,
                    "protocol": "TCPS",
                    "session_mode": "DIRECT",
                    "syntax_format": "LONG",
                    "tls_authentication": "MUTUAL",
                    "value": "(description= (retry_count=20)(retry_delay=3)(address=(protocol=tcps)(port=1522)(host=adb.ap-tokyo-1.oraclecloud.com))(connect_data=(service_name=gc2b829ae972ccc_taskautonomousdatabase_high.adb.oraclecloud.com))(security=(ssl_server_dn_match=yes)))"
                  },
                  {
                    "consumer_group": "LOW",
                    "display_name": "taskautonomousdatabase_low",
                    "host_format": "FQDN",
                    "is_regional": false,
                    "protocol": "TCPS",
                    "session_mode": "DIRECT",
                    "syntax_format": "LONG",
                    "tls_authentication": "MUTUAL",
                    "value": "(description= (retry_count=20)(retry_delay=3)(address=(protocol=tcps)(port=1522)(host=adb.ap-tokyo-1.oraclecloud.com))(connect_data=(service_name=gc2b829ae972ccc_taskautonomousdatabase_low.adb.oraclecloud.com))(security=(ssl_server_dn_match=yes)))"
                  },
                  {
                    "consumer_group": "MEDIUM",
                    "display_name": "taskautonomousdatabase_medium",
                    "host_format": "FQDN",
                    "is_regional": false,
                    "protocol": "TCPS",
                    "session_mode": "DIRECT",
                    "syntax_format": "LONG",
                    "tls_authentication": "MUTUAL",
                    "value": "(description= (retry_count=20)(retry_delay=3)(address=(protocol=tcps)(port=1522)(host=adb.ap-tokyo-1.oraclecloud.com))(connect_data=(service_name=gc2b829ae972ccc_taskautonomousdatabase_medium.adb.oraclecloud.com))(security=(ssl_server_dn_match=yes)))"
                  }
                ]
              }
            ],
            "connection_urls": [
              {
                "apex_url": "https://GC2B829AE972CCC-TASKAUTONOMOUSDATABASE.adb.ap-tokyo-1.oraclecloudapps.com/ords/apex",
                "database_transforms_url": "https://GC2B829AE972CCC-TASKAUTONOMOUSDATABASE.adb.ap-tokyo-1.oraclecloudapps.com/odi/",
                "graph_studio_url": "https://GC2B829AE972CCC-TASKAUTONOMOUSDATABASE.adb.ap-tokyo-1.oraclecloudapps.com/graphstudio/",
                "machine_learning_notebook_url": "https://GC2B829AE972CCC-TASKAUTONOMOUSDATABASE.adb.ap-tokyo-1.oraclecloudapps.com/oml/",
                "machine_learning_user_management_url": "https://GC2B829AE972CCC-TASKAUTONOMOUSDATABASE.adb.ap-tokyo-1.oraclecloudapps.com/omlusers/",
                "mongo_db_url": "mongodb://[user:password@]GC2B829AE972CCC-TASKAUTONOMOUSDATABASE.adb.ap-tokyo-1.oraclecloudapps.com:27017/[user]?authMechanism=PLAIN\u0026authSource=$external\u0026ssl=true\u0026retryWrites=false\u0026loadBalanced=true",
                "ords_url": "https://GC2B829AE972CCC-TASKAUTONOMOUSDATABASE.adb.ap-tokyo-1.oraclecloudapps.com/ords/",
                "sql_dev_web_url": "https://GC2B829AE972CCC-TASKAUTONOMOUSDATABASE.adb.ap-tokyo-1.oraclecloudapps.com/ords/sql-developer"
              }
            ],
            "cpu_core_count": 0,
            "customer_contacts": [],
            "data_safe_status": "NOT_REGISTERED",
            "data_storage_size_in_gb": 20,
            "data_storage_size_in_tbs": 1,
            "database_edition": "",
            "database_management_status": "",
            "dataguard_region_type": "",
            "db_name": "taskAutonomousDatabase",
            "db_tools_details": [
              {
                "compute_count": 0,
                "is_enabled": true,
                "max_idle_time_in_minutes": 0,
                "name": "APEX"
              },
              {
                "compute_count": 2,
                "is_enabled": true,
                "max_idle_time_in_minutes": 10,
                "name": "DATA_TRANSFORMS"
              },
              {
                "compute_count": 0,
                "is_enabled": true,
                "max_idle_time_in_minutes": 0,
                "name": "DATABASE_ACTIONS"
              },
              {
                "compute_count": 2,
                "is_enabled": true,
                "max_idle_time_in_minutes": 240,
                "name": "GRAPH_STUDIO"
              },
              {
                "compute_count": 0,
                "is_enabled": true,
                "max_idle_time_in_minutes": 0,
                "name": "MONGODB_API"
              },
              {
                "compute_count": 2,
                "is_enabled": true,
                "max_idle_time_in_minutes": 60,
                "name": "OML"
              },
              {
                "compute_count": 0,
                "is_enabled": true,
                "max_idle_time_in_minutes": 0,
                "name": "ORDS"
              }
            ],
            "db_version": "19c",
            "db_workload": "DW",
            "defined_tags": {
              "Oracle-Tags.CreatedBy": "default/doctorleilei@gmail.com",
              "Oracle-Tags.CreatedOn": "2024-05-21T16:43:50.861Z"
            },
            "disaster_recovery_region_type": "",
            "display_name": "task_autonomous_database",
            "failed_data_recovery_in_seconds": null,
            "freeform_tags": {},
            "id": "ocid1.autonomousdatabase.oc1.ap-tokyo-1.anxhiljr5x5wraqanz2driwrlb4wv3rlyo6lhyk4cuiospsr3yuvzsvm3ggq",
            "in_memory_area_in_gbs": null,
            "in_memory_percentage": null,
            "infrastructure_type": "",
            "is_access_control_enabled": null,
            "is_auto_scaling_enabled": false,
            "is_auto_scaling_for_storage_enabled": false,
            "is_data_guard_enabled": false,
            "is_dedicated": false,
            "is_dev_tier": null,
            "is_free_tier": true,
            "is_local_data_guard_enabled": false,
            "is_mtls_connection_required": false,
            "is_preview": false,
            "is_preview_version_with_service_terms_accepted": null,
            "is_reconnect_clone_enabled": false,
            "is_refreshable_clone": null,
            "is_remote_data_guard_enabled": false,
            "is_replicate_automatic_backups": null,
            "is_shrink_only": null,
            "key_history_entry": [
              {
                "id": "ORACLE_MANAGED_KEY",
                "kms_key_version_id": "",
                "time_activated": "2024-05-21 16:45:42.518 +0000 UTC",
                "vault_id": ""
              }
            ],
            "key_store_id": null,
            "key_store_wallet_name": null,
            "kms_key_id": "ORACLE_MANAGED_KEY",
            "kms_key_lifecycle_details": null,
            "kms_key_version_id": null,
            "license_model": "LICENSE_INCLUDED",
            "lifecycle_details": null,
            "local_adg_auto_failover_max_data_loss_limit": null,
            "local_disaster_recovery_type": "",
            "local_standby_db": [],
            "long_term_backup_schedule": [],
            "max_cpu_core_count": null,
            "memory_per_oracle_compute_unit_in_gbs": null,
            "ncharacter_set": "AL16UTF16",
            "net_services_architecture": "",
            "next_long_term_backup_time_stamp": null,
            "nsg_ids": [],
            "ocpu_count": null,
            "open_mode": "READ_WRITE",
            "operations_insights_status": "NOT_ENABLED",
            "peer_db_ids": [],
            "permission_level": "UNRESTRICTED",
            "private_endpoint": null,
            "private_endpoint_ip": null,
            "private_endpoint_label": null,
            "provisionable_cpus": [],
            "refreshable_mode": null,
            "refreshable_status": "",
            "remote_disaster_recovery_configuration": [],
            "remote_disaster_recovery_type": null,
            "resource_pool_leader_id": null,
            "resource_pool_summary": [
              {
                "is_disabled": true,
                "pool_size": 0
              }
            ],
            "role": "",
            "rotate_key_trigger": null,
            "scheduled_operations": [],
            "secret_id": null,
            "secret_version_number": null,
            "service_console_url": null,
            "shrink_adb_trigger": null,
            "source": null,
            "source_id": null,
            "standby_db": [],
            "standby_whitelisted_ips": [],
            "state": "AVAILABLE",
            "subnet_id": null,
            "supported_regions_to_clone_to": [
              "KIX",
              "ICN",
              "SIN"
            ],
            "switchover_to": null,
            "switchover_to_remote_peer_id": null,
            "system_tags": {
              "orcl-cloud.free-tier-retained": "true"
            },
            "time_created": "2024-05-21 16:43:50.872 +0000 UTC",
            "time_data_guard_role_changed": null,
            "time_deletion_of_free_autonomous_database": null,
            "time_disaster_recovery_role_changed": null,
            "time_local_data_guard_enabled": null,
            "time_maintenance_begin": "2024-05-25 04:00:00 +0000 UTC",
            "time_maintenance_end": "2024-05-25 06:00:00 +0000 UTC",
            "time_of_auto_refresh_start": null,
            "time_of_joining_resource_pool": null,
            "time_of_last_failover": null,
            "time_of_last_refresh": null,
            "time_of_last_refresh_point": null,
            "time_of_last_switchover": null,
            "time_of_next_refresh": null,
            "time_reclamation_of_free_autonomous_database": null,
            "time_until_reconnect_clone_enabled": null,
            "timeouts": null,
            "timestamp": null,
            "total_backup_storage_size_in_gbs": 4,
            "use_latest_available_backup_time_stamp": null,
            "used_data_storage_size_in_gbs": null,
            "used_data_storage_size_in_tbs": null,
            "vault_id": null,
            "whitelisted_ips": [
              "125.103.97.234",
              "140.83.36.233",
              "158.101.70.126"
            ]
          },
          "sensitive_attributes": [
            [
              {
                "type": "get_attr",
                "value": "admin_password"
              }
            ]
          ],
          "private": "eyJlMmJmYjczMC1lY2FhLTExZTYtOGY4OC0zNDM2M2JjN2M0YzAiOnsiY3JlYXRlIjo0MzIwMDAwMDAwMDAwMCwiZGVsZXRlIjo0MzIwMDAwMDAwMDAwMCwidXBkYXRlIjo0MzIwMDAwMDAwMDAwMH19",
          "dependencies": [
            "oci_core_nat_gateway.task_nat_gateway",
            "oci_core_public_ip.public_instance_reserved_public_ip",
            "oci_core_vcn.tack_vcn",
            "oci_identity_compartment.task_compartment"
          ]
        }
      ]
    },
    {
      "mode": "managed",
      "type": "oci_identity_compartment",
      "name": "task_compartment",
      "provider": "provider[\"registry.terraform.io/hashicorp/oci\"]",
      "instances": [
        {
          "schema_version": 0,
          "attributes": {
            "compartment_id": "ocid1.tenancy.oc1..aaaaaaaabf3hx5a6ukjm3ukfzhddy7hdzoa6t4m3wsfikfep25v6dbrwuyya",
            "defined_tags": {
              "Oracle-Tags.CreatedBy": "default/doctorleilei@gmail.com",
              "Oracle-Tags.CreatedOn": "2024-05-18T05:07:10.855Z"
            },
            "description": "task_compartment",
            "enable_delete": null,
            "freeform_tags": {},
            "id": "ocid1.compartment.oc1..aaaaaaaadq3or6xtygxv2g7qn5sn6yl4nsqdg43svv57dpsply74jjtnjvaa",
            "inactive_state": null,
            "is_accessible": true,
            "name": "task_compartment",
            "state": "ACTIVE",
            "time_created": "2024-05-18 05:07:10.888 +0000 UTC",
            "timeouts": null
          },
          "sensitive_attributes": [],
          "private": "eyJlMmJmYjczMC1lY2FhLTExZTYtOGY4OC0zNDM2M2JjN2M0YzAiOnsiZGVsZXRlIjo1NDAwMDAwMDAwMDAwfX0="
        }
      ]
    },
    {
      "mode": "managed",
      "type": "oci_network_load_balancer_backend",
      "name": "task_backend_ssh",
      "provider": "provider[\"registry.terraform.io/hashicorp/oci\"]",
      "instances": [
        {
          "schema_version": 0,
          "attributes": {
            "backend_set_name": "task_backend_set_ssh",
            "id": "networkLoadBalancers/ocid1.networkloadbalancer.oc1.ap-tokyo-1.amaaaaaa5x5wraqaie5n2og6dnfys64f754y2ybnevjfjneb2es3pwyfqusa/backendSets/task_backend_set_ssh/backends/task_backend_ssh",
            "ip_address": "10.1.1.111",
            "is_backup": false,
            "is_drain": false,
            "is_offline": false,
            "name": "task_backend_ssh",
            "network_load_balancer_id": "ocid1.networkloadbalancer.oc1.ap-tokyo-1.amaaaaaa5x5wraqaie5n2og6dnfys64f754y2ybnevjfjneb2es3pwyfqusa",
            "port": 22,
            "target_id": "ocid1.instance.oc1.ap-tokyo-1.anxhiljr5x5wraqckadtbzaph5qzvnjk7uzxiihcfcu5tnmz5ycbnesyki6a",
            "timeouts": null,
            "weight": 1
          },
          "sensitive_attributes": [],
          "private": "eyJlMmJmYjczMC1lY2FhLTExZTYtOGY4OC0zNDM2M2JjN2M0YzAiOnsiY3JlYXRlIjoxMjAwMDAwMDAwMDAwLCJkZWxldGUiOjEyMDAwMDAwMDAwMDAsInVwZGF0ZSI6MTIwMDAwMDAwMDAwMH19",
          "dependencies": [
            "data.oci_identity_availability_domains.ads",
            "oci_core_instance.private_instance",
            "oci_core_internet_gateway.task_internet_gateway",
            "oci_core_nat_gateway.task_nat_gateway",
            "oci_core_network_security_group.private_instance_network_security_group",
            "oci_core_network_security_group.task_network_load_balancer_network_security_group",
            "oci_core_public_ip.task_network_load_balancer_reserved_public_ip",
            "oci_core_route_table.private_route_table",
            "oci_core_route_table.public_route_table",
            "oci_core_security_list.private_security_list",
            "oci_core_security_list.public_security_list",
            "oci_core_subnet.private_subnet",
            "oci_core_subnet.public_subnet",
            "oci_core_vcn.tack_vcn",
            "oci_identity_compartment.task_compartment",
            "oci_network_load_balancer_backend_set.task_backend_set_ssh",
            "oci_network_load_balancer_network_load_balancer.task_network_load_balancer"
          ]
        }
      ]
    },
    {
      "mode": "managed",
      "type": "oci_network_load_balancer_backend",
      "name": "task_backend_web",
      "provider": "provider[\"registry.terraform.io/hashicorp/oci\"]",
      "instances": [
        {
          "schema_version": 0,
          "attributes": {
            "backend_set_name": "task_backend_set_web",
            "id": "networkLoadBalancers/ocid1.networkloadbalancer.oc1.ap-tokyo-1.amaaaaaa5x5wraqaie5n2og6dnfys64f754y2ybnevjfjneb2es3pwyfqusa/backendSets/task_backend_set_web/backends/task_backend_web",
            "ip_address": "10.1.1.111",
            "is_backup": false,
            "is_drain": false,
            "is_offline": false,
            "name": "task_backend_web",
            "network_load_balancer_id": "ocid1.networkloadbalancer.oc1.ap-tokyo-1.amaaaaaa5x5wraqaie5n2og6dnfys64f754y2ybnevjfjneb2es3pwyfqusa",
            "port": 80,
            "target_id": "ocid1.instance.oc1.ap-tokyo-1.anxhiljr5x5wraqckadtbzaph5qzvnjk7uzxiihcfcu5tnmz5ycbnesyki6a",
            "timeouts": null,
            "weight": 1
          },
          "sensitive_attributes": [],
          "private": "eyJlMmJmYjczMC1lY2FhLTExZTYtOGY4OC0zNDM2M2JjN2M0YzAiOnsiY3JlYXRlIjoxMjAwMDAwMDAwMDAwLCJkZWxldGUiOjEyMDAwMDAwMDAwMDAsInVwZGF0ZSI6MTIwMDAwMDAwMDAwMH19",
          "dependencies": [
            "data.oci_identity_availability_domains.ads",
            "oci_core_instance.private_instance",
            "oci_core_internet_gateway.task_internet_gateway",
            "oci_core_nat_gateway.task_nat_gateway",
            "oci_core_network_security_group.private_instance_network_security_group",
            "oci_core_network_security_group.task_network_load_balancer_network_security_group",
            "oci_core_public_ip.task_network_load_balancer_reserved_public_ip",
            "oci_core_route_table.private_route_table",
            "oci_core_route_table.public_route_table",
            "oci_core_security_list.private_security_list",
            "oci_core_security_list.public_security_list",
            "oci_core_subnet.private_subnet",
            "oci_core_subnet.public_subnet",
            "oci_core_vcn.tack_vcn",
            "oci_identity_compartment.task_compartment",
            "oci_network_load_balancer_backend_set.task_backend_set_web",
            "oci_network_load_balancer_network_load_balancer.task_network_load_balancer"
          ]
        }
      ]
    },
    {
      "mode": "managed",
      "type": "oci_network_load_balancer_backend_set",
      "name": "task_backend_set_ssh",
      "provider": "provider[\"registry.terraform.io/hashicorp/oci\"]",
      "instances": [
        {
          "schema_version": 0,
          "attributes": {
            "backends": [
              {
                "ip_address": "10.1.1.111",
                "is_backup": false,
                "is_drain": false,
                "is_offline": false,
                "name": "task_backend_ssh",
                "port": 22,
                "target_id": "ocid1.instance.oc1.ap-tokyo-1.anxhiljr5x5wraqckadtbzaph5qzvnjk7uzxiihcfcu5tnmz5ycbnesyki6a",
                "weight": 1
              }
            ],
            "health_checker": [
              {
                "dns": [],
                "interval_in_millis": 10000,
                "port": 22,
                "protocol": "TCP",
                "request_data": "",
                "response_body_regex": "",
                "response_data": "",
                "retries": 3,
                "return_code": 0,
                "timeout_in_millis": 3000,
                "url_path": ""
              }
            ],
            "id": "networkLoadBalancers/ocid1.networkloadbalancer.oc1.ap-tokyo-1.amaaaaaa5x5wraqaie5n2og6dnfys64f754y2ybnevjfjneb2es3pwyfqusa/backendSets/task_backend_set_ssh",
            "ip_version": "IPV4",
            "is_fail_open": false,
            "is_instant_failover_enabled": false,
            "is_preserve_source": true,
            "name": "task_backend_set_ssh",
            "network_load_balancer_id": "ocid1.networkloadbalancer.oc1.ap-tokyo-1.amaaaaaa5x5wraqaie5n2og6dnfys64f754y2ybnevjfjneb2es3pwyfqusa",
            "policy": "FIVE_TUPLE",
            "timeouts": null
          },
          "sensitive_attributes": [],
          "private": "eyJlMmJmYjczMC1lY2FhLTExZTYtOGY4OC0zNDM2M2JjN2M0YzAiOnsiY3JlYXRlIjoxMjAwMDAwMDAwMDAwLCJkZWxldGUiOjEyMDAwMDAwMDAwMDAsInVwZGF0ZSI6MTIwMDAwMDAwMDAwMH19",
          "dependencies": [
            "data.oci_identity_availability_domains.ads",
            "oci_core_internet_gateway.task_internet_gateway",
            "oci_core_network_security_group.task_network_load_balancer_network_security_group",
            "oci_core_public_ip.task_network_load_balancer_reserved_public_ip",
            "oci_core_route_table.public_route_table",
            "oci_core_security_list.public_security_list",
            "oci_core_subnet.public_subnet",
            "oci_core_vcn.tack_vcn",
            "oci_identity_compartment.task_compartment",
            "oci_network_load_balancer_network_load_balancer.task_network_load_balancer"
          ]
        }
      ]
    },
    {
      "mode": "managed",
      "type": "oci_network_load_balancer_backend_set",
      "name": "task_backend_set_web",
      "provider": "provider[\"registry.terraform.io/hashicorp/oci\"]",
      "instances": [
        {
          "schema_version": 0,
          "attributes": {
            "backends": [
              {
                "ip_address": "10.1.1.111",
                "is_backup": false,
                "is_drain": false,
                "is_offline": false,
                "name": "task_backend_web",
                "port": 80,
                "target_id": "ocid1.instance.oc1.ap-tokyo-1.anxhiljr5x5wraqckadtbzaph5qzvnjk7uzxiihcfcu5tnmz5ycbnesyki6a",
                "weight": 1
              }
            ],
            "health_checker": [
              {
                "dns": [],
                "interval_in_millis": 10000,
                "port": 80,
                "protocol": "TCP",
                "request_data": "",
                "response_body_regex": "",
                "response_data": "",
                "retries": 3,
                "return_code": 0,
                "timeout_in_millis": 3000,
                "url_path": ""
              }
            ],
            "id": "networkLoadBalancers/ocid1.networkloadbalancer.oc1.ap-tokyo-1.amaaaaaa5x5wraqaie5n2og6dnfys64f754y2ybnevjfjneb2es3pwyfqusa/backendSets/task_backend_set_web",
            "ip_version": "IPV4",
            "is_fail_open": false,
            "is_instant_failover_enabled": false,
            "is_preserve_source": true,
            "name": "task_backend_set_web",
            "network_load_balancer_id": "ocid1.networkloadbalancer.oc1.ap-tokyo-1.amaaaaaa5x5wraqaie5n2og6dnfys64f754y2ybnevjfjneb2es3pwyfqusa",
            "policy": "FIVE_TUPLE",
            "timeouts": null
          },
          "sensitive_attributes": [],
          "private": "eyJlMmJmYjczMC1lY2FhLTExZTYtOGY4OC0zNDM2M2JjN2M0YzAiOnsiY3JlYXRlIjoxMjAwMDAwMDAwMDAwLCJkZWxldGUiOjEyMDAwMDAwMDAwMDAsInVwZGF0ZSI6MTIwMDAwMDAwMDAwMH19",
          "dependencies": [
            "data.oci_identity_availability_domains.ads",
            "oci_core_internet_gateway.task_internet_gateway",
            "oci_core_network_security_group.task_network_load_balancer_network_security_group",
            "oci_core_public_ip.task_network_load_balancer_reserved_public_ip",
            "oci_core_route_table.public_route_table",
            "oci_core_security_list.public_security_list",
            "oci_core_subnet.public_subnet",
            "oci_core_vcn.tack_vcn",
            "oci_identity_compartment.task_compartment",
            "oci_network_load_balancer_network_load_balancer.task_network_load_balancer"
          ]
        }
      ]
    },
    {
      "mode": "managed",
      "type": "oci_network_load_balancer_listener",
      "name": "task_listener_ssh",
      "provider": "provider[\"registry.terraform.io/hashicorp/oci\"]",
      "instances": [
        {
          "schema_version": 0,
          "attributes": {
            "default_backend_set_name": "task_backend_set_ssh",
            "id": "networkLoadBalancers/ocid1.networkloadbalancer.oc1.ap-tokyo-1.amaaaaaa5x5wraqaie5n2og6dnfys64f754y2ybnevjfjneb2es3pwyfqusa/listeners/task_listener_ssh",
            "ip_version": "IPV4",
            "name": "task_listener_ssh",
            "network_load_balancer_id": "ocid1.networkloadbalancer.oc1.ap-tokyo-1.amaaaaaa5x5wraqaie5n2og6dnfys64f754y2ybnevjfjneb2es3pwyfqusa",
            "port": 22,
            "protocol": "TCP",
            "timeouts": null
          },
          "sensitive_attributes": [],
          "private": "eyJlMmJmYjczMC1lY2FhLTExZTYtOGY4OC0zNDM2M2JjN2M0YzAiOnsiY3JlYXRlIjoxMjAwMDAwMDAwMDAwLCJkZWxldGUiOjEyMDAwMDAwMDAwMDAsInVwZGF0ZSI6MTIwMDAwMDAwMDAwMH19",
          "dependencies": [
            "data.oci_identity_availability_domains.ads",
            "oci_core_internet_gateway.task_internet_gateway",
            "oci_core_network_security_group.task_network_load_balancer_network_security_group",
            "oci_core_public_ip.task_network_load_balancer_reserved_public_ip",
            "oci_core_route_table.public_route_table",
            "oci_core_security_list.public_security_list",
            "oci_core_subnet.public_subnet",
            "oci_core_vcn.tack_vcn",
            "oci_identity_compartment.task_compartment",
            "oci_network_load_balancer_backend_set.task_backend_set_ssh",
            "oci_network_load_balancer_network_load_balancer.task_network_load_balancer"
          ]
        }
      ]
    },
    {
      "mode": "managed",
      "type": "oci_network_load_balancer_listener",
      "name": "task_listener_web",
      "provider": "provider[\"registry.terraform.io/hashicorp/oci\"]",
      "instances": [
        {
          "schema_version": 0,
          "attributes": {
            "default_backend_set_name": "task_backend_set_web",
            "id": "networkLoadBalancers/ocid1.networkloadbalancer.oc1.ap-tokyo-1.amaaaaaa5x5wraqaie5n2og6dnfys64f754y2ybnevjfjneb2es3pwyfqusa/listeners/task_listener_web",
            "ip_version": "IPV4",
            "name": "task_listener_web",
            "network_load_balancer_id": "ocid1.networkloadbalancer.oc1.ap-tokyo-1.amaaaaaa5x5wraqaie5n2og6dnfys64f754y2ybnevjfjneb2es3pwyfqusa",
            "port": 80,
            "protocol": "TCP",
            "timeouts": null
          },
          "sensitive_attributes": [],
          "private": "eyJlMmJmYjczMC1lY2FhLTExZTYtOGY4OC0zNDM2M2JjN2M0YzAiOnsiY3JlYXRlIjoxMjAwMDAwMDAwMDAwLCJkZWxldGUiOjEyMDAwMDAwMDAwMDAsInVwZGF0ZSI6MTIwMDAwMDAwMDAwMH19",
          "dependencies": [
            "data.oci_identity_availability_domains.ads",
            "oci_core_internet_gateway.task_internet_gateway",
            "oci_core_network_security_group.task_network_load_balancer_network_security_group",
            "oci_core_public_ip.task_network_load_balancer_reserved_public_ip",
            "oci_core_route_table.public_route_table",
            "oci_core_security_list.public_security_list",
            "oci_core_subnet.public_subnet",
            "oci_core_vcn.tack_vcn",
            "oci_identity_compartment.task_compartment",
            "oci_network_load_balancer_backend_set.task_backend_set_web",
            "oci_network_load_balancer_network_load_balancer.task_network_load_balancer"
          ]
        }
      ]
    },
    {
      "mode": "managed",
      "type": "oci_network_load_balancer_network_load_balancer",
      "name": "task_network_load_balancer",
      "provider": "provider[\"registry.terraform.io/hashicorp/oci\"]",
      "instances": [
        {
          "schema_version": 0,
          "attributes": {
            "assigned_ipv6": null,
            "assigned_private_ipv4": null,
            "compartment_id": "ocid1.compartment.oc1..aaaaaaaadq3or6xtygxv2g7qn5sn6yl4nsqdg43svv57dpsply74jjtnjvaa",
            "defined_tags": {
              "Oracle-Tags.CreatedBy": "default/doctorleilei@gmail.com",
              "Oracle-Tags.CreatedOn": "2024-05-24T10:53:16.679Z"
            },
            "display_name": "task_network_load_balancer",
            "freeform_tags": {},
            "id": "ocid1.networkloadbalancer.oc1.ap-tokyo-1.amaaaaaa5x5wraqaie5n2og6dnfys64f754y2ybnevjfjneb2es3pwyfqusa",
            "ip_addresses": [
              {
                "ip_address": "158.101.72.117",
                "ip_version": "IPV4",
                "is_public": true,
                "reserved_ip": [
                  {
                    "id": "ocid1.publicip.oc1.ap-tokyo-1.amaaaaaa5x5wraqahf6qc53hi7jvt7z7pomapah3buleystgczotribsmzeq"
                  }
                ]
              },
              {
                "ip_address": "10.1.0.48",
                "ip_version": "IPV4",
                "is_public": false,
                "reserved_ip": []
              }
            ],
            "is_preserve_source_destination": false,
            "is_private": false,
            "is_symmetric_hash_enabled": false,
            "lifecycle_details": null,
            "network_security_group_ids": [
              "ocid1.networksecuritygroup.oc1.ap-tokyo-1.aaaaaaaaajpbsipf262z5y5rsyp4noeoggyyxtasarxbncgr4izjjtwedtzq"
            ],
            "nlb_ip_version": "IPV4",
            "reserved_ips": [
              {
                "id": "ocid1.publicip.oc1.ap-tokyo-1.amaaaaaa5x5wraqahf6qc53hi7jvt7z7pomapah3buleystgczotribsmzeq"
              }
            ],
            "state": "ACTIVE",
            "subnet_id": "ocid1.subnet.oc1.ap-tokyo-1.aaaaaaaa5usuujfbp653nq6mtivotb6hoiocmyh3ri2jyfsxpvnu4e6mz5ka",
            "subnet_ipv6cidr": null,
            "system_tags": {
              "orcl-cloud.free-tier-retained": "true"
            },
            "time_created": "2024-05-24 10:53:16 +0000 UTC",
            "time_updated": "2024-05-24 10:55:54 +0000 UTC",
            "timeouts": null
          },
          "sensitive_attributes": [],
          "private": "eyJlMmJmYjczMC1lY2FhLTExZTYtOGY4OC0zNDM2M2JjN2M0YzAiOnsiY3JlYXRlIjoxMjAwMDAwMDAwMDAwLCJkZWxldGUiOjEyMDAwMDAwMDAwMDAsInVwZGF0ZSI6MTIwMDAwMDAwMDAwMH19",
          "dependencies": [
            "data.oci_identity_availability_domains.ads",
            "oci_core_internet_gateway.task_internet_gateway",
            "oci_core_network_security_group.task_network_load_balancer_network_security_group",
            "oci_core_public_ip.task_network_load_balancer_reserved_public_ip",
            "oci_core_route_table.public_route_table",
            "oci_core_security_list.public_security_list",
            "oci_core_subnet.public_subnet",
            "oci_core_vcn.tack_vcn",
            "oci_identity_compartment.task_compartment"
          ]
        }
      ]
    }
  ],
  "check_results": null
}
