{
  "version": 4,
  "terraform_version": "1.8.1",
  "serial": 1053,
  "lineage": "9caf8968-d905-1ba9-69fb-f333db7a23cb",
  "outputs": {
    "autonomous_database_connection_strings": {
      "value": [
        {
          "all_connection_strings": {
            "HIGH": "adb.ap-tokyo-1.oraclecloud.com:1522/gc2b829ae972ccc_taskautonomousdatabase_high.adb.oraclecloud.com",
            "LOW": "adb.ap-tokyo-1.oraclecloud.com:1522/gc2b829ae972ccc_taskautonomousdatabase_low.adb.oraclecloud.com",
            "MEDIUM": "adb.ap-tokyo-1.oraclecloud.com:1522/gc2b829ae972ccc_taskautonomousdatabase_medium.adb.oraclecloud.com"
          },
          "dedicated": "",
          "high": "adb.ap-tokyo-1.oraclecloud.com:1522/gc2b829ae972ccc_taskautonomousdatabase_high.adb.oraclecloud.com",
          "low": "adb.ap-tokyo-1.oraclecloud.com:1522/gc2b829ae972ccc_taskautonomousdatabase_low.adb.oraclecloud.com",
          "medium": "adb.ap-tokyo-1.oraclecloud.com:1522/gc2b829ae972ccc_taskautonomousdatabase_medium.adb.oraclecloud.com",
          "profiles": [
            {
              "consumer_group": "HIGH",
              "display_name": "taskautonomousdatabase_high",
              "host_format": "FQDN",
              "is_regional": false,
              "protocol": "TCPS",
              "session_mode": "DIRECT",
              "syntax_format": "LONG",
              "tls_authentication": "SERVER",
              "value": "(description= (retry_count=20)(retry_delay=3)(address=(protocol=tcps)(port=1521)(host=adb.ap-tokyo-1.oraclecloud.com))(connect_data=(service_name=gc2b829ae972ccc_taskautonomousdatabase_high.adb.oraclecloud.com))(security=(ssl_server_dn_match=yes)))"
            },
            {
              "consumer_group": "LOW",
              "display_name": "taskautonomousdatabase_low",
              "host_format": "FQDN",
              "is_regional": false,
              "protocol": "TCPS",
              "session_mode": "DIRECT",
              "syntax_format": "LONG",
              "tls_authentication": "SERVER",
              "value": "(description= (retry_count=20)(retry_delay=3)(address=(protocol=tcps)(port=1521)(host=adb.ap-tokyo-1.oraclecloud.com))(connect_data=(service_name=gc2b829ae972ccc_taskautonomousdatabase_low.adb.oraclecloud.com))(security=(ssl_server_dn_match=yes)))"
            },
            {
              "consumer_group": "MEDIUM",
              "display_name": "taskautonomousdatabase_medium",
              "host_format": "FQDN",
              "is_regional": false,
              "protocol": "TCPS",
              "session_mode": "DIRECT",
              "syntax_format": "LONG",
              "tls_authentication": "SERVER",
              "value": "(description= (retry_count=20)(retry_delay=3)(address=(protocol=tcps)(port=1521)(host=adb.ap-tokyo-1.oraclecloud.com))(connect_data=(service_name=gc2b829ae972ccc_taskautonomousdatabase_medium.adb.oraclecloud.com))(security=(ssl_server_dn_match=yes)))"
            },
            {
              "consumer_group": "HIGH",
              "display_name": "taskautonomousdatabase_high",
              "host_format": "FQDN",
              "is_regional": false,
              "protocol": "TCPS",
              "session_mode": "DIRECT",
              "syntax_format": "LONG",
              "tls_authentication": "MUTUAL",
              "value": "(description= (retry_count=20)(retry_delay=3)(address=(protocol=tcps)(port=1522)(host=adb.ap-tokyo-1.oraclecloud.com))(connect_data=(service_name=gc2b829ae972ccc_taskautonomousdatabase_high.adb.oraclecloud.com))(security=(ssl_server_dn_match=yes)))"
            },
            {
              "consumer_group": "LOW",
              "display_name": "taskautonomousdatabase_low",
              "host_format": "FQDN",
              "is_regional": false,
              "protocol": "TCPS",
              "session_mode": "DIRECT",
              "syntax_format": "LONG",
              "tls_authentication": "MUTUAL",
              "value": "(description= (retry_count=20)(retry_delay=3)(address=(protocol=tcps)(port=1522)(host=adb.ap-tokyo-1.oraclecloud.com))(connect_data=(service_name=gc2b829ae972ccc_taskautonomousdatabase_low.adb.oraclecloud.com))(security=(ssl_server_dn_match=yes)))"
            },
            {
              "consumer_group": "MEDIUM",
              "display_name": "taskautonomousdatabase_medium",
              "host_format": "FQDN",
              "is_regional": false,
              "protocol": "TCPS",
              "session_mode": "DIRECT",
              "syntax_format": "LONG",
              "tls_authentication": "MUTUAL",
              "value": "(description= (retry_count=20)(retry_delay=3)(address=(protocol=tcps)(port=1522)(host=adb.ap-tokyo-1.oraclecloud.com))(connect_data=(service_name=gc2b829ae972ccc_taskautonomousdatabase_medium.adb.oraclecloud.com))(security=(ssl_server_dn_match=yes)))"
            }
          ]
        }
      ],
      "type": [
        "list",
        [
          "object",
          {
            "all_connection_strings": [
              "map",
              "string"
            ],
            "dedicated": "string",
            "high": "string",
            "low": "string",
            "medium": "string",
            "profiles": [
              "list",
              [
                "object",
                {
                  "consumer_group": "string",
                  "display_name": "string",
                  "host_format": "string",
                  "is_regional": "bool",
                  "protocol": "string",
                  "session_mode": "string",
                  "syntax_format": "string",
                  "tls_authentication": "string",
                  "value": "string"
                }
              ]
            ]
          }
        ]
      ]
    },
    "nat_gateway_nat_ip": {
      "value": "141.147.186.127",
      "type": "string"
    },
    "network_load_balancer_public_ip": {
      "value": "158.101.72.210",
      "type": "string"
    },
    "private_instance_private_ip": {
      "value": "10.0.1.121",
      "type": "string"
    },
    "public_instance_private_ip": {
      "value": "10.0.0.48",
      "type": "string"
    },
    "public_instance_public_ip": {
      "value": "150.230.102.52",
      "type": "string"
    },
    "public_instance_reserved_public_ip": {
      "value": "158.101.74.210",
      "type": "string"
    },
    "task_network_load_balancer_reserved_public_ip": {
      "value": "158.101.72.210",
      "type": "string"
    }
  },
  "resources": [
    {
      "mode": "data",
      "type": "oci_core_public_ip",
      "name": "public_instance_reserved_public_ip",
      "provider": "provider[\"registry.terraform.io/hashicorp/oci\"]",
      "instances": [
        {
          "schema_version": 0,
          "attributes": {
            "assigned_entity_id": null,
            "assigned_entity_type": "",
            "availability_domain": null,
            "compartment_id": "ocid1.compartment.oc1..aaaaaaaadq3or6xtygxv2g7qn5sn6yl4nsqdg43svv57dpsply74jjtnjvaa",
            "defined_tags": {
              "Oracle-Tags.CreatedBy": "default/doctorleilei@gmail.com",
              "Oracle-Tags.CreatedOn": "2024-05-25T17:40:45.384Z"
            },
            "display_name": "public_instance_reserved_public_ip",
            "freeform_tags": {},
            "id": "ocid1.publicip.oc1.ap-tokyo-1.amaaaaaa5x5wraqaayke5bwnipbaf5cfj5agaz4dapu2jctyujpwjp3trrtq",
            "ip_address": "158.101.74.210",
            "lifetime": "RESERVED",
            "private_ip_id": null,
            "public_ip_pool_id": null,
            "scope": "REGION",
            "state": "AVAILABLE",
            "time_created": "2024-05-25 17:40:45.473 +0000 UTC",
            "timeouts": null
          },
          "sensitive_attributes": []
        }
      ]
    },
    {
      "mode": "data",
      "type": "oci_core_public_ip",
      "name": "task_network_load_balancer_reserved_public_ip",
      "provider": "provider[\"registry.terraform.io/hashicorp/oci\"]",
      "instances": [
        {
          "schema_version": 0,
          "attributes": {
            "assigned_entity_id": "ocid1.privateip.oc1.ap-tokyo-1.abxhiljrxdh3kyt56mfkhugwpccp6pq4ldxgd5xbjotplv2yd5dz5uylpjbq",
            "assigned_entity_type": "PRIVATE_IP",
            "availability_domain": null,
            "compartment_id": "ocid1.compartment.oc1..aaaaaaaadq3or6xtygxv2g7qn5sn6yl4nsqdg43svv57dpsply74jjtnjvaa",
            "defined_tags": {
              "Oracle-Tags.CreatedBy": "default/doctorleilei@gmail.com",
              "Oracle-Tags.CreatedOn": "2024-05-25T17:40:53.761Z"
            },
            "display_name": "task_network_load_balancer_reserved_public_ip",
            "freeform_tags": {},
            "id": "ocid1.publicip.oc1.ap-tokyo-1.amaaaaaa5x5wraqajvytgd2ct25vu2s4aaqqo7pekovqal2qxt6iviypcv7q",
            "ip_address": "158.101.72.210",
            "lifetime": "RESERVED",
            "private_ip_id": "ocid1.privateip.oc1.ap-tokyo-1.abxhiljrxdh3kyt56mfkhugwpccp6pq4ldxgd5xbjotplv2yd5dz5uylpjbq",
            "public_ip_pool_id": null,
            "scope": "REGION",
            "state": "ASSIGNED",
            "time_created": "2024-05-25 17:40:53.856 +0000 UTC",
            "timeouts": null
          },
          "sensitive_attributes": []
        }
      ]
    },
    {
      "mode": "data",
      "type": "oci_identity_availability_domains",
      "name": "ads",
      "provider": "provider[\"registry.terraform.io/hashicorp/oci\"]",
      "instances": [
        {
          "schema_version": 0,
          "attributes": {
            "availability_domains": [
              {
                "compartment_id": "ocid1.compartment.oc1..aaaaaaaadq3or6xtygxv2g7qn5sn6yl4nsqdg43svv57dpsply74jjtnjvaa",
                "id": "ocid1.availabilitydomain.oc1..aaaaaaaaaijs56nfsz2usbwsr6k6t5b3do7hns6ib2day6le5scrvvjpeceq",
                "name": "wtHk:AP-TOKYO-1-AD-1"
              }
            ],
            "compartment_id": "ocid1.compartment.oc1..aaaaaaaadq3or6xtygxv2g7qn5sn6yl4nsqdg43svv57dpsply74jjtnjvaa",
            "filter": null,
            "id": "IdentityAvailabilityDomainsDataSource-9372218"
          },
          "sensitive_attributes": []
        }
      ]
    },
    {
      "mode": "data",
      "type": "oci_identity_compartment",
      "name": "task_compartment",
      "provider": "provider[\"registry.terraform.io/hashicorp/oci\"]",
      "instances": [
        {
          "schema_version": 0,
          "attributes": {
            "compartment_id": "ocid1.tenancy.oc1..aaaaaaaabf3hx5a6ukjm3ukfzhddy7hdzoa6t4m3wsfikfep25v6dbrwuyya",
            "defined_tags": {
              "Oracle-Tags.CreatedBy": "default/doctorleilei@gmail.com",
              "Oracle-Tags.CreatedOn": "2024-05-18T05:07:10.855Z"
            },
            "description": "task_compartment",
            "freeform_tags": {},
            "id": "ocid1.compartment.oc1..aaaaaaaadq3or6xtygxv2g7qn5sn6yl4nsqdg43svv57dpsply74jjtnjvaa",
            "inactive_state": null,
            "is_accessible": true,
            "name": "task_compartment",
            "state": "ACTIVE",
            "time_created": "2024-05-18 05:07:10.888 +0000 UTC"
          },
          "sensitive_attributes": []
        }
      ]
    },
    {
      "mode": "managed",
      "type": "oci_core_instance",
      "name": "private_instance",
      "provider": "provider[\"registry.terraform.io/hashicorp/oci\"]",
      "instances": [
        {
          "schema_version": 0,
          "attributes": {
            "agent_config": [
              {
                "are_all_plugins_disabled": false,
                "is_management_disabled": false,
                "is_monitoring_disabled": false,
                "plugins_config": []
              }
            ],
            "async": null,
            "availability_config": [
              {
                "is_live_migration_preferred": false,
                "recovery_action": "RESTORE_INSTANCE"
              }
            ],
            "availability_domain": "wtHk:AP-TOKYO-1-AD-1",
            "boot_volume_id": "ocid1.bootvolume.oc1.ap-tokyo-1.abxhiljrc6s4mseblqetz6nzpssnvhglz2xu76lamafcbe6wkskb2wt4iy2a",
            "capacity_reservation_id": null,
            "cluster_placement_group_id": null,
            "compartment_id": "ocid1.compartment.oc1..aaaaaaaadq3or6xtygxv2g7qn5sn6yl4nsqdg43svv57dpsply74jjtnjvaa",
            "compute_cluster_id": null,
            "create_vnic_details": [
              {
                "assign_ipv6ip": false,
                "assign_private_dns_record": false,
                "assign_public_ip": "false",
                "defined_tags": {
                  "Oracle-Tags.CreatedBy": "default/doctorleilei@gmail.com",
                  "Oracle-Tags.CreatedOn": "2024-05-26T12:14:19.178Z"
                },
                "display_name": "private_instance",
                "freeform_tags": {},
                "hostname_label": "",
                "ipv6address_ipv6subnet_cidr_pair_details": [],
                "nsg_ids": [
                  "ocid1.networksecuritygroup.oc1.ap-tokyo-1.aaaaaaaaj4yclbs4er4pc4r5aortroxxs3jtijj4oph2cpojpsqzhehkry4a"
                ],
                "private_ip": "10.0.1.121",
                "skip_source_dest_check": false,
                "subnet_id": "ocid1.subnet.oc1.ap-tokyo-1.aaaaaaaazlzbepldtyjhprhzec2jog77zyjtikykgmcaqy5wx5yqxr4maduq",
                "vlan_id": ""
              }
            ],
            "dedicated_vm_host_id": null,
            "defined_tags": {
              "Oracle-Tags.CreatedBy": "default/doctorleilei@gmail.com",
              "Oracle-Tags.CreatedOn": "2024-05-26T12:14:19.052Z"
            },
            "display_name": "private_instance",
            "extended_metadata": {},
            "fault_domain": "FAULT-DOMAIN-1",
            "freeform_tags": {},
            "hostname_label": "",
            "id": "ocid1.instance.oc1.ap-tokyo-1.anxhiljr5x5wraqcaqq7ewpnoll3vbvzkaik23pmishszmssoqxzgy4uqhba",
            "image": "ocid1.image.oc1.ap-tokyo-1.aaaaaaaaongp2eu5zvioimbvbdh2h7leg7jdn4rmcv2lputdnpfikysou3dq",
            "instance_configuration_id": null,
            "instance_options": [
              {
                "are_legacy_imds_endpoints_disabled": false
              }
            ],
            "ipxe_script": null,
            "is_cross_numa_node": false,
            "is_pv_encryption_in_transit_enabled": null,
            "launch_mode": "PARAVIRTUALIZED",
            "launch_options": [
              {
                "boot_volume_type": "PARAVIRTUALIZED",
                "firmware": "UEFI_64",
                "is_consistent_volume_naming_enabled": true,
                "is_pv_encryption_in_transit_enabled": false,
                "network_type": "PARAVIRTUALIZED",
                "remote_data_volume_type": "PARAVIRTUALIZED"
              }
            ],
            "launch_volume_attachments": null,
            "metadata": {
              "ssh_authorized_keys": "ssh-rsa AAAAB3NzaC1yc2EAAAADAQABAAABgQC7ZJDCLwLqbDZetqylegwNLF0OueFDSoXZMLIjXNbIT5iSCNzDeC4hljvVj9pYpD/eRbopNQuR9T0iTvQA61TJx64ZySC1uEL20agrYGXmEZW0zBLzsMWMkzTFBkdhFTYbqGiW94VLwiS3G8jMR7Zwly9M60GlCLnYP0y2jtjwNgMGOUeYdwfyR0y0rnNhTOB6CDOmb/MP9SGyfdioHTdtZNcdQW0151HbCZnPrJCeQ/cvW42cnGQE6eMenVEmPW523KOuJHIUjz/2B953C0j+/wIQcH4pdf67RZED+5KqkW7cULi/p/jFlK4vYjBXZgfDTVpcDdObcS4LIljPT7UqkiV4R3AwbucnVtFSyZsQ6ERAlZEKurzaev2tW5lvg8wohKUNrQMmxsIlrQ//h6s9z0C7HwrMjyBnNCPypq5pIztVjv3xLqbCO1FmjGFXihTxXhZwynHA07s8NtcEAneCWyXTxS5bfgNLL242Mib1tw5Td44A1TbTUDJIGSd9uuc= docto@Kiseki\r\n",
              "user_data": "I2Nsb3VkLWNvbmZpZwp0aW1lem9uZTogQXNpYS9Ub2t5bwpsb2NhbGU6IGphX0pQLnV0ZjgKcGFja2FnZXM6CiAgLSBuZ2lueAogIC0gamF2YS0xMS1vcGVuamRrCiAgLSBzcWxjbApydW5jbWQ6CiAgLSBzeXN0ZW1jdGwgZW5hYmxlIG5naW54CiAgLSBzeXN0ZW1jdGwgc3RhcnQgbmdpbngKICAtIGZpcmV3YWxsLW9mZmxpbmUtY21kIC0tYWRkLXBvcnQ9ODAvdGNwCnBvd2VyX3N0YXRlOgogIG1vZGU6IHJlYm9vdAo="
            },
            "platform_config": [],
            "preemptible_instance_config": [],
            "preserve_boot_volume": false,
            "preserve_data_volumes_created_at_launch": null,
            "private_ip": "10.0.1.121",
            "public_ip": "",
            "region": "ap-tokyo-1",
            "shape": "VM.Standard.A1.Flex",
            "shape_config": [
              {
                "baseline_ocpu_utilization": "",
                "gpu_description": "",
                "gpus": 0,
                "local_disk_description": "",
                "local_disks": 0,
                "local_disks_total_size_in_gbs": 0,
                "max_vnic_attachments": 2,
                "memory_in_gbs": 6,
                "networking_bandwidth_in_gbps": 1,
                "nvmes": 0,
                "ocpus": 1,
                "processor_description": "3.0 GHz Ampere® Altra™",
                "vcpus": 1
              }
            ],
            "source_details": [
              {
                "boot_volume_size_in_gbs": "47",
                "boot_volume_vpus_per_gb": "10",
                "instance_source_image_filter_details": [],
                "is_preserve_boot_volume_enabled": false,
                "kms_key_id": "",
                "source_id": "ocid1.image.oc1.ap-tokyo-1.aaaaaaaaongp2eu5zvioimbvbdh2h7leg7jdn4rmcv2lputdnpfikysou3dq",
                "source_type": "image"
              }
            ],
            "state": "RUNNING",
            "subnet_id": "ocid1.subnet.oc1.ap-tokyo-1.aaaaaaaazlzbepldtyjhprhzec2jog77zyjtikykgmcaqy5wx5yqxr4maduq",
            "system_tags": {},
            "time_created": "2024-05-26 12:14:19.82 +0000 UTC",
            "time_maintenance_reboot_due": "",
            "timeouts": null,
            "update_operation_constraint": null
          },
          "sensitive_attributes": [],
          "private": "eyJlMmJmYjczMC1lY2FhLTExZTYtOGY4OC0zNDM2M2JjN2M0YzAiOnsiY3JlYXRlIjoyNzAwMDAwMDAwMDAwLCJkZWxldGUiOjQ1MDAwMDAwMDAwMDAsInVwZGF0ZSI6MjcwMDAwMDAwMDAwMH19",
          "dependencies": [
            "data.oci_identity_availability_domains.ads",
            "data.oci_identity_compartment.task_compartment",
            "oci_core_nat_gateway.task_nat_gateway",
            "oci_core_network_security_group.private_instance_network_security_group",
            "oci_core_route_table.private_route_table",
            "oci_core_security_list.private_security_list",
            "oci_core_subnet.private_subnet",
            "oci_core_vcn.task_vcn"
          ]
        }
      ]
    },
    {
      "mode": "managed",
      "type": "oci_core_instance",
      "name": "public_instance",
      "provider": "provider[\"registry.terraform.io/hashicorp/oci\"]",
      "instances": [
        {
          "schema_version": 0,
          "attributes": {
            "agent_config": [
              {
                "are_all_plugins_disabled": false,
                "is_management_disabled": false,
                "is_monitoring_disabled": false,
                "plugins_config": []
              }
            ],
            "async": null,
            "availability_config": [
              {
                "is_live_migration_preferred": false,
                "recovery_action": "RESTORE_INSTANCE"
              }
            ],
            "availability_domain": "wtHk:AP-TOKYO-1-AD-1",
            "boot_volume_id": "ocid1.bootvolume.oc1.ap-tokyo-1.abxhiljrbkmmsq564qwzuiowmdd5nm6lk2fysc3fj6tzfmnzz6terbuo6zhq",
            "capacity_reservation_id": null,
            "cluster_placement_group_id": null,
            "compartment_id": "ocid1.compartment.oc1..aaaaaaaadq3or6xtygxv2g7qn5sn6yl4nsqdg43svv57dpsply74jjtnjvaa",
            "compute_cluster_id": null,
            "create_vnic_details": [
              {
                "assign_ipv6ip": false,
                "assign_private_dns_record": false,
                "assign_public_ip": "true",
                "defined_tags": {
                  "Oracle-Tags.CreatedBy": "default/doctorleilei@gmail.com",
                  "Oracle-Tags.CreatedOn": "2024-05-26T12:16:14.827Z"
                },
                "display_name": "public_instance_vnic",
                "freeform_tags": {},
                "hostname_label": "",
                "ipv6address_ipv6subnet_cidr_pair_details": [],
                "nsg_ids": [
                  "ocid1.networksecuritygroup.oc1.ap-tokyo-1.aaaaaaaa7qbvy2mjqzlhyrn3rvb7u77upoqakfa256jksu7qrlaf4gie677q"
                ],
                "private_ip": "10.0.0.48",
                "skip_source_dest_check": false,
                "subnet_id": "ocid1.subnet.oc1.ap-tokyo-1.aaaaaaaamqwfb7sitcv54pba3sajbgqoltmubgbhcnwmpsjbl6imk5dft2ga",
                "vlan_id": ""
              }
            ],
            "dedicated_vm_host_id": null,
            "defined_tags": {
              "Oracle-Tags.CreatedBy": "default/doctorleilei@gmail.com",
              "Oracle-Tags.CreatedOn": "2024-05-26T12:16:14.687Z"
            },
            "display_name": "public_instance",
            "extended_metadata": {},
            "fault_domain": "FAULT-DOMAIN-1",
            "freeform_tags": {},
            "hostname_label": "",
            "id": "ocid1.instance.oc1.ap-tokyo-1.anxhiljr5x5wraqcyj433qbcxxvtlxq4nrzxdh4y4p4zmw2vdt6qfss47yrq",
            "image": "ocid1.image.oc1.ap-tokyo-1.aaaaaaaaongp2eu5zvioimbvbdh2h7leg7jdn4rmcv2lputdnpfikysou3dq",
            "instance_configuration_id": null,
            "instance_options": [
              {
                "are_legacy_imds_endpoints_disabled": false
              }
            ],
            "ipxe_script": null,
            "is_cross_numa_node": false,
            "is_pv_encryption_in_transit_enabled": null,
            "launch_mode": "PARAVIRTUALIZED",
            "launch_options": [
              {
                "boot_volume_type": "PARAVIRTUALIZED",
                "firmware": "UEFI_64",
                "is_consistent_volume_naming_enabled": true,
                "is_pv_encryption_in_transit_enabled": false,
                "network_type": "PARAVIRTUALIZED",
                "remote_data_volume_type": "PARAVIRTUALIZED"
              }
            ],
            "launch_volume_attachments": null,
            "metadata": {
              "ssh_authorized_keys": "ssh-rsa AAAAB3NzaC1yc2EAAAADAQABAAABgQC7ZJDCLwLqbDZetqylegwNLF0OueFDSoXZMLIjXNbIT5iSCNzDeC4hljvVj9pYpD/eRbopNQuR9T0iTvQA61TJx64ZySC1uEL20agrYGXmEZW0zBLzsMWMkzTFBkdhFTYbqGiW94VLwiS3G8jMR7Zwly9M60GlCLnYP0y2jtjwNgMGOUeYdwfyR0y0rnNhTOB6CDOmb/MP9SGyfdioHTdtZNcdQW0151HbCZnPrJCeQ/cvW42cnGQE6eMenVEmPW523KOuJHIUjz/2B953C0j+/wIQcH4pdf67RZED+5KqkW7cULi/p/jFlK4vYjBXZgfDTVpcDdObcS4LIljPT7UqkiV4R3AwbucnVtFSyZsQ6ERAlZEKurzaev2tW5lvg8wohKUNrQMmxsIlrQ//h6s9z0C7HwrMjyBnNCPypq5pIztVjv3xLqbCO1FmjGFXihTxXhZwynHA07s8NtcEAneCWyXTxS5bfgNLL242Mib1tw5Td44A1TbTUDJIGSd9uuc= docto@Kiseki\r\n",
              "user_data": "IyMgdGVtcGxhdGU6IGppbmphCiNjbG91ZC1jb25maWcKdGltZXpvbmU6IEFzaWEvVG9reW8KbG9jYWxlOiBqYV9KUC51dGY4CnBhY2thZ2VzOgogIC0gb3JhY2xlbGludXgtZGV2ZWxvcGVyLXJlbGVhc2UtZWw4CiAgLSBweXRob24zNi1vY2ktY2xpCiAgLSBqYXZhLTExLW9wZW5qZGsKICAtIHNxbGNsCndyaXRlX2ZpbGVzOgogIC0gY29udGVudDogfAogICAgICAwMCAwOSAqICogKiAvaG9tZS9vcGMvYmFzaC9hdXRvbm9tb3VzLWRhdGFiYXNlLXN0YXJ0LnNoCiAgICAgIDAwIDE4ICogKiAqIC9ob21lL29wYy9iYXNoL2F1dG9ub21vdXMtZGF0YWJhc2Utc3RvcC5zaAogICAgICAwMCAwOSAqICogKiAvaG9tZS9vcGMvYmFzaC9wcml2YXRlLWluc3RhbmNlLXN0YXJ0LnNoCiAgICAgIDAwIDE4ICogKiAqIC9ob21lL29wYy9iYXNoL3ByaXZhdGUtaW5zdGFuY2Utc3RvcC5zaAogICAgcGF0aDogL3Zhci9zcG9vbC9jcm9uL29wYwogICAgYXBwZW5kOiB0cnVlCiAgLSBjb250ZW50OiAiW0RFRkFVTFRdXG51c2VyPW9jaWQxLnVzZXIub2MxLi5hYWFhYWFhYWJmaHljdnV0MnlxZ3FtYWxkdGlxazIza3Vya2R1cDVxczRraHFqandxdGRhM2Nvd200NHFcbmZpbmdlcnByaW50PTU1OjRhOmZmOjUwOmVlOjllOjFmOjgyOmQ1OmQyOjVmOjE0OjYwOmNmOjQ2OmQ0XG5rZXlfZmlsZT0vaG9tZS9vcGMvLm9jaS9vY2lfYXBpX2tleS5wZW1cbnRlbmFuY3k9b2NpZDEudGVuYW5jeS5vYzEuLmFhYWFhYWFhYmYzaHg1YTZ1a2ptM3VrZnpoZGR5N2hkem9hNnQ0bTN3c2Zpa2ZlcDI1djZkYnJ3dXl5YVxucmVnaW9uPWFwLXRva3lvLTFcbiIKICAgIHBhdGg6IC9ob21lL29wYy8ub2NpL2NvbmZpZwogIC0gY29udGVudDogIi0tLS0tQkVHSU4gUFJJVkFURSBLRVktLS0tLVxuTUlJRXZRSUJBREFOQmdrcWhraUc5dzBCQVFFRkFBU0NCS2N3Z2dTakFnRUFBb0lCQVFDOWV1dksrVW1LVUlIa1xuZEJjSk9rdnl2cVgzekZONmdnbmw2K3hUK25hSHFsaWJZVzJNbFo5UFR4VGNTUTN5MitXby9KZWR1UlcrVURDWlxudC94K2RnaFNxZ2dFT3pQclpOS0FjVUF0ZnQrMTNXcnp0QWF1c1p5S2V6RS9waGdjRmhKa0RjbHpYNEdxRzNZNVxudG9JSytGYWlSRkZJS0I0Zkt4a2ZmSXZWOUMyTFhoTjdNelY3dWk0b25QOEpXM1JaN3hTUnpDNVRGZk1MNzU2Z1xuTnBtb3VsNWV1NDFvL2kwMkl5OGtSSTBZVXZBMGkxWDIxSXJibXpCdk05RDV2aWt4ZWlERGV2QnlleUpMUDZNdFxuOHA5NVN1RVJiZVVVYlRNbGlsNjBlZU9WZ1ovQzdTVUhoQlVDSTI5SFVjSkw0bXJ2L2NsblJ1bzFMMzVwSC8zOFxueWFKNnRDR3hBZ01CQUFFQ2dnRUFPcW1OeXQ5M0Z5MXBxWk1QZHJubnZaV3N5SlVuMnl2YmFLV3NHeXZWK3BhUVxuckRwenNpeTRqOU5LQUJGV0VqUm1XL1VuODVyVDBvSDlLZm8rWCtDbkh3Q3BUcllOa3ZrNStxNFZVb0NQUGp6NFxuMmM2SXF4a3QvK200QzU2ZXBFTnBHalR5ZzVlMEN6aEpXQURiTGc1SXRDQTJrZ0pwb1BpMDVIeW94bXE4bHdMV1xuNEpxRjVraGJYdTU1VEF0ZlVmc3ZOWlpwaEhPdVZRcWhZcE9kRmNLWWM5cGd3THlnTnc2WDNodzBIQ1FlK3UxclxubkRnMWFwd3UyQ0g3VDdaMng1amZCbFpzNUUvSS9jQjBIWlRVNkNCZ3FTZFFKQ0J1bDFEQnVwc2pXK3hPelFJUlxuNjVSTFV1N0FwVThYZW15SHJhUFRNdzdoQm9xRDdYcXlmMGJIM0hhMTZRS0JnUURkbW83T2JHMjk3ZEZPZnNmUVxuKysvL25TUmZ3c3k4OENockUzY2xtMitLTEprM1dqYm1aZ0t1WlJ4dWJwZ3REMmlSelFDZ2daL2doWi9CZ09LTVxuSlBnQUp0NWJCaGJyR0ZUNStXYUxRNnh6aWtzTnFaL0FPdWdkRDNtNTk1YUtid3AyZE5xMlcyUFNtckRzM0lyeFxuZHhJSHk3MlY4ZzJtYzhQbGFFb2QreFFLQXdLQmdRRGE0KzRoV2wzbm53Y0pqNG9WR3Y1VnhibU95VC9kWnNsM1xua05LOGlEeWxCeE1DN0NwQ0REbHlvY2lIdThUZDlLZng4VTVCUmN5cFF5eWJqT3Y3OUJ5QWRmdzBsMEZ6cW1nNlxuUUI0Z3RxWmQzUWlIL0wvV3NnUkhHbWRyeEc0RGtrMjlEOHQ1ajRnNmZOYVNpNkVIMTAyQXEwZ1NuRVBOZ3ZjMVxuMmhwVzllUHhPd0tCZ0JaY1l5NlhLRmV5Nkp6b0ZCZVZaSGxCalFzUXFBSWtwWjl3WG1Sd0U4ZzRpZGxaQkJNcFxubGZtdEFEcHdkSENQam5pdjIvRldReUN2dXhnV2ZrV3Y4VXBxb2FORHNRcFY4VFVzSWxuSklWeWpSc0dCTFRxRFxuZHlwL2hrUHFwTWtoUFVnSXNJMFlHYkdGcEhheUpsOEpLY3VabG03TDl1NmwzYzJIUVh0Vys0V3JBb0dCQUxOYlxuMDNPbS9ZMWVoTUN6eW55eXlyYnp0ckdtZkZ0cDd5bTNGTWNCaDFmZWJSaVc5YVY3S05PaWQ1T3BLNDZIKzluSFxuVmMwc2FhQkVkOWZaNkVCaTdidmhjZENTSkVLbjNwSGttZ3RLUHhab21LWDlXQ0NQYSt2cldkVTNkc0ljYnZDOVxuY1loaE1VcGpvdHNmNk1wcEJJdXJUZnBaNjBFSjBKRmk3dlJVdGZ1akFvR0FDcVl6OXVmU1RJaThjMXF0aE9EY1xuZmk1cCtwMDdKTDFFbzNnR1NYTStSdEhjNHBKZFZheHU0ZVZRdjYvaDEySjM2K3N3b0Y3WlY3Y2JQY0paREFoY1xuMnBpK0dpMTFlam9yZE5NRUtaQlZYTGc4VHBtTGtkajhIVjc4Z0I5REpuSUpheVdUUWlCWndCdERodWNZSko3OFxuSnltVTA2RWFRSFp0dGo2V050dzB1Wms9XG4tLS0tLUVORCBQUklWQVRFIEtFWS0tLS0tXG4iCiAgICBwYXRoOiAvaG9tZS9vcGMvLm9jaS9vY2lfYXBpX2tleS5wZW0KICAtIGNvbnRlbnQ6ICJbREVGQVVMVF1cbnVzZXI9b2NpZDEudXNlci5vYzEuLmFhYWFhYWFhYmZoeWN2dXQyeXFncW1hbGR0aXFrMjNrdXJrZHVwNXFzNGtocWpqd3F0ZGEzY293bTQ0cVxuZmluZ2VycHJpbnQ9NTU6NGE6ZmY6NTA6ZWU6OWU6MWY6ODI6ZDU6ZDI6NWY6MTQ6NjA6Y2Y6NDY6ZDRcbmtleV9maWxlPS9ob21lL29wYy8ub2NpL29jaV9hcGlfa2V5LnBlbVxudGVuYW5jeT1vY2lkMS50ZW5hbmN5Lm9jMS4uYWFhYWFhYWFiZjNoeDVhNnVram0zdWtmemhkZHk3aGR6b2E2dDRtM3dzZmlrZmVwMjV2NmRicnd1eXlhXG5yZWdpb249YXAtdG9reW8tMVxuIgogICAgcGF0aDogL3Jvb3QvLm9jaS9jb25maWcKICAtIGNvbnRlbnQ6ICItLS0tLUJFR0lOIFBSSVZBVEUgS0VZLS0tLS1cbk1JSUV2UUlCQURBTkJna3Foa2lHOXcwQkFRRUZBQVNDQktjd2dnU2pBZ0VBQW9JQkFRQzlldXZLK1VtS1VJSGtcbmRCY0pPa3Z5dnFYM3pGTjZnZ25sNit4VCtuYUhxbGliWVcyTWxaOVBUeFRjU1EzeTIrV28vSmVkdVJXK1VEQ1pcbnQveCtkZ2hTcWdnRU96UHJaTktBY1VBdGZ0KzEzV3J6dEFhdXNaeUtlekUvcGhnY0ZoSmtEY2x6WDRHcUczWTVcbnRvSUsrRmFpUkZGSUtCNGZLeGtmZkl2VjlDMkxYaE43TXpWN3VpNG9uUDhKVzNSWjd4U1J6QzVURmZNTDc1Nmdcbk5wbW91bDVldTQxby9pMDJJeThrUkkwWVV2QTBpMVgyMUlyYm16QnZNOUQ1dmlreGVpRERldkJ5ZXlKTFA2TXRcbjhwOTVTdUVSYmVVVWJUTWxpbDYwZWVPVmdaL0M3U1VIaEJVQ0kyOUhVY0pMNG1ydi9jbG5SdW8xTDM1cEgvMzhcbnlhSjZ0Q0d4QWdNQkFBRUNnZ0VBT3FtTnl0OTNGeTFwcVpNUGRybm52WldzeUpVbjJ5dmJhS1dzR3l2VitwYVFcbnJEcHpzaXk0ajlOS0FCRldFalJtVy9Vbjg1clQwb0g5S2ZvK1grQ25Id0NwVHJZTmt2azUrcTRWVW9DUFBqejRcbjJjNklxeGt0LyttNEM1NmVwRU5wR2pUeWc1ZTBDemhKV0FEYkxnNUl0Q0Eya2dKcG9QaTA1SHlveG1xOGx3TFdcbjRKcUY1a2hiWHU1NVRBdGZVZnN2TlpacGhIT3VWUXFoWXBPZEZjS1ljOXBnd0x5Z053NlgzaHcwSENRZSt1MXJcbm5EZzFhcHd1MkNIN1Q3WjJ4NWpmQmxaczVFL0kvY0IwSFpUVTZDQmdxU2RRSkNCdWwxREJ1cHNqVyt4T3pRSVJcbjY1UkxVdTdBcFU4WGVteUhyYVBUTXc3aEJvcUQ3WHF5ZjBiSDNIYTE2UUtCZ1FEZG1vN09iRzI5N2RGT2ZzZlFcbisrLy9uU1Jmd3N5ODhDaHJFM2NsbTIrS0xKazNXamJtWmdLdVpSeHVicGd0RDJpUnpRQ2dnWi9naFovQmdPS01cbkpQZ0FKdDViQmhickdGVDUrV2FMUTZ4emlrc05xWi9BT3VnZEQzbTU5NWFLYndwMmROcTJXMlBTbXJEczNJcnhcbmR4SUh5NzJWOGcybWM4UGxhRW9kK3hRS0F3S0JnUURhNCs0aFdsM25ud2NKajRvVkd2NVZ4Ym1PeVQvZFpzbDNcbmtOSzhpRHlsQnhNQzdDcENERGx5b2NpSHU4VGQ5S2Z4OFU1QlJjeXBReXliak92NzlCeUFkZncwbDBGenFtZzZcblFCNGd0cVpkM1FpSC9ML1dzZ1JIR21kcnhHNERrazI5RDh0NWo0ZzZmTmFTaTZFSDEwMkFxMGdTbkVQTmd2YzFcbjJocFc5ZVB4T3dLQmdCWmNZeTZYS0ZleTZKem9GQmVWWkhsQmpRc1FxQUlrcFo5d1htUndFOGc0aWRsWkJCTXBcbmxmbXRBRHB3ZEhDUGpuaXYyL0ZXUXlDdnV4Z1dma1d2OFVwcW9hTkRzUXBWOFRVc0lsbkpJVnlqUnNHQkxUcURcbmR5cC9oa1BxcE1raFBVZ0lzSTBZR2JHRnBIYXlKbDhKS2N1WmxtN0w5dTZsM2MySFFYdFcrNFdyQW9HQkFMTmJcbjAzT20vWTFlaE1DenlueXl5cmJ6dHJHbWZGdHA3eW0zRk1jQmgxZmViUmlXOWFWN0tOT2lkNU9wSzQ2SCs5bkhcblZjMHNhYUJFZDlmWjZFQmk3YnZoY2RDU0pFS24zcEhrbWd0S1B4Wm9tS1g5V0NDUGErdnJXZFUzZHNJY2J2QzlcbmNZaGhNVXBqb3RzZjZNcHBCSXVyVGZwWjYwRUowSkZpN3ZSVXRmdWpBb0dBQ3FZejl1ZlNUSWk4YzFxdGhPRGNcbmZpNXArcDA3SkwxRW8zZ0dTWE0rUnRIYzRwSmRWYXh1NGVWUXY2L2gxMkozNitzd29GN1pWN2NiUGNKWkRBaGNcbjJwaStHaTExZWpvcmROTUVLWkJWWExnOFRwbUxrZGo4SFY3OGdCOURKbklKYXlXVFFpQlp3QnREaHVjWUpKNzhcbkp5bVUwNkVhUUhadHRqNldOdHcwdVprPVxuLS0tLS1FTkQgUFJJVkFURSBLRVktLS0tLVxuIgogICAgcGF0aDogL3Jvb3QvLm9jaS9vY2lfYXBpX2tleS5wZW0KICAtIGNvbnRlbnQ6ICItLS0tLUJFR0lOIE9QRU5TU0ggUFJJVkFURSBLRVktLS0tLVxuYjNCbGJuTnphQzFyWlhrdGRqRUFBQUFBQkc1dmJtVUFBQUFFYm05dVpRQUFBQUFBQUFBQkFBQUJsd0FBQUFkemMyZ3RjblxuTmhBQUFBQXdFQUFRQUFBWUVBdTJTUXdpOEM2bXcyWHJhc3BYb01EU3hkRHJuaFEwcUYyVEN5STF6V3lFK1lrZ2pjdzNndVxuSVpZNzFZL2FXS1EvM2tXNktUVUxrZlU5SWs3MEFPdFV5Y2V1R2NrZ3RiaEM5dEdvSzJCbDVoR1Z0TXdTODdERmpKTTB4UVxuWkhZUlUyRzZob2x2ZUZTOElrdHh2SXpFZTJjSmN2VE90QnBRaTUyRDlNdG83WThEWURCamxIbUhjSDhrZE10SzV6WVV6Z1xuZWdnenBtL3pEL1Voc24zWXFCMDNiV1RYSFVGdE5lZFIyd21aejZ5UW5rUDNMMXVObkp4a0JPbmpIcDFSSmoxdWR0eWpyaVxuUnlGSTgvOWdmZWR3dEkvdjhDRUhCK0tYWCt1MFdSQS91U3FwRnUzRkM0djZmNHhaU3VMMkl3VjJZSHcwMWFYQTNUbTNFdVxuQ3lKWXowKzFLcElsZUVkd01HN25KMWJSVXNtYkVPaEVRSldSQ3JxODJucjlyVnVaYjRQTUtJU2xEYTBESnNiQ0phMFAvNFxuZXJQYzlBdXg4S3pJOGdaelFqOHFhdWFTTTdWWTc5OFM2bXdqdFJab3hoVjRvVThWNFdjTXB4d05PN1BEYlhCQUozZ2xzbFxuMDhVdVczNERTeTl1TmpJbTliY09VM2VPQU5VMjAxQXlTQmtuZmJybkFBQUZpT3ZnU0lucjRFaUpBQUFBQjNOemFDMXljMlxuRUFBQUdCQUx0a2tNSXZBdXBzTmw2MnJLVjZEQTBzWFE2NTRVTktoZGt3c2lOYzFzaFBtSklJM01ONExpR1dPOVdQMmxpa1xuUDk1RnVpazFDNUgxUFNKTzlBRHJWTW5IcmhuSklMVzRRdmJScUN0Z1plWVJsYlRNRXZPd3hZeVROTVVHUjJFVk5odW9hSlxuYjNoVXZDSkxjYnlNeEh0bkNYTDB6clFhVUl1ZGcvVExhTzJQQTJBd1k1UjVoM0IvSkhUTFN1YzJGTTRIb0lNNlp2OHcvMVxuSWJKOTJLZ2ROMjFrMXgxQmJUWG5VZHNKbWMrc2tKNUQ5eTlialp5Y1pBVHA0eDZkVVNZOWJuYmNvNjRrY2hTUFAvWUgzblxuY0xTUDcvQWhCd2ZpbDEvcnRGa1FQN2txcVJidHhRdUwrbitNV1VyaTlpTUZkbUI4Tk5XbHdOMDV0eExnc2lXTTlQdFNxU1xuSlhoSGNEQnU1eWRXMFZMSm14RG9SRUNWa1FxNnZOcDYvYTFibVcrRHpDaUVwUTJ0QXliR3dpV3RELytIcXozUFFMc2ZDc1xueVBJR2MwSS9LbXJta2pPMVdPL2ZFdXBzSTdVV2FNWVZlS0ZQRmVGbkRLY2NEVHV6dzIxd1FDZDRKYkpkUEZMbHQrQTBzdlxuYmpZeUp2VzNEbE4zamdEVk50TlFNa2daSjMyNjV3QUFBQU1CQUFFQUFBR0FYRzVnVU1mcmdrSGFGNkczU3ZBR1hjRVNMWlxuOVdFMkVBNEg1NmY2TGRkblI4Wnh2aitLNmc0b1ErQXpzdmtpV0NNMXJsVmtvSjZQYTBMdVlPeVIxSzl6UjlGYzcxU1cwWFxuNnJMRFpwSG44VEdmVEV5VTFJclBCbVhkMDRralVDbXNSTHd1eXJoUWtXdXp2SFlCOTNFdjloMDhnWTVSRk54Vy91bEtKNFxub1NTM240eCtzYys0Rks5Q0JqSDRRaytVdDROZmt4c05qclpXV2VOM0tIbVhTLzBEKzdNMzBBSjJSd0pjQjRrODBra0V3cFxuOHJ3UC83M01QL2cxeFBZSC92cXhWcWxPYXpickpkQmxqeWZQTWlUVU1NaFI1U0NRdUQ5MlVyZ2VOT0R5VXRBeGdTa0FiVlxuTDF1TFU4RjlCaHJRYnJjeGpxTXZ2cjFtOWpoQmN3TlptZUowNG1BbVhtVEpLTGRBSHpaR0Rzc1JZRXN6YjE0cGJNK1VhQ1xuZ2plSDZSSE85L05ON2NGNU1vSUlPMERnNjYzaTBZdStjZ2MvNVN0T01ncnJvVVdtK2Y3SzdtVTFwVlo4a2pKN1UzaTZNRFxuOGNyZFJrNk5YKzJtdU40WWlhYjFzUnV0WW1PbXN3T0VRdnhDb1I3TzNOWDl6TktaZllLQnQ0eFNtRk1NUFRyeGZCQUFBQVxud0JCTnRQZVo1c1oyaU0zbDloU1dMcEEyQzg3QlA5eW5VeXpCc2E2eFJvL2s2VFlnQjdRelprVGdxa1lDU0g4V0tJbE9vWFxudnRoWlpWQUoxckFNMSt6VmVjb05ab1R4ZkUwSHZwcWxtMFFzLzlaZVRZR0JqaXEwSnlnOHNKYkxpemtvbWhBRzZTYVd3MlxuM0gxeUduR0xITmk2RWdVVmV6VW03a1FsOGpaOFEvakY4V01aWk9EWllRTENmcGttWTFrb3N5ODkrLzUyVzRUdEIrQURzTlxuUkY5K2h5aVNqNDJUbC9jRGJ0ZHA1MVI1dVhZRHpvMXdjYXlHbGtuZXRjVkh0U2xBQUFBTUVBOURhbjIyZ1dwZzc3WGJ1ZFxuekxiMEFkYXU0V044djZRSnlyNHp0Tkgxbmk2QUNXZHBhdUFST3Z4SUt0TFpWVnNKTnNBaUgwaFppQ0ppZEZSdnR3RFlvWlxuYTk5akVjNUJPMUYzVnMzUEowVzRsd25nR2RkN3A0Rk8wak5MeXFJOU5pdXY5dm82K2lFS0J4MGpyQUhsaHl2REl2Mml3cVxuK2toNmhUVnFpcC9neXM4cXhkUDVHWVg5aUVuaTZ0dWRzOEZHZVJ1MW1RS1NweVFaU0YzTkp5b3hzUUg3Tk1pVnF0ekNFVVxuOUZKSUxkSzE5eDYyZnhuMHI1WmxMUnlGVDl0UlB4QUFBQXdRREViOTdOZTRyazdpRTNCWndGNUhZRCt0elhnY2o1VFF6YVxudjBSL2ZqSzV1SEYzVkF5K01TRE0rN3R0WkdPM0d3ajhqMFM0RXdRdmdiZUdrR3dyV1BQZnVsZzRNMTR4QnlQQlgzMFdPRlxuUWlOVHh5Q1FHVVEwRDBPQWFIVFk0R21tbGgyRmk5M0RDU3FkRHhBQ1ZOQ2dzaUVnUy9oQWs4Y3QvZmpBb0tFOUlTYVdCTVxuczBZRG5DcENJNkRGYjA1SWwwMnRwSkp3bGJhRXVHdXlVY3JuaGlRSTRTb2NGYjQvYVh5V0p5SDNLRHJQU0ZHTXlHYjlSTFxudW5telRNU21CWE5GY0FBQUFNWkc5amRHOUFTMmx6Wld0cEFRSURCQVVHQnc9PVxuLS0tLS1FTkQgT1BFTlNTSCBQUklWQVRFIEtFWS0tLS0tXG4iCiAgICBwYXRoOiAvaG9tZS9vcGMvLnNzaC9pZF9yc2EKICAtIGNvbnRlbnQ6IHwKICAgICAgYXV0b25vbW91c19kYXRhYmFzZV9zdGF0dXM9JChvY2kgZGIgYXV0b25vbW91cy1kYXRhYmFzZSBnZXQgLS1hdXRvbm9tb3VzLWRhdGFiYXNlLWlkIG9jaWQxLmF1dG9ub21vdXNkYXRhYmFzZS5vYzEuYXAtdG9reW8tMS5hbnhoaWxqcjV4NXdyYXFhejZmeHJjeXVva2Z5MmMyZGJpa3lud2NtNmFkenI0NmVhdmlwaGV2eTR1b3EgfCBqcSAtciAnLmRhdGEuWyJsaWZlY3ljbGUtc3RhdGUiXScpCiAgICAgIGlmIFsgJGF1dG9ub21vdXNfZGF0YWJhc2Vfc3RhdHVzICE9ICJBVkFJTEFCTEUiIF07IHRoZW4KICAgICAgICBvY2kgZGIgYXV0b25vbW91cy1kYXRhYmFzZSBzdGFydCAtLWF1dG9ub21vdXMtZGF0YWJhc2UtaWQgb2NpZDEuYXV0b25vbW91c2RhdGFiYXNlLm9jMS5hcC10b2t5by0xLmFueGhpbGpyNXg1d3JhcWF6NmZ4cmN5dW9rZnkyYzJkYmlreW53Y202YWR6cjQ2ZWF2aXBoZXZ5NHVvcQogICAgICBmaQogICAgcGF0aDogL2hvbWUvb3BjL2Jhc2gvYXV0b25vbW91cy1kYXRhYmFzZS1zdGFydC5zaAogICAgcGVybWlzc2lvbnM6ICIwNzU1IgogIC0gY29udGVudDogfAogICAgICBhdXRvbm9tb3VzX2RhdGFiYXNlX3N0YXR1cz0kKG9jaSBkYiBhdXRvbm9tb3VzLWRhdGFiYXNlIGdldCAtLWF1dG9ub21vdXMtZGF0YWJhc2UtaWQgb2NpZDEuYXV0b25vbW91c2RhdGFiYXNlLm9jMS5hcC10b2t5by0xLmFueGhpbGpyNXg1d3JhcWF6NmZ4cmN5dW9rZnkyYzJkYmlreW53Y202YWR6cjQ2ZWF2aXBoZXZ5NHVvcSB8IGpxIC1yICcuZGF0YS5bImxpZmVjeWNsZS1zdGF0ZSJdJykKICAgICAgaWYgWyAkYXV0b25vbW91c19kYXRhYmFzZV9zdGF0dXMgIT0gIlNUT1BQRUQiIF07IHRoZW4KICAgICAgICBvY2kgZGIgYXV0b25vbW91cy1kYXRhYmFzZSBzdG9wIC0tYXV0b25vbW91cy1kYXRhYmFzZS1pZCBvY2lkMS5hdXRvbm9tb3VzZGF0YWJhc2Uub2MxLmFwLXRva3lvLTEuYW54aGlsanI1eDV3cmFxYXo2ZnhyY3l1b2tmeTJjMmRiaWt5bndjbTZhZHpyNDZlYXZpcGhldnk0dW9xCiAgICAgIGZpCiAgICBwYXRoOiAvaG9tZS9vcGMvYmFzaC9hdXRvbm9tb3VzLWRhdGFiYXNlLXN0b3Auc2gKICAgIHBlcm1pc3Npb25zOiAiMDc1NSIKICAtIGNvbnRlbnQ6IHwKICAgICAgaW5zdGFuY2Vfc3RhdHVzPSQob2NpIGNvbXB1dGUgaW5zdGFuY2UgZ2V0IC0taW5zdGFuY2UtaWQgb2NpZDEuaW5zdGFuY2Uub2MxLmFwLXRva3lvLTEuYW54aGlsanI1eDV3cmFxY2FxcTdld3Bub2xsM3ZidnprYWlrMjNwbWlzaHN6bXNzb3F4emd5NHVxaGJhIHwganEgLXIgJy5kYXRhLlsibGlmZWN5Y2xlLXN0YXRlIl0nKQogICAgICBpZiBbICRpbnN0YW5jZV9zdGF0dXMgIT0gIlJVTk5JTkciIF07IHRoZW4KICAgICAgICBvY2kgY29tcHV0ZSBpbnN0YW5jZSBhY3Rpb24gLS1hY3Rpb24gIlNUQVJUIiAtLWluc3RhbmNlLWlkIG9jaWQxLmluc3RhbmNlLm9jMS5hcC10b2t5by0xLmFueGhpbGpyNXg1d3JhcWNhcXE3ZXdwbm9sbDN2YnZ6a2FpazIzcG1pc2hzem1zc29xeHpneTR1cWhiYQogICAgICBmaQogICAgcGF0aDogL2hvbWUvb3BjL2Jhc2gvcHJpdmF0ZS1pbnN0YW5jZS1zdGFydC5zaAogICAgcGVybWlzc2lvbnM6ICIwNzU1IgogIC0gY29udGVudDogfAogICAgICBpbnN0YW5jZV9zdGF0dXM9JChvY2kgY29tcHV0ZSBpbnN0YW5jZSBnZXQgLS1pbnN0YW5jZS1pZCBvY2lkMS5pbnN0YW5jZS5vYzEuYXAtdG9reW8tMS5hbnhoaWxqcjV4NXdyYXFjYXFxN2V3cG5vbGwzdmJ2emthaWsyM3BtaXNoc3ptc3NvcXh6Z3k0dXFoYmEgfCBqcSAtciAnLmRhdGEuWyJsaWZlY3ljbGUtc3RhdGUiXScpCiAgICAgIGlmIFsgJGluc3RhbmNlX3N0YXR1cyAhPSAiU1RPUFBFRCIgXTsgdGhlbgogICAgICAgIG9jaSBjb21wdXRlIGluc3RhbmNlIGFjdGlvbiAtLWFjdGlvbiAiU09GVFNUT1AiIC0taW5zdGFuY2UtaWQgb2NpZDEuaW5zdGFuY2Uub2MxLmFwLXRva3lvLTEuYW54aGlsanI1eDV3cmFxY2FxcTdld3Bub2xsM3ZidnprYWlrMjNwbWlzaHN6bXNzb3F4emd5NHVxaGJhCiAgICAgIGZpCiAgICBwYXRoOiAvaG9tZS9vcGMvYmFzaC9wcml2YXRlLWluc3RhbmNlLXN0b3Auc2gKICAgIHBlcm1pc3Npb25zOiAiMDc1NSIKcnVuY21kOgogIC0gY2hvd24gLVIgb3BjOm9wYyAvaG9tZS9vcGMvCiAgLSAnb2NpIGNvbXB1dGUgaW5zdGFuY2UgYXR0YWNoLXZuaWMgLS1pbnN0YW5jZS1pZCB7eyB2MS5pbnN0YW5jZV9pZCB9fSAtLXN1Ym5ldC1pZCBvY2lkMS5zdWJuZXQub2MxLmFwLXRva3lvLTEuYWFhYWFhYWF6bHpiZXBsZHR5amhwcmh6ZWMyam9nNzd6eWp0aWt5a2dtY2FxeTV3eDV5cXhyNG1hZHVxIC0tbnNnLWlkcyAnJ1sib2NpZDEubmV0d29ya3NlY3VyaXR5Z3JvdXAub2MxLmFwLXRva3lvLTEuYWFhYWFhYWFqNHljbGJzNGVyNHBjNHI1YW9ydHJveHhzM2p0aWpqNG9waDJjcG9qcHNxemhlaGtyeTRhIl0nJyAtLXdhaXQnCiAgLSAicHJpbWFyeV92bmljX2lkPSQoY3VybCAtSCAnQXV0aG9yaXphdGlvbjogQmVhcmVyIE9yYWNsZScgaHR0cDovLzE2OS4yNTQuMTY5LjI1NC9vcGMvdjEvdm5pY3MvIHwganEgLXIgJy5bMF0udm5pY0lkJykiCiAgLSAicHJpbWFyeV9wcml2YXRlX2lwX2lkPSQob2NpIG5ldHdvcmsgcHJpdmF0ZS1pcCBsaXN0IC0tdm5pYy1pZCAkcHJpbWFyeV92bmljX2lkIHwganEgLXIgJy5kYXRhW10uaWQnKSIKICAtICJjdXJyZW50X3B1YmxpY19pcF9pZD0kKG9jaSBuZXR3b3JrIHB1YmxpYy1pcCBnZXQgLS1wcml2YXRlLWlwLWlkICRwcmltYXJ5X3ByaXZhdGVfaXBfaWQgfCBqcSAtciAnLmRhdGEuaWQnKSIKICAtIG9jaS1uZXR3b3JrLWNvbmZpZyBjb25maWd1cmUKICAtICJzZWNvbmRhcnlfdm5pY19pZD0kKGN1cmwgLUggJ0F1dGhvcml6YXRpb246IEJlYXJlciBPcmFjbGUnIGh0dHA6Ly8xNjkuMjU0LjE2OS4yNTQvb3BjL3YxL3ZuaWNzLyB8IGpxIC1yICcuWzFdLnZuaWNJZCcpIgogIC0gInByaXZhdGVfcm91dGVyX2lwPSQoY3VybCAtSCAnQXV0aG9yaXphdGlvbjogQmVhcmVyIE9yYWNsZScgaHR0cDovLzE2OS4yNTQuMTY5LjI1NC9vcGMvdjEvdm5pY3MvIHwganEgLXIgJy5bMV0udmlydHVhbFJvdXRlcklwJykiCiAgLSByb3V0ZSBhZGQgZGVmYXVsdCBndyAkcHJpdmF0ZV9yb3V0ZXJfaXAKICAtIG9jaSBuZXR3b3JrIHB1YmxpYy1pcCBkZWxldGUgLS1wdWJsaWMtaXAtaWQgJGN1cnJlbnRfcHVibGljX2lwX2lkIC0tZm9yY2UgLS13YWl0LWZvci1zdGF0ZSBVTkFTU0lHTkVECiAgLSBvY2kgbmV0d29yayBwdWJsaWMtaXAgdXBkYXRlIC0tcHVibGljLWlwLWlkIG9jaWQxLnB1YmxpY2lwLm9jMS5hcC10b2t5by0xLmFtYWFhYWFhNXg1d3JhcWFheWtlNWJ3bmlwYmFmNWNmajVhZ2F6NGRhcHUyamN0eXVqcHdqcDN0cnJ0cSAtLXByaXZhdGUtaXAtaWQgJHByaW1hcnlfcHJpdmF0ZV9pcF9pZAogIC0gb2NpIGNvbXB1dGUgaW5zdGFuY2UgZGV0YWNoLXZuaWMgLS1jb21wYXJ0bWVudC1pZCB7eyBkcy5jb21wYXJ0bWVudElkIH19IC0tdm5pYy1pZCAkc2Vjb25kYXJ5X3ZuaWNfaWQgLS1mb3JjZQpwb3dlcl9zdGF0ZToKICBtb2RlOiByZWJvb3QK"
            },
            "platform_config": [],
            "preemptible_instance_config": [],
            "preserve_boot_volume": false,
            "preserve_data_volumes_created_at_launch": null,
            "private_ip": "10.0.0.48",
            "public_ip": "150.230.102.52",
            "region": "ap-tokyo-1",
            "shape": "VM.Standard.A1.Flex",
            "shape_config": [
              {
                "baseline_ocpu_utilization": "",
                "gpu_description": "",
                "gpus": 0,
                "local_disk_description": "",
                "local_disks": 0,
                "local_disks_total_size_in_gbs": 0,
                "max_vnic_attachments": 2,
                "memory_in_gbs": 6,
                "networking_bandwidth_in_gbps": 1,
                "nvmes": 0,
                "ocpus": 1,
                "processor_description": "3.0 GHz Ampere® Altra™",
                "vcpus": 1
              }
            ],
            "source_details": [
              {
                "boot_volume_size_in_gbs": "47",
                "boot_volume_vpus_per_gb": "10",
                "instance_source_image_filter_details": [],
                "is_preserve_boot_volume_enabled": false,
                "kms_key_id": "",
                "source_id": "ocid1.image.oc1.ap-tokyo-1.aaaaaaaaongp2eu5zvioimbvbdh2h7leg7jdn4rmcv2lputdnpfikysou3dq",
                "source_type": "image"
              }
            ],
            "state": "RUNNING",
            "subnet_id": "ocid1.subnet.oc1.ap-tokyo-1.aaaaaaaamqwfb7sitcv54pba3sajbgqoltmubgbhcnwmpsjbl6imk5dft2ga",
            "system_tags": {},
            "time_created": "2024-05-26 12:16:15.479 +0000 UTC",
            "time_maintenance_reboot_due": "",
            "timeouts": null,
            "update_operation_constraint": null
          },
          "sensitive_attributes": [],
          "private": "eyJlMmJmYjczMC1lY2FhLTExZTYtOGY4OC0zNDM2M2JjN2M0YzAiOnsiY3JlYXRlIjoyNzAwMDAwMDAwMDAwLCJkZWxldGUiOjQ1MDAwMDAwMDAwMDAsInVwZGF0ZSI6MjcwMDAwMDAwMDAwMH19",
          "dependencies": [
            "data.oci_core_public_ip.public_instance_reserved_public_ip",
            "data.oci_identity_availability_domains.ads",
            "data.oci_identity_compartment.task_compartment",
            "oci_core_instance.private_instance",
            "oci_core_internet_gateway.task_internet_gateway",
            "oci_core_nat_gateway.task_nat_gateway",
            "oci_core_network_security_group.private_instance_network_security_group",
            "oci_core_network_security_group.public_instance_network_security_group",
            "oci_core_route_table.private_route_table",
            "oci_core_route_table.public_route_table",
            "oci_core_security_list.private_security_list",
            "oci_core_security_list.public_security_list",
            "oci_core_subnet.private_subnet",
            "oci_core_subnet.public_subnet",
            "oci_core_vcn.task_vcn",
            "oci_database_autonomous_database.task_autonomous_database"
          ]
        }
      ]
    },
    {
      "mode": "managed",
      "type": "oci_core_internet_gateway",
      "name": "task_internet_gateway",
      "provider": "provider[\"registry.terraform.io/hashicorp/oci\"]",
      "instances": [
        {
          "schema_version": 0,
          "attributes": {
            "compartment_id": "ocid1.compartment.oc1..aaaaaaaadq3or6xtygxv2g7qn5sn6yl4nsqdg43svv57dpsply74jjtnjvaa",
            "defined_tags": {
              "Oracle-Tags.CreatedBy": "default/doctorleilei@gmail.com",
              "Oracle-Tags.CreatedOn": "2024-05-26T10:28:12.505Z"
            },
            "display_name": "task_internet_gateway",
            "enabled": true,
            "freeform_tags": {},
            "id": "ocid1.internetgateway.oc1.ap-tokyo-1.aaaaaaaayvzzmuiikbker6viwidzgw7uguvoa43faimax6eiur2chfdrbs2a",
            "route_table_id": null,
            "state": "AVAILABLE",
            "time_created": "2024-05-26 10:28:12.535 +0000 UTC",
            "timeouts": null,
            "vcn_id": "ocid1.vcn.oc1.ap-tokyo-1.amaaaaaa5x5wraqa7ujathss4dag7fitytltrtlee2ou4hw5v4n6qf5md4hq"
          },
          "sensitive_attributes": [],
          "private": "eyJlMmJmYjczMC1lY2FhLTExZTYtOGY4OC0zNDM2M2JjN2M0YzAiOnsiY3JlYXRlIjoxMjAwMDAwMDAwMDAwLCJkZWxldGUiOjEyMDAwMDAwMDAwMDAsInVwZGF0ZSI6MTIwMDAwMDAwMDAwMH19",
          "dependencies": [
            "data.oci_identity_compartment.task_compartment",
            "oci_core_vcn.task_vcn"
          ]
        }
      ]
    },
    {
      "mode": "managed",
      "type": "oci_core_nat_gateway",
      "name": "task_nat_gateway",
      "provider": "provider[\"registry.terraform.io/hashicorp/oci\"]",
      "instances": [
        {
          "schema_version": 0,
          "attributes": {
            "block_traffic": false,
            "compartment_id": "ocid1.compartment.oc1..aaaaaaaadq3or6xtygxv2g7qn5sn6yl4nsqdg43svv57dpsply74jjtnjvaa",
            "defined_tags": {
              "Oracle-Tags.CreatedBy": "default/doctorleilei@gmail.com",
              "Oracle-Tags.CreatedOn": "2024-05-26T10:28:12.547Z"
            },
            "display_name": "task_nat_gateway",
            "freeform_tags": {},
            "id": "ocid1.natgateway.oc1.ap-tokyo-1.aaaaaaaa6e76r74csld2ywmfzmgef2jtxi7wbqhkf2fspds3a3fkttwvkmtq",
            "nat_ip": "141.147.186.127",
            "public_ip_id": "ocid1.publicip.oc1.ap-tokyo-1.aaaaaaaaip7ipu6bnnvam2n7ppxt6v7jounqcgrekn6423ea2ioubsbjo4va",
            "route_table_id": null,
            "state": "AVAILABLE",
            "time_created": "2024-05-26 10:28:12.77 +0000 UTC",
            "timeouts": null,
            "vcn_id": "ocid1.vcn.oc1.ap-tokyo-1.amaaaaaa5x5wraqa7ujathss4dag7fitytltrtlee2ou4hw5v4n6qf5md4hq"
          },
          "sensitive_attributes": [],
          "private": "eyJlMmJmYjczMC1lY2FhLTExZTYtOGY4OC0zNDM2M2JjN2M0YzAiOnsiY3JlYXRlIjoxMjAwMDAwMDAwMDAwLCJkZWxldGUiOjEyMDAwMDAwMDAwMDAsInVwZGF0ZSI6MTIwMDAwMDAwMDAwMH19",
          "dependencies": [
            "data.oci_identity_compartment.task_compartment",
            "oci_core_vcn.task_vcn"
          ]
        }
      ]
    },
    {
      "mode": "managed",
      "type": "oci_core_network_security_group",
      "name": "private_instance_network_security_group",
      "provider": "provider[\"registry.terraform.io/hashicorp/oci\"]",
      "instances": [
        {
          "schema_version": 0,
          "attributes": {
            "compartment_id": "ocid1.compartment.oc1..aaaaaaaadq3or6xtygxv2g7qn5sn6yl4nsqdg43svv57dpsply74jjtnjvaa",
            "defined_tags": {
              "Oracle-Tags.CreatedBy": "default/doctorleilei@gmail.com",
              "Oracle-Tags.CreatedOn": "2024-05-26T10:28:12.464Z"
            },
            "display_name": "private_instance_network_security_group",
            "freeform_tags": {},
            "id": "ocid1.networksecuritygroup.oc1.ap-tokyo-1.aaaaaaaaj4yclbs4er4pc4r5aortroxxs3jtijj4oph2cpojpsqzhehkry4a",
            "state": "AVAILABLE",
            "time_created": "2024-05-26 10:28:12.631 +0000 UTC",
            "timeouts": null,
            "vcn_id": "ocid1.vcn.oc1.ap-tokyo-1.amaaaaaa5x5wraqa7ujathss4dag7fitytltrtlee2ou4hw5v4n6qf5md4hq"
          },
          "sensitive_attributes": [],
          "private": "eyJlMmJmYjczMC1lY2FhLTExZTYtOGY4OC0zNDM2M2JjN2M0YzAiOnsiY3JlYXRlIjoxMjAwMDAwMDAwMDAwLCJkZWxldGUiOjEyMDAwMDAwMDAwMDAsInVwZGF0ZSI6MTIwMDAwMDAwMDAwMH19",
          "dependencies": [
            "data.oci_identity_compartment.task_compartment",
            "oci_core_vcn.task_vcn"
          ]
        }
      ]
    },
    {
      "mode": "managed",
      "type": "oci_core_network_security_group",
      "name": "public_instance_network_security_group",
      "provider": "provider[\"registry.terraform.io/hashicorp/oci\"]",
      "instances": [
        {
          "schema_version": 0,
          "attributes": {
            "compartment_id": "ocid1.compartment.oc1..aaaaaaaadq3or6xtygxv2g7qn5sn6yl4nsqdg43svv57dpsply74jjtnjvaa",
            "defined_tags": {
              "Oracle-Tags.CreatedBy": "default/doctorleilei@gmail.com",
              "Oracle-Tags.CreatedOn": "2024-05-26T10:28:12.501Z"
            },
            "display_name": "public_instance_network_security_group",
            "freeform_tags": {},
            "id": "ocid1.networksecuritygroup.oc1.ap-tokyo-1.aaaaaaaa7qbvy2mjqzlhyrn3rvb7u77upoqakfa256jksu7qrlaf4gie677q",
            "state": "AVAILABLE",
            "time_created": "2024-05-26 10:28:12.589 +0000 UTC",
            "timeouts": null,
            "vcn_id": "ocid1.vcn.oc1.ap-tokyo-1.amaaaaaa5x5wraqa7ujathss4dag7fitytltrtlee2ou4hw5v4n6qf5md4hq"
          },
          "sensitive_attributes": [],
          "private": "eyJlMmJmYjczMC1lY2FhLTExZTYtOGY4OC0zNDM2M2JjN2M0YzAiOnsiY3JlYXRlIjoxMjAwMDAwMDAwMDAwLCJkZWxldGUiOjEyMDAwMDAwMDAwMDAsInVwZGF0ZSI6MTIwMDAwMDAwMDAwMH19",
          "dependencies": [
            "data.oci_identity_compartment.task_compartment",
            "oci_core_vcn.task_vcn"
          ]
        }
      ]
    },
    {
      "mode": "managed",
      "type": "oci_core_network_security_group",
      "name": "task_network_load_balancer_network_security_group",
      "provider": "provider[\"registry.terraform.io/hashicorp/oci\"]",
      "instances": [
        {
          "schema_version": 0,
          "attributes": {
            "compartment_id": "ocid1.compartment.oc1..aaaaaaaadq3or6xtygxv2g7qn5sn6yl4nsqdg43svv57dpsply74jjtnjvaa",
            "defined_tags": {
              "Oracle-Tags.CreatedBy": "default/doctorleilei@gmail.com",
              "Oracle-Tags.CreatedOn": "2024-05-26T10:28:12.508Z"
            },
            "display_name": "task_network_load_balancer_network_security_group",
            "freeform_tags": {},
            "id": "ocid1.networksecuritygroup.oc1.ap-tokyo-1.aaaaaaaagqwi47ryghrwanw5x26ayg24iioh56ipork4xius3d3ucjez7cdq",
            "state": "AVAILABLE",
            "time_created": "2024-05-26 10:28:12.625 +0000 UTC",
            "timeouts": null,
            "vcn_id": "ocid1.vcn.oc1.ap-tokyo-1.amaaaaaa5x5wraqa7ujathss4dag7fitytltrtlee2ou4hw5v4n6qf5md4hq"
          },
          "sensitive_attributes": [],
          "private": "eyJlMmJmYjczMC1lY2FhLTExZTYtOGY4OC0zNDM2M2JjN2M0YzAiOnsiY3JlYXRlIjoxMjAwMDAwMDAwMDAwLCJkZWxldGUiOjEyMDAwMDAwMDAwMDAsInVwZGF0ZSI6MTIwMDAwMDAwMDAwMH19",
          "dependencies": [
            "data.oci_identity_compartment.task_compartment",
            "oci_core_vcn.task_vcn"
          ]
        }
      ]
    },
    {
      "mode": "managed",
      "type": "oci_core_network_security_group_security_rule",
      "name": "private_instance_network_security_group_security_rule_nlb_ssh_check",
      "provider": "provider[\"registry.terraform.io/hashicorp/oci\"]",
      "instances": [
        {
          "schema_version": 0,
          "attributes": {
            "description": "nlb preserve source ip check ssh",
            "destination": null,
            "destination_type": "",
            "direction": "INGRESS",
            "icmp_options": [],
            "id": "D841B7",
            "is_valid": true,
            "network_security_group_id": "ocid1.networksecuritygroup.oc1.ap-tokyo-1.aaaaaaaaj4yclbs4er4pc4r5aortroxxs3jtijj4oph2cpojpsqzhehkry4a",
            "protocol": "6",
            "source": "125.103.97.234/32",
            "source_type": "CIDR_BLOCK",
            "stateless": false,
            "tcp_options": [
              {
                "destination_port_range": [
                  {
                    "max": 22,
                    "min": 22
                  }
                ],
                "source_port_range": []
              }
            ],
            "time_created": "2024-05-26 10:28:13.172 +0000 UTC",
            "timeouts": null,
            "udp_options": []
          },
          "sensitive_attributes": [],
          "private": "eyJlMmJmYjczMC1lY2FhLTExZTYtOGY4OC0zNDM2M2JjN2M0YzAiOnsiY3JlYXRlIjoxMjAwMDAwMDAwMDAwLCJkZWxldGUiOjEyMDAwMDAwMDAwMDAsInVwZGF0ZSI6MTIwMDAwMDAwMDAwMH19",
          "dependencies": [
            "data.oci_identity_compartment.task_compartment",
            "oci_core_network_security_group.private_instance_network_security_group",
            "oci_core_vcn.task_vcn"
          ]
        }
      ]
    },
    {
      "mode": "managed",
      "type": "oci_core_network_security_group_security_rule",
      "name": "private_instance_network_security_group_security_rule_nlb_web_check",
      "provider": "provider[\"registry.terraform.io/hashicorp/oci\"]",
      "instances": [
        {
          "schema_version": 0,
          "attributes": {
            "description": "nlb preserve source ip check web",
            "destination": null,
            "destination_type": "",
            "direction": "INGRESS",
            "icmp_options": [],
            "id": "B1DE80",
            "is_valid": true,
            "network_security_group_id": "ocid1.networksecuritygroup.oc1.ap-tokyo-1.aaaaaaaaj4yclbs4er4pc4r5aortroxxs3jtijj4oph2cpojpsqzhehkry4a",
            "protocol": "6",
            "source": "125.103.97.234/32",
            "source_type": "CIDR_BLOCK",
            "stateless": false,
            "tcp_options": [
              {
                "destination_port_range": [
                  {
                    "max": 80,
                    "min": 80
                  }
                ],
                "source_port_range": []
              }
            ],
            "time_created": "2024-05-26 10:28:12.965 +0000 UTC",
            "timeouts": null,
            "udp_options": []
          },
          "sensitive_attributes": [],
          "private": "eyJlMmJmYjczMC1lY2FhLTExZTYtOGY4OC0zNDM2M2JjN2M0YzAiOnsiY3JlYXRlIjoxMjAwMDAwMDAwMDAwLCJkZWxldGUiOjEyMDAwMDAwMDAwMDAsInVwZGF0ZSI6MTIwMDAwMDAwMDAwMH19",
          "dependencies": [
            "data.oci_identity_compartment.task_compartment",
            "oci_core_network_security_group.private_instance_network_security_group",
            "oci_core_vcn.task_vcn"
          ]
        }
      ]
    },
    {
      "mode": "managed",
      "type": "oci_core_network_security_group_security_rule",
      "name": "private_instance_network_security_group_security_rule_out",
      "provider": "provider[\"registry.terraform.io/hashicorp/oci\"]",
      "instances": [
        {
          "schema_version": 0,
          "attributes": {
            "description": "dnf install \u0026 adw connect \u0026 cli connect",
            "destination": "0.0.0.0/0",
            "destination_type": "CIDR_BLOCK",
            "direction": "EGRESS",
            "icmp_options": [],
            "id": "312F4F",
            "is_valid": true,
            "network_security_group_id": "ocid1.networksecuritygroup.oc1.ap-tokyo-1.aaaaaaaaj4yclbs4er4pc4r5aortroxxs3jtijj4oph2cpojpsqzhehkry4a",
            "protocol": "all",
            "source": null,
            "source_type": "",
            "stateless": false,
            "tcp_options": [],
            "time_created": "2024-05-26 10:28:13.292 +0000 UTC",
            "timeouts": null,
            "udp_options": []
          },
          "sensitive_attributes": [],
          "private": "eyJlMmJmYjczMC1lY2FhLTExZTYtOGY4OC0zNDM2M2JjN2M0YzAiOnsiY3JlYXRlIjoxMjAwMDAwMDAwMDAwLCJkZWxldGUiOjEyMDAwMDAwMDAwMDAsInVwZGF0ZSI6MTIwMDAwMDAwMDAwMH19",
          "dependencies": [
            "data.oci_identity_compartment.task_compartment",
            "oci_core_network_security_group.private_instance_network_security_group",
            "oci_core_vcn.task_vcn"
          ]
        }
      ]
    },
    {
      "mode": "managed",
      "type": "oci_core_network_security_group_security_rule",
      "name": "private_instance_network_security_group_security_rule_ssh_in",
      "provider": "provider[\"registry.terraform.io/hashicorp/oci\"]",
      "instances": [
        {
          "schema_version": 0,
          "attributes": {
            "description": "ssh connect in",
            "destination": null,
            "destination_type": "",
            "direction": "INGRESS",
            "icmp_options": [],
            "id": "2D45A4",
            "is_valid": true,
            "network_security_group_id": "ocid1.networksecuritygroup.oc1.ap-tokyo-1.aaaaaaaaj4yclbs4er4pc4r5aortroxxs3jtijj4oph2cpojpsqzhehkry4a",
            "protocol": "6",
            "source": "10.0.0.0/24",
            "source_type": "CIDR_BLOCK",
            "stateless": false,
            "tcp_options": [
              {
                "destination_port_range": [
                  {
                    "max": 22,
                    "min": 22
                  }
                ],
                "source_port_range": []
              }
            ],
            "time_created": "2024-05-26 10:28:13.391 +0000 UTC",
            "timeouts": null,
            "udp_options": []
          },
          "sensitive_attributes": [],
          "private": "eyJlMmJmYjczMC1lY2FhLTExZTYtOGY4OC0zNDM2M2JjN2M0YzAiOnsiY3JlYXRlIjoxMjAwMDAwMDAwMDAwLCJkZWxldGUiOjEyMDAwMDAwMDAwMDAsInVwZGF0ZSI6MTIwMDAwMDAwMDAwMH19",
          "dependencies": [
            "data.oci_identity_compartment.task_compartment",
            "oci_core_network_security_group.private_instance_network_security_group",
            "oci_core_vcn.task_vcn"
          ]
        }
      ]
    },
    {
      "mode": "managed",
      "type": "oci_core_network_security_group_security_rule",
      "name": "private_instance_network_security_group_security_rule_web_in",
      "provider": "provider[\"registry.terraform.io/hashicorp/oci\"]",
      "instances": [
        {
          "schema_version": 0,
          "attributes": {
            "description": "web connect in",
            "destination": null,
            "destination_type": "",
            "direction": "INGRESS",
            "icmp_options": [],
            "id": "23696F",
            "is_valid": true,
            "network_security_group_id": "ocid1.networksecuritygroup.oc1.ap-tokyo-1.aaaaaaaaj4yclbs4er4pc4r5aortroxxs3jtijj4oph2cpojpsqzhehkry4a",
            "protocol": "6",
            "source": "10.0.0.0/24",
            "source_type": "CIDR_BLOCK",
            "stateless": false,
            "tcp_options": [
              {
                "destination_port_range": [
                  {
                    "max": 80,
                    "min": 80
                  }
                ],
                "source_port_range": []
              }
            ],
            "time_created": "2024-05-26 10:28:13.019 +0000 UTC",
            "timeouts": null,
            "udp_options": []
          },
          "sensitive_attributes": [],
          "private": "eyJlMmJmYjczMC1lY2FhLTExZTYtOGY4OC0zNDM2M2JjN2M0YzAiOnsiY3JlYXRlIjoxMjAwMDAwMDAwMDAwLCJkZWxldGUiOjEyMDAwMDAwMDAwMDAsInVwZGF0ZSI6MTIwMDAwMDAwMDAwMH19",
          "dependencies": [
            "data.oci_identity_compartment.task_compartment",
            "oci_core_network_security_group.private_instance_network_security_group",
            "oci_core_vcn.task_vcn"
          ]
        }
      ]
    },
    {
      "mode": "managed",
      "type": "oci_core_network_security_group_security_rule",
      "name": "public_instance_network_security_group_security_rule_out",
      "provider": "provider[\"registry.terraform.io/hashicorp/oci\"]",
      "instances": [
        {
          "schema_version": 0,
          "attributes": {
            "description": "dnf install \u0026 adw connect \u0026 cli connect",
            "destination": "0.0.0.0/0",
            "destination_type": "CIDR_BLOCK",
            "direction": "EGRESS",
            "icmp_options": [],
            "id": "6B79F3",
            "is_valid": true,
            "network_security_group_id": "ocid1.networksecuritygroup.oc1.ap-tokyo-1.aaaaaaaa7qbvy2mjqzlhyrn3rvb7u77upoqakfa256jksu7qrlaf4gie677q",
            "protocol": "all",
            "source": null,
            "source_type": "",
            "stateless": false,
            "tcp_options": [],
            "time_created": "2024-05-26 10:28:12.912 +0000 UTC",
            "timeouts": null,
            "udp_options": []
          },
          "sensitive_attributes": [],
          "private": "eyJlMmJmYjczMC1lY2FhLTExZTYtOGY4OC0zNDM2M2JjN2M0YzAiOnsiY3JlYXRlIjoxMjAwMDAwMDAwMDAwLCJkZWxldGUiOjEyMDAwMDAwMDAwMDAsInVwZGF0ZSI6MTIwMDAwMDAwMDAwMH19",
          "dependencies": [
            "data.oci_identity_compartment.task_compartment",
            "oci_core_network_security_group.public_instance_network_security_group",
            "oci_core_vcn.task_vcn"
          ]
        }
      ]
    },
    {
      "mode": "managed",
      "type": "oci_core_network_security_group_security_rule",
      "name": "public_instance_network_security_group_security_rule_ssh_in",
      "provider": "provider[\"registry.terraform.io/hashicorp/oci\"]",
      "instances": [
        {
          "schema_version": 0,
          "attributes": {
            "description": "ssh connect in",
            "destination": null,
            "destination_type": "",
            "direction": "INGRESS",
            "icmp_options": [],
            "id": "23C402",
            "is_valid": true,
            "network_security_group_id": "ocid1.networksecuritygroup.oc1.ap-tokyo-1.aaaaaaaa7qbvy2mjqzlhyrn3rvb7u77upoqakfa256jksu7qrlaf4gie677q",
            "protocol": "6",
            "source": "125.103.97.234/32",
            "source_type": "CIDR_BLOCK",
            "stateless": false,
            "tcp_options": [
              {
                "destination_port_range": [
                  {
                    "max": 22,
                    "min": 22
                  }
                ],
                "source_port_range": []
              }
            ],
            "time_created": "2024-05-26 10:28:12.974 +0000 UTC",
            "timeouts": null,
            "udp_options": []
          },
          "sensitive_attributes": [],
          "private": "eyJlMmJmYjczMC1lY2FhLTExZTYtOGY4OC0zNDM2M2JjN2M0YzAiOnsiY3JlYXRlIjoxMjAwMDAwMDAwMDAwLCJkZWxldGUiOjEyMDAwMDAwMDAwMDAsInVwZGF0ZSI6MTIwMDAwMDAwMDAwMH19",
          "dependencies": [
            "data.oci_identity_compartment.task_compartment",
            "oci_core_network_security_group.public_instance_network_security_group",
            "oci_core_vcn.task_vcn"
          ]
        }
      ]
    },
    {
      "mode": "managed",
      "type": "oci_core_network_security_group_security_rule",
      "name": "task_network_load_balancer_network_security_group_security_rule_ssh_in",
      "provider": "provider[\"registry.terraform.io/hashicorp/oci\"]",
      "instances": [
        {
          "schema_version": 0,
          "attributes": {
            "description": "nlb ssh connect in",
            "destination": null,
            "destination_type": "",
            "direction": "INGRESS",
            "icmp_options": [],
            "id": "87805F",
            "is_valid": true,
            "network_security_group_id": "ocid1.networksecuritygroup.oc1.ap-tokyo-1.aaaaaaaagqwi47ryghrwanw5x26ayg24iioh56ipork4xius3d3ucjez7cdq",
            "protocol": "6",
            "source": "125.103.97.234/32",
            "source_type": "CIDR_BLOCK",
            "stateless": false,
            "tcp_options": [
              {
                "destination_port_range": [
                  {
                    "max": 22,
                    "min": 22
                  }
                ],
                "source_port_range": []
              }
            ],
            "time_created": "2024-05-26 10:28:13.346 +0000 UTC",
            "timeouts": null,
            "udp_options": []
          },
          "sensitive_attributes": [],
          "private": "eyJlMmJmYjczMC1lY2FhLTExZTYtOGY4OC0zNDM2M2JjN2M0YzAiOnsiY3JlYXRlIjoxMjAwMDAwMDAwMDAwLCJkZWxldGUiOjEyMDAwMDAwMDAwMDAsInVwZGF0ZSI6MTIwMDAwMDAwMDAwMH19",
          "dependencies": [
            "data.oci_identity_compartment.task_compartment",
            "oci_core_network_security_group.task_network_load_balancer_network_security_group",
            "oci_core_vcn.task_vcn"
          ]
        }
      ]
    },
    {
      "mode": "managed",
      "type": "oci_core_network_security_group_security_rule",
      "name": "task_network_load_balancer_network_security_group_security_rule_ssh_out",
      "provider": "provider[\"registry.terraform.io/hashicorp/oci\"]",
      "instances": [
        {
          "schema_version": 0,
          "attributes": {
            "description": "nlb ssh connect out",
            "destination": "10.0.1.0/24",
            "destination_type": "CIDR_BLOCK",
            "direction": "EGRESS",
            "icmp_options": [],
            "id": "16F3B9",
            "is_valid": true,
            "network_security_group_id": "ocid1.networksecuritygroup.oc1.ap-tokyo-1.aaaaaaaagqwi47ryghrwanw5x26ayg24iioh56ipork4xius3d3ucjez7cdq",
            "protocol": "6",
            "source": null,
            "source_type": "",
            "stateless": false,
            "tcp_options": [
              {
                "destination_port_range": [
                  {
                    "max": 22,
                    "min": 22
                  }
                ],
                "source_port_range": []
              }
            ],
            "time_created": "2024-05-26 10:28:13.215 +0000 UTC",
            "timeouts": null,
            "udp_options": []
          },
          "sensitive_attributes": [],
          "private": "eyJlMmJmYjczMC1lY2FhLTExZTYtOGY4OC0zNDM2M2JjN2M0YzAiOnsiY3JlYXRlIjoxMjAwMDAwMDAwMDAwLCJkZWxldGUiOjEyMDAwMDAwMDAwMDAsInVwZGF0ZSI6MTIwMDAwMDAwMDAwMH19",
          "dependencies": [
            "data.oci_identity_compartment.task_compartment",
            "oci_core_network_security_group.task_network_load_balancer_network_security_group",
            "oci_core_vcn.task_vcn"
          ]
        }
      ]
    },
    {
      "mode": "managed",
      "type": "oci_core_network_security_group_security_rule",
      "name": "task_network_load_balancer_network_security_group_security_rule_web_in",
      "provider": "provider[\"registry.terraform.io/hashicorp/oci\"]",
      "instances": [
        {
          "schema_version": 0,
          "attributes": {
            "description": "nlb web connect in",
            "destination": null,
            "destination_type": "",
            "direction": "INGRESS",
            "icmp_options": [],
            "id": "5DC406",
            "is_valid": true,
            "network_security_group_id": "ocid1.networksecuritygroup.oc1.ap-tokyo-1.aaaaaaaagqwi47ryghrwanw5x26ayg24iioh56ipork4xius3d3ucjez7cdq",
            "protocol": "6",
            "source": "125.103.97.234/32",
            "source_type": "CIDR_BLOCK",
            "stateless": false,
            "tcp_options": [
              {
                "destination_port_range": [
                  {
                    "max": 80,
                    "min": 80
                  }
                ],
                "source_port_range": []
              }
            ],
            "time_created": "2024-05-26 10:28:13.118 +0000 UTC",
            "timeouts": null,
            "udp_options": []
          },
          "sensitive_attributes": [],
          "private": "eyJlMmJmYjczMC1lY2FhLTExZTYtOGY4OC0zNDM2M2JjN2M0YzAiOnsiY3JlYXRlIjoxMjAwMDAwMDAwMDAwLCJkZWxldGUiOjEyMDAwMDAwMDAwMDAsInVwZGF0ZSI6MTIwMDAwMDAwMDAwMH19",
          "dependencies": [
            "data.oci_identity_compartment.task_compartment",
            "oci_core_network_security_group.task_network_load_balancer_network_security_group",
            "oci_core_vcn.task_vcn"
          ]
        }
      ]
    },
    {
      "mode": "managed",
      "type": "oci_core_network_security_group_security_rule",
      "name": "task_network_load_balancer_network_security_group_security_rule_web_out",
      "provider": "provider[\"registry.terraform.io/hashicorp/oci\"]",
      "instances": [
        {
          "schema_version": 0,
          "attributes": {
            "description": "nlb web connect out",
            "destination": "10.0.1.0/24",
            "destination_type": "CIDR_BLOCK",
            "direction": "EGRESS",
            "icmp_options": [],
            "id": "C11ED6",
            "is_valid": true,
            "network_security_group_id": "ocid1.networksecuritygroup.oc1.ap-tokyo-1.aaaaaaaagqwi47ryghrwanw5x26ayg24iioh56ipork4xius3d3ucjez7cdq",
            "protocol": "6",
            "source": null,
            "source_type": "",
            "stateless": false,
            "tcp_options": [
              {
                "destination_port_range": [
                  {
                    "max": 80,
                    "min": 80
                  }
                ],
                "source_port_range": []
              }
            ],
            "time_created": "2024-05-26 10:28:13.029 +0000 UTC",
            "timeouts": null,
            "udp_options": []
          },
          "sensitive_attributes": [],
          "private": "eyJlMmJmYjczMC1lY2FhLTExZTYtOGY4OC0zNDM2M2JjN2M0YzAiOnsiY3JlYXRlIjoxMjAwMDAwMDAwMDAwLCJkZWxldGUiOjEyMDAwMDAwMDAwMDAsInVwZGF0ZSI6MTIwMDAwMDAwMDAwMH19",
          "dependencies": [
            "data.oci_identity_compartment.task_compartment",
            "oci_core_network_security_group.task_network_load_balancer_network_security_group",
            "oci_core_vcn.task_vcn"
          ]
        }
      ]
    },
    {
      "mode": "managed",
      "type": "oci_core_route_table",
      "name": "private_route_table",
      "provider": "provider[\"registry.terraform.io/hashicorp/oci\"]",
      "instances": [
        {
          "schema_version": 0,
          "attributes": {
            "compartment_id": "ocid1.compartment.oc1..aaaaaaaadq3or6xtygxv2g7qn5sn6yl4nsqdg43svv57dpsply74jjtnjvaa",
            "defined_tags": {
              "Oracle-Tags.CreatedBy": "default/doctorleilei@gmail.com",
              "Oracle-Tags.CreatedOn": "2024-05-26T10:28:13.539Z"
            },
            "display_name": "private_route_table",
            "freeform_tags": {},
            "id": "ocid1.routetable.oc1.ap-tokyo-1.aaaaaaaazkecoadhawxgjtz2rogrbiq3jx52vax7gpmljscojuyg5vydgfga",
            "route_rules": [
              {
                "cidr_block": "",
                "description": "",
                "destination": "0.0.0.0/0",
                "destination_type": "CIDR_BLOCK",
                "network_entity_id": "ocid1.natgateway.oc1.ap-tokyo-1.aaaaaaaa6e76r74csld2ywmfzmgef2jtxi7wbqhkf2fspds3a3fkttwvkmtq",
                "route_type": ""
              }
            ],
            "state": "AVAILABLE",
            "time_created": "2024-05-26 10:28:13.561 +0000 UTC",
            "timeouts": null,
            "vcn_id": "ocid1.vcn.oc1.ap-tokyo-1.amaaaaaa5x5wraqa7ujathss4dag7fitytltrtlee2ou4hw5v4n6qf5md4hq"
          },
          "sensitive_attributes": [],
          "private": "eyJlMmJmYjczMC1lY2FhLTExZTYtOGY4OC0zNDM2M2JjN2M0YzAiOnsiY3JlYXRlIjoxMjAwMDAwMDAwMDAwLCJkZWxldGUiOjEyMDAwMDAwMDAwMDAsInVwZGF0ZSI6MTIwMDAwMDAwMDAwMH19",
          "dependencies": [
            "data.oci_identity_compartment.task_compartment",
            "oci_core_nat_gateway.task_nat_gateway",
            "oci_core_vcn.task_vcn"
          ]
        }
      ]
    },
    {
      "mode": "managed",
      "type": "oci_core_route_table",
      "name": "public_route_table",
      "provider": "provider[\"registry.terraform.io/hashicorp/oci\"]",
      "instances": [
        {
          "schema_version": 0,
          "attributes": {
            "compartment_id": "ocid1.compartment.oc1..aaaaaaaadq3or6xtygxv2g7qn5sn6yl4nsqdg43svv57dpsply74jjtnjvaa",
            "defined_tags": {
              "Oracle-Tags.CreatedBy": "default/doctorleilei@gmail.com",
              "Oracle-Tags.CreatedOn": "2024-05-26T10:28:13.006Z"
            },
            "display_name": "public_route_table",
            "freeform_tags": {},
            "id": "ocid1.routetable.oc1.ap-tokyo-1.aaaaaaaacja3gir6dhkbfel2dtjbbfwlngjgtfaupac7zexujn4ta2b23xoa",
            "route_rules": [
              {
                "cidr_block": "",
                "description": "",
                "destination": "0.0.0.0/0",
                "destination_type": "CIDR_BLOCK",
                "network_entity_id": "ocid1.internetgateway.oc1.ap-tokyo-1.aaaaaaaayvzzmuiikbker6viwidzgw7uguvoa43faimax6eiur2chfdrbs2a",
                "route_type": ""
              }
            ],
            "state": "AVAILABLE",
            "time_created": "2024-05-26 10:28:13.027 +0000 UTC",
            "timeouts": null,
            "vcn_id": "ocid1.vcn.oc1.ap-tokyo-1.amaaaaaa5x5wraqa7ujathss4dag7fitytltrtlee2ou4hw5v4n6qf5md4hq"
          },
          "sensitive_attributes": [],
          "private": "eyJlMmJmYjczMC1lY2FhLTExZTYtOGY4OC0zNDM2M2JjN2M0YzAiOnsiY3JlYXRlIjoxMjAwMDAwMDAwMDAwLCJkZWxldGUiOjEyMDAwMDAwMDAwMDAsInVwZGF0ZSI6MTIwMDAwMDAwMDAwMH19",
          "dependencies": [
            "data.oci_identity_compartment.task_compartment",
            "oci_core_internet_gateway.task_internet_gateway",
            "oci_core_vcn.task_vcn"
          ]
        }
      ]
    },
    {
      "mode": "managed",
      "type": "oci_core_security_list",
      "name": "private_security_list",
      "provider": "provider[\"registry.terraform.io/hashicorp/oci\"]",
      "instances": [
        {
          "schema_version": 0,
          "attributes": {
            "compartment_id": "ocid1.compartment.oc1..aaaaaaaadq3or6xtygxv2g7qn5sn6yl4nsqdg43svv57dpsply74jjtnjvaa",
            "defined_tags": {
              "Oracle-Tags.CreatedBy": "default/doctorleilei@gmail.com",
              "Oracle-Tags.CreatedOn": "2024-05-26T10:28:12.521Z"
            },
            "display_name": "private_security_list",
            "egress_security_rules": [],
            "freeform_tags": {},
            "id": "ocid1.securitylist.oc1.ap-tokyo-1.aaaaaaaahqdiioqpmcehsro3bpgrbdthuz6tz2keha32v67ojlzmfkg7uaja",
            "ingress_security_rules": [],
            "state": "AVAILABLE",
            "time_created": "2024-05-26 10:28:12.552 +0000 UTC",
            "timeouts": null,
            "vcn_id": "ocid1.vcn.oc1.ap-tokyo-1.amaaaaaa5x5wraqa7ujathss4dag7fitytltrtlee2ou4hw5v4n6qf5md4hq"
          },
          "sensitive_attributes": [],
          "private": "eyJlMmJmYjczMC1lY2FhLTExZTYtOGY4OC0zNDM2M2JjN2M0YzAiOnsiY3JlYXRlIjoxMjAwMDAwMDAwMDAwLCJkZWxldGUiOjEyMDAwMDAwMDAwMDAsInVwZGF0ZSI6MTIwMDAwMDAwMDAwMH19",
          "dependencies": [
            "data.oci_identity_compartment.task_compartment",
            "oci_core_vcn.task_vcn"
          ]
        }
      ]
    },
    {
      "mode": "managed",
      "type": "oci_core_security_list",
      "name": "public_security_list",
      "provider": "provider[\"registry.terraform.io/hashicorp/oci\"]",
      "instances": [
        {
          "schema_version": 0,
          "attributes": {
            "compartment_id": "ocid1.compartment.oc1..aaaaaaaadq3or6xtygxv2g7qn5sn6yl4nsqdg43svv57dpsply74jjtnjvaa",
            "defined_tags": {
              "Oracle-Tags.CreatedBy": "default/doctorleilei@gmail.com",
              "Oracle-Tags.CreatedOn": "2024-05-26T10:28:12.555Z"
            },
            "display_name": "public_security_list",
            "egress_security_rules": [],
            "freeform_tags": {},
            "id": "ocid1.securitylist.oc1.ap-tokyo-1.aaaaaaaa5jw32lpw43d3mgj55zkdgjtdp6fmt4wvticcxemwg647spuyhfqq",
            "ingress_security_rules": [],
            "state": "AVAILABLE",
            "time_created": "2024-05-26 10:28:12.594 +0000 UTC",
            "timeouts": null,
            "vcn_id": "ocid1.vcn.oc1.ap-tokyo-1.amaaaaaa5x5wraqa7ujathss4dag7fitytltrtlee2ou4hw5v4n6qf5md4hq"
          },
          "sensitive_attributes": [],
          "private": "eyJlMmJmYjczMC1lY2FhLTExZTYtOGY4OC0zNDM2M2JjN2M0YzAiOnsiY3JlYXRlIjoxMjAwMDAwMDAwMDAwLCJkZWxldGUiOjEyMDAwMDAwMDAwMDAsInVwZGF0ZSI6MTIwMDAwMDAwMDAwMH19",
          "dependencies": [
            "data.oci_identity_compartment.task_compartment",
            "oci_core_vcn.task_vcn"
          ]
        }
      ]
    },
    {
      "mode": "managed",
      "type": "oci_core_subnet",
      "name": "private_subnet",
      "provider": "provider[\"registry.terraform.io/hashicorp/oci\"]",
      "instances": [
        {
          "schema_version": 0,
          "attributes": {
            "availability_domain": "wtHk:AP-TOKYO-1-AD-1",
            "cidr_block": "10.0.1.0/24",
            "compartment_id": "ocid1.compartment.oc1..aaaaaaaadq3or6xtygxv2g7qn5sn6yl4nsqdg43svv57dpsply74jjtnjvaa",
            "defined_tags": {
              "Oracle-Tags.CreatedBy": "default/doctorleilei@gmail.com",
              "Oracle-Tags.CreatedOn": "2024-05-26T10:28:13.896Z"
            },
            "dhcp_options_id": "ocid1.dhcpoptions.oc1.ap-tokyo-1.aaaaaaaarsloycnx42gl6ir2qvugm737p3qssdx4es3a7v4s7ifwvk4gc3ha",
            "display_name": "private_subnet",
            "dns_label": null,
            "freeform_tags": {},
            "id": "ocid1.subnet.oc1.ap-tokyo-1.aaaaaaaazlzbepldtyjhprhzec2jog77zyjtikykgmcaqy5wx5yqxr4maduq",
            "ipv6cidr_block": null,
            "ipv6cidr_blocks": [],
            "ipv6virtual_router_ip": null,
            "prohibit_internet_ingress": true,
            "prohibit_public_ip_on_vnic": true,
            "route_table_id": "ocid1.routetable.oc1.ap-tokyo-1.aaaaaaaazkecoadhawxgjtz2rogrbiq3jx52vax7gpmljscojuyg5vydgfga",
            "security_list_ids": [
              "ocid1.securitylist.oc1.ap-tokyo-1.aaaaaaaahqdiioqpmcehsro3bpgrbdthuz6tz2keha32v67ojlzmfkg7uaja"
            ],
            "state": "AVAILABLE",
            "subnet_domain_name": null,
            "time_created": "2024-05-26 10:28:13.94 +0000 UTC",
            "timeouts": null,
            "vcn_id": "ocid1.vcn.oc1.ap-tokyo-1.amaaaaaa5x5wraqa7ujathss4dag7fitytltrtlee2ou4hw5v4n6qf5md4hq",
            "virtual_router_ip": "10.0.1.1",
            "virtual_router_mac": "00:00:17:A0:98:71"
          },
          "sensitive_attributes": [],
          "private": "eyJlMmJmYjczMC1lY2FhLTExZTYtOGY4OC0zNDM2M2JjN2M0YzAiOnsiY3JlYXRlIjoxMjAwMDAwMDAwMDAwLCJkZWxldGUiOjEyMDAwMDAwMDAwMDAsInVwZGF0ZSI6MTIwMDAwMDAwMDAwMH19",
          "dependencies": [
            "data.oci_identity_availability_domains.ads",
            "data.oci_identity_compartment.task_compartment",
            "oci_core_nat_gateway.task_nat_gateway",
            "oci_core_route_table.private_route_table",
            "oci_core_security_list.private_security_list",
            "oci_core_vcn.task_vcn"
          ]
        }
      ]
    },
    {
      "mode": "managed",
      "type": "oci_core_subnet",
      "name": "public_subnet",
      "provider": "provider[\"registry.terraform.io/hashicorp/oci\"]",
      "instances": [
        {
          "schema_version": 0,
          "attributes": {
            "availability_domain": "wtHk:AP-TOKYO-1-AD-1",
            "cidr_block": "10.0.0.0/24",
            "compartment_id": "ocid1.compartment.oc1..aaaaaaaadq3or6xtygxv2g7qn5sn6yl4nsqdg43svv57dpsply74jjtnjvaa",
            "defined_tags": {
              "Oracle-Tags.CreatedBy": "default/doctorleilei@gmail.com",
              "Oracle-Tags.CreatedOn": "2024-05-26T10:28:13.351Z"
            },
            "dhcp_options_id": "ocid1.dhcpoptions.oc1.ap-tokyo-1.aaaaaaaarsloycnx42gl6ir2qvugm737p3qssdx4es3a7v4s7ifwvk4gc3ha",
            "display_name": "public_subnet",
            "dns_label": null,
            "freeform_tags": {},
            "id": "ocid1.subnet.oc1.ap-tokyo-1.aaaaaaaamqwfb7sitcv54pba3sajbgqoltmubgbhcnwmpsjbl6imk5dft2ga",
            "ipv6cidr_block": null,
            "ipv6cidr_blocks": [],
            "ipv6virtual_router_ip": null,
            "prohibit_internet_ingress": false,
            "prohibit_public_ip_on_vnic": false,
            "route_table_id": "ocid1.routetable.oc1.ap-tokyo-1.aaaaaaaacja3gir6dhkbfel2dtjbbfwlngjgtfaupac7zexujn4ta2b23xoa",
            "security_list_ids": [
              "ocid1.securitylist.oc1.ap-tokyo-1.aaaaaaaa5jw32lpw43d3mgj55zkdgjtdp6fmt4wvticcxemwg647spuyhfqq"
            ],
            "state": "AVAILABLE",
            "subnet_domain_name": null,
            "time_created": "2024-05-26 10:28:13.39 +0000 UTC",
            "timeouts": null,
            "vcn_id": "ocid1.vcn.oc1.ap-tokyo-1.amaaaaaa5x5wraqa7ujathss4dag7fitytltrtlee2ou4hw5v4n6qf5md4hq",
            "virtual_router_ip": "10.0.0.1",
            "virtual_router_mac": "00:00:17:A0:98:71"
          },
          "sensitive_attributes": [],
          "private": "eyJlMmJmYjczMC1lY2FhLTExZTYtOGY4OC0zNDM2M2JjN2M0YzAiOnsiY3JlYXRlIjoxMjAwMDAwMDAwMDAwLCJkZWxldGUiOjEyMDAwMDAwMDAwMDAsInVwZGF0ZSI6MTIwMDAwMDAwMDAwMH19",
          "dependencies": [
            "data.oci_identity_availability_domains.ads",
            "data.oci_identity_compartment.task_compartment",
            "oci_core_internet_gateway.task_internet_gateway",
            "oci_core_route_table.public_route_table",
            "oci_core_security_list.public_security_list",
            "oci_core_vcn.task_vcn"
          ]
        }
      ]
    },
    {
      "mode": "managed",
      "type": "oci_core_vcn",
      "name": "task_vcn",
      "provider": "provider[\"registry.terraform.io/hashicorp/oci\"]",
      "instances": [
        {
          "schema_version": 0,
          "attributes": {
            "byoipv6cidr_blocks": [],
            "byoipv6cidr_details": [],
            "cidr_block": "10.0.0.0/16",
            "cidr_blocks": [
              "10.0.0.0/16"
            ],
            "compartment_id": "ocid1.compartment.oc1..aaaaaaaadq3or6xtygxv2g7qn5sn6yl4nsqdg43svv57dpsply74jjtnjvaa",
            "default_dhcp_options_id": "ocid1.dhcpoptions.oc1.ap-tokyo-1.aaaaaaaarsloycnx42gl6ir2qvugm737p3qssdx4es3a7v4s7ifwvk4gc3ha",
            "default_route_table_id": "ocid1.routetable.oc1.ap-tokyo-1.aaaaaaaaeyobpuiwgflwrwcodvkaal2alx24dcq5e2ksmpwf5yoi3krq7qaq",
            "default_security_list_id": "ocid1.securitylist.oc1.ap-tokyo-1.aaaaaaaa6xkuvuxj3s4bfb2dtew4457bbnl5dg6is2vhg7mzir5crj74t3ka",
            "defined_tags": {
              "Oracle-Tags.CreatedBy": "default/doctorleilei@gmail.com",
              "Oracle-Tags.CreatedOn": "2024-05-26T10:28:11.926Z"
            },
            "display_name": "task_vcn",
            "dns_label": null,
            "freeform_tags": {},
            "id": "ocid1.vcn.oc1.ap-tokyo-1.amaaaaaa5x5wraqa7ujathss4dag7fitytltrtlee2ou4hw5v4n6qf5md4hq",
            "ipv6cidr_blocks": [],
            "ipv6private_cidr_blocks": [],
            "is_ipv6enabled": false,
            "is_oracle_gua_allocation_enabled": null,
            "state": "AVAILABLE",
            "time_created": "2024-05-26 10:28:12.013 +0000 UTC",
            "timeouts": null,
            "vcn_domain_name": null
          },
          "sensitive_attributes": [],
          "private": "eyJlMmJmYjczMC1lY2FhLTExZTYtOGY4OC0zNDM2M2JjN2M0YzAiOnsiY3JlYXRlIjoxMjAwMDAwMDAwMDAwLCJkZWxldGUiOjEyMDAwMDAwMDAwMDAsInVwZGF0ZSI6MTIwMDAwMDAwMDAwMH19",
          "dependencies": [
            "data.oci_identity_compartment.task_compartment"
          ]
        }
      ]
    },
    {
      "mode": "managed",
      "type": "oci_database_autonomous_database",
      "name": "task_autonomous_database",
      "provider": "provider[\"registry.terraform.io/hashicorp/oci\"]",
      "instances": [
        {
          "schema_version": 0,
          "attributes": {
            "actual_used_data_storage_size_in_tbs": 0.0036412477493286133,
            "admin_password": "Zhang19870110",
            "allocated_storage_size_in_tbs": 0.0068359375,
            "apex_details": [
              {
                "apex_version": "23.2.3",
                "ords_version": "24.1.1.120.1228"
              }
            ],
            "are_primary_whitelisted_ips_used": null,
            "auto_refresh_frequency_in_seconds": null,
            "auto_refresh_point_lag_in_seconds": null,
            "autonomous_container_database_id": null,
            "autonomous_database_backup_id": null,
            "autonomous_database_id": null,
            "autonomous_maintenance_schedule_type": "REGULAR",
            "available_upgrade_versions": [],
            "backup_config": [
              {
                "manual_backup_bucket_name": "",
                "manual_backup_type": "NONE"
              }
            ],
            "backup_retention_period_in_days": 60,
            "character_set": "AL32UTF8",
            "clone_type": null,
            "compartment_id": "ocid1.compartment.oc1..aaaaaaaadq3or6xtygxv2g7qn5sn6yl4nsqdg43svv57dpsply74jjtnjvaa",
            "compute_count": 1,
            "compute_model": "ECPU",
            "connection_strings": [
              {
                "all_connection_strings": {
                  "HIGH": "adb.ap-tokyo-1.oraclecloud.com:1522/gc2b829ae972ccc_taskautonomousdatabase_high.adb.oraclecloud.com",
                  "LOW": "adb.ap-tokyo-1.oraclecloud.com:1522/gc2b829ae972ccc_taskautonomousdatabase_low.adb.oraclecloud.com",
                  "MEDIUM": "adb.ap-tokyo-1.oraclecloud.com:1522/gc2b829ae972ccc_taskautonomousdatabase_medium.adb.oraclecloud.com"
                },
                "dedicated": "",
                "high": "adb.ap-tokyo-1.oraclecloud.com:1522/gc2b829ae972ccc_taskautonomousdatabase_high.adb.oraclecloud.com",
                "low": "adb.ap-tokyo-1.oraclecloud.com:1522/gc2b829ae972ccc_taskautonomousdatabase_low.adb.oraclecloud.com",
                "medium": "adb.ap-tokyo-1.oraclecloud.com:1522/gc2b829ae972ccc_taskautonomousdatabase_medium.adb.oraclecloud.com",
                "profiles": [
                  {
                    "consumer_group": "HIGH",
                    "display_name": "taskautonomousdatabase_high",
                    "host_format": "FQDN",
                    "is_regional": false,
                    "protocol": "TCPS",
                    "session_mode": "DIRECT",
                    "syntax_format": "LONG",
                    "tls_authentication": "SERVER",
                    "value": "(description= (retry_count=20)(retry_delay=3)(address=(protocol=tcps)(port=1521)(host=adb.ap-tokyo-1.oraclecloud.com))(connect_data=(service_name=gc2b829ae972ccc_taskautonomousdatabase_high.adb.oraclecloud.com))(security=(ssl_server_dn_match=yes)))"
                  },
                  {
                    "consumer_group": "LOW",
                    "display_name": "taskautonomousdatabase_low",
                    "host_format": "FQDN",
                    "is_regional": false,
                    "protocol": "TCPS",
                    "session_mode": "DIRECT",
                    "syntax_format": "LONG",
                    "tls_authentication": "SERVER",
                    "value": "(description= (retry_count=20)(retry_delay=3)(address=(protocol=tcps)(port=1521)(host=adb.ap-tokyo-1.oraclecloud.com))(connect_data=(service_name=gc2b829ae972ccc_taskautonomousdatabase_low.adb.oraclecloud.com))(security=(ssl_server_dn_match=yes)))"
                  },
                  {
                    "consumer_group": "MEDIUM",
                    "display_name": "taskautonomousdatabase_medium",
                    "host_format": "FQDN",
                    "is_regional": false,
                    "protocol": "TCPS",
                    "session_mode": "DIRECT",
                    "syntax_format": "LONG",
                    "tls_authentication": "SERVER",
                    "value": "(description= (retry_count=20)(retry_delay=3)(address=(protocol=tcps)(port=1521)(host=adb.ap-tokyo-1.oraclecloud.com))(connect_data=(service_name=gc2b829ae972ccc_taskautonomousdatabase_medium.adb.oraclecloud.com))(security=(ssl_server_dn_match=yes)))"
                  },
                  {
                    "consumer_group": "HIGH",
                    "display_name": "taskautonomousdatabase_high",
                    "host_format": "FQDN",
                    "is_regional": false,
                    "protocol": "TCPS",
                    "session_mode": "DIRECT",
                    "syntax_format": "LONG",
                    "tls_authentication": "MUTUAL",
                    "value": "(description= (retry_count=20)(retry_delay=3)(address=(protocol=tcps)(port=1522)(host=adb.ap-tokyo-1.oraclecloud.com))(connect_data=(service_name=gc2b829ae972ccc_taskautonomousdatabase_high.adb.oraclecloud.com))(security=(ssl_server_dn_match=yes)))"
                  },
                  {
                    "consumer_group": "LOW",
                    "display_name": "taskautonomousdatabase_low",
                    "host_format": "FQDN",
                    "is_regional": false,
                    "protocol": "TCPS",
                    "session_mode": "DIRECT",
                    "syntax_format": "LONG",
                    "tls_authentication": "MUTUAL",
                    "value": "(description= (retry_count=20)(retry_delay=3)(address=(protocol=tcps)(port=1522)(host=adb.ap-tokyo-1.oraclecloud.com))(connect_data=(service_name=gc2b829ae972ccc_taskautonomousdatabase_low.adb.oraclecloud.com))(security=(ssl_server_dn_match=yes)))"
                  },
                  {
                    "consumer_group": "MEDIUM",
                    "display_name": "taskautonomousdatabase_medium",
                    "host_format": "FQDN",
                    "is_regional": false,
                    "protocol": "TCPS",
                    "session_mode": "DIRECT",
                    "syntax_format": "LONG",
                    "tls_authentication": "MUTUAL",
                    "value": "(description= (retry_count=20)(retry_delay=3)(address=(protocol=tcps)(port=1522)(host=adb.ap-tokyo-1.oraclecloud.com))(connect_data=(service_name=gc2b829ae972ccc_taskautonomousdatabase_medium.adb.oraclecloud.com))(security=(ssl_server_dn_match=yes)))"
                  }
                ]
              }
            ],
            "connection_urls": [
              {
                "apex_url": "https://GC2B829AE972CCC-TASKAUTONOMOUSDATABASE.adb.ap-tokyo-1.oraclecloudapps.com/ords/apex",
                "database_transforms_url": "https://GC2B829AE972CCC-TASKAUTONOMOUSDATABASE.adb.ap-tokyo-1.oraclecloudapps.com/odi/",
                "graph_studio_url": "https://GC2B829AE972CCC-TASKAUTONOMOUSDATABASE.adb.ap-tokyo-1.oraclecloudapps.com/graphstudio/",
                "machine_learning_notebook_url": "https://GC2B829AE972CCC-TASKAUTONOMOUSDATABASE.adb.ap-tokyo-1.oraclecloudapps.com/oml/",
                "machine_learning_user_management_url": "https://GC2B829AE972CCC-TASKAUTONOMOUSDATABASE.adb.ap-tokyo-1.oraclecloudapps.com/omlusers/",
                "mongo_db_url": "mongodb://[user:password@]GC2B829AE972CCC-TASKAUTONOMOUSDATABASE.adb.ap-tokyo-1.oraclecloudapps.com:27017/[user]?authMechanism=PLAIN\u0026authSource=$external\u0026ssl=true\u0026retryWrites=false\u0026loadBalanced=true",
                "ords_url": "https://GC2B829AE972CCC-TASKAUTONOMOUSDATABASE.adb.ap-tokyo-1.oraclecloudapps.com/ords/",
                "sql_dev_web_url": "https://GC2B829AE972CCC-TASKAUTONOMOUSDATABASE.adb.ap-tokyo-1.oraclecloudapps.com/ords/sql-developer"
              }
            ],
            "cpu_core_count": 0,
            "customer_contacts": [],
            "data_safe_status": "NOT_REGISTERED",
            "data_storage_size_in_gb": 20,
            "data_storage_size_in_tbs": 1,
            "database_edition": "",
            "database_management_status": "",
            "dataguard_region_type": "",
            "db_name": "taskAutonomousDatabase",
            "db_tools_details": [
              {
                "compute_count": 0,
                "is_enabled": true,
                "max_idle_time_in_minutes": 0,
                "name": "APEX"
              },
              {
                "compute_count": 2,
                "is_enabled": true,
                "max_idle_time_in_minutes": 10,
                "name": "DATA_TRANSFORMS"
              },
              {
                "compute_count": 0,
                "is_enabled": true,
                "max_idle_time_in_minutes": 0,
                "name": "DATABASE_ACTIONS"
              },
              {
                "compute_count": 2,
                "is_enabled": true,
                "max_idle_time_in_minutes": 240,
                "name": "GRAPH_STUDIO"
              },
              {
                "compute_count": 0,
                "is_enabled": true,
                "max_idle_time_in_minutes": 0,
                "name": "MONGODB_API"
              },
              {
                "compute_count": 2,
                "is_enabled": true,
                "max_idle_time_in_minutes": 60,
                "name": "OML"
              },
              {
                "compute_count": 0,
                "is_enabled": true,
                "max_idle_time_in_minutes": 0,
                "name": "ORDS"
              }
            ],
            "db_version": "19c",
            "db_workload": "DW",
            "defined_tags": {
              "Oracle-Tags.CreatedBy": "default/doctorleilei@gmail.com",
              "Oracle-Tags.CreatedOn": "2024-05-26T10:28:14.286Z"
            },
            "disaster_recovery_region_type": "",
            "display_name": "task_autonomous_database",
            "failed_data_recovery_in_seconds": null,
            "freeform_tags": {},
            "id": "ocid1.autonomousdatabase.oc1.ap-tokyo-1.anxhiljr5x5wraqaz6fxrcyuokfy2c2dbikynwcm6adzr46eaviphevy4uoq",
            "in_memory_area_in_gbs": null,
            "in_memory_percentage": null,
            "infrastructure_type": "",
            "is_access_control_enabled": null,
            "is_auto_scaling_enabled": false,
            "is_auto_scaling_for_storage_enabled": false,
            "is_data_guard_enabled": false,
            "is_dedicated": false,
            "is_dev_tier": null,
            "is_free_tier": true,
            "is_local_data_guard_enabled": false,
            "is_mtls_connection_required": false,
            "is_preview": false,
            "is_preview_version_with_service_terms_accepted": null,
            "is_reconnect_clone_enabled": false,
            "is_refreshable_clone": null,
            "is_remote_data_guard_enabled": false,
            "is_replicate_automatic_backups": null,
            "is_shrink_only": null,
            "key_history_entry": [
              {
                "id": "ORACLE_MANAGED_KEY",
                "kms_key_version_id": "",
                "time_activated": "2024-05-26 10:28:43.405 +0000 UTC",
                "vault_id": ""
              }
            ],
            "key_store_id": null,
            "key_store_wallet_name": null,
            "kms_key_id": "ORACLE_MANAGED_KEY",
            "kms_key_lifecycle_details": null,
            "kms_key_version_id": null,
            "license_model": "LICENSE_INCLUDED",
            "lifecycle_details": null,
            "local_adg_auto_failover_max_data_loss_limit": null,
            "local_disaster_recovery_type": "",
            "local_standby_db": [],
            "long_term_backup_schedule": [],
            "max_cpu_core_count": null,
            "memory_per_oracle_compute_unit_in_gbs": null,
            "ncharacter_set": "AL16UTF16",
            "net_services_architecture": "",
            "next_long_term_backup_time_stamp": null,
            "nsg_ids": [],
            "ocpu_count": null,
            "open_mode": "READ_WRITE",
            "operations_insights_status": "NOT_ENABLED",
            "peer_db_ids": [],
            "permission_level": "UNRESTRICTED",
            "private_endpoint": null,
            "private_endpoint_ip": null,
            "private_endpoint_label": null,
            "provisionable_cpus": [],
            "refreshable_mode": null,
            "refreshable_status": "",
            "remote_disaster_recovery_configuration": [],
            "remote_disaster_recovery_type": null,
            "resource_pool_leader_id": null,
            "resource_pool_summary": [
              {
                "is_disabled": true,
                "pool_size": 0
              }
            ],
            "role": "",
            "rotate_key_trigger": null,
            "scheduled_operations": [],
            "secret_id": null,
            "secret_version_number": null,
            "service_console_url": null,
            "shrink_adb_trigger": null,
            "source": null,
            "source_id": null,
            "standby_db": [],
            "standby_whitelisted_ips": [],
            "state": "STOPPED",
            "subnet_id": null,
            "supported_regions_to_clone_to": [
              "KIX",
              "ICN",
              "SIN"
            ],
            "switchover_to": null,
            "switchover_to_remote_peer_id": null,
            "system_tags": {
              "orcl-cloud.free-tier-retained": "true"
            },
            "time_created": "2024-05-26 10:28:14.299 +0000 UTC",
            "time_data_guard_role_changed": null,
            "time_deletion_of_free_autonomous_database": null,
            "time_disaster_recovery_role_changed": null,
            "time_local_data_guard_enabled": null,
            "time_maintenance_begin": "2024-06-01 05:00:00 +0000 UTC",
            "time_maintenance_end": "2024-06-01 07:00:00 +0000 UTC",
            "time_of_auto_refresh_start": null,
            "time_of_joining_resource_pool": null,
            "time_of_last_failover": null,
            "time_of_last_refresh": null,
            "time_of_last_refresh_point": null,
            "time_of_last_switchover": null,
            "time_of_next_refresh": null,
            "time_reclamation_of_free_autonomous_database": null,
            "time_until_reconnect_clone_enabled": null,
            "timeouts": null,
            "timestamp": null,
            "total_backup_storage_size_in_gbs": 0,
            "use_latest_available_backup_time_stamp": null,
            "used_data_storage_size_in_gbs": null,
            "used_data_storage_size_in_tbs": null,
            "vault_id": null,
            "whitelisted_ips": [
              "125.103.97.234",
              "141.147.186.127",
              "158.101.74.210"
            ]
          },
          "sensitive_attributes": [
            [
              {
                "type": "get_attr",
                "value": "admin_password"
              }
            ]
          ],
          "private": "eyJlMmJmYjczMC1lY2FhLTExZTYtOGY4OC0zNDM2M2JjN2M0YzAiOnsiY3JlYXRlIjo0MzIwMDAwMDAwMDAwMCwiZGVsZXRlIjo0MzIwMDAwMDAwMDAwMCwidXBkYXRlIjo0MzIwMDAwMDAwMDAwMH19",
          "dependencies": [
            "data.oci_core_public_ip.public_instance_reserved_public_ip",
            "data.oci_identity_compartment.task_compartment",
            "oci_core_nat_gateway.task_nat_gateway",
            "oci_core_vcn.task_vcn"
          ]
        }
      ]
    },
    {
      "mode": "managed",
      "type": "oci_network_load_balancer_backend",
      "name": "task_backend_ssh",
      "provider": "provider[\"registry.terraform.io/hashicorp/oci\"]",
      "instances": [
        {
          "schema_version": 0,
          "attributes": {
            "backend_set_name": "task_backend_set_ssh",
            "id": "networkLoadBalancers/ocid1.networkloadbalancer.oc1.ap-tokyo-1.amaaaaaa5x5wraqaiws5vraa7lsutuolixqeueqqdrix36hofhuqycwtytya/backendSets/task_backend_set_ssh/backends/task_backend_ssh",
            "ip_address": "10.0.1.121",
            "is_backup": false,
            "is_drain": false,
            "is_offline": false,
            "name": "task_backend_ssh",
            "network_load_balancer_id": "ocid1.networkloadbalancer.oc1.ap-tokyo-1.amaaaaaa5x5wraqaiws5vraa7lsutuolixqeueqqdrix36hofhuqycwtytya",
            "port": 22,
            "target_id": "ocid1.instance.oc1.ap-tokyo-1.anxhiljr5x5wraqcaqq7ewpnoll3vbvzkaik23pmishszmssoqxzgy4uqhba",
            "timeouts": null,
            "weight": 1
          },
          "sensitive_attributes": [],
          "private": "eyJlMmJmYjczMC1lY2FhLTExZTYtOGY4OC0zNDM2M2JjN2M0YzAiOnsiY3JlYXRlIjoxMjAwMDAwMDAwMDAwLCJkZWxldGUiOjEyMDAwMDAwMDAwMDAsInVwZGF0ZSI6MTIwMDAwMDAwMDAwMH19",
          "dependencies": [
            "data.oci_core_public_ip.task_network_load_balancer_reserved_public_ip",
            "data.oci_identity_availability_domains.ads",
            "data.oci_identity_compartment.task_compartment",
            "oci_core_instance.private_instance",
            "oci_core_internet_gateway.task_internet_gateway",
            "oci_core_nat_gateway.task_nat_gateway",
            "oci_core_network_security_group.private_instance_network_security_group",
            "oci_core_network_security_group.task_network_load_balancer_network_security_group",
            "oci_core_route_table.private_route_table",
            "oci_core_route_table.public_route_table",
            "oci_core_security_list.private_security_list",
            "oci_core_security_list.public_security_list",
            "oci_core_subnet.private_subnet",
            "oci_core_subnet.public_subnet",
            "oci_core_vcn.task_vcn",
            "oci_network_load_balancer_backend_set.task_backend_set_ssh",
            "oci_network_load_balancer_network_load_balancer.task_network_load_balancer"
          ]
        }
      ]
    },
    {
      "mode": "managed",
      "type": "oci_network_load_balancer_backend",
      "name": "task_backend_web",
      "provider": "provider[\"registry.terraform.io/hashicorp/oci\"]",
      "instances": [
        {
          "schema_version": 0,
          "attributes": {
            "backend_set_name": "task_backend_set_web",
            "id": "networkLoadBalancers/ocid1.networkloadbalancer.oc1.ap-tokyo-1.amaaaaaa5x5wraqaiws5vraa7lsutuolixqeueqqdrix36hofhuqycwtytya/backendSets/task_backend_set_web/backends/task_backend_web",
            "ip_address": "10.0.1.121",
            "is_backup": false,
            "is_drain": false,
            "is_offline": false,
            "name": "task_backend_web",
            "network_load_balancer_id": "ocid1.networkloadbalancer.oc1.ap-tokyo-1.amaaaaaa5x5wraqaiws5vraa7lsutuolixqeueqqdrix36hofhuqycwtytya",
            "port": 80,
            "target_id": "ocid1.instance.oc1.ap-tokyo-1.anxhiljr5x5wraqcaqq7ewpnoll3vbvzkaik23pmishszmssoqxzgy4uqhba",
            "timeouts": null,
            "weight": 1
          },
          "sensitive_attributes": [],
          "private": "eyJlMmJmYjczMC1lY2FhLTExZTYtOGY4OC0zNDM2M2JjN2M0YzAiOnsiY3JlYXRlIjoxMjAwMDAwMDAwMDAwLCJkZWxldGUiOjEyMDAwMDAwMDAwMDAsInVwZGF0ZSI6MTIwMDAwMDAwMDAwMH19",
          "dependencies": [
            "data.oci_core_public_ip.task_network_load_balancer_reserved_public_ip",
            "data.oci_identity_availability_domains.ads",
            "data.oci_identity_compartment.task_compartment",
            "oci_core_instance.private_instance",
            "oci_core_internet_gateway.task_internet_gateway",
            "oci_core_nat_gateway.task_nat_gateway",
            "oci_core_network_security_group.private_instance_network_security_group",
            "oci_core_network_security_group.task_network_load_balancer_network_security_group",
            "oci_core_route_table.private_route_table",
            "oci_core_route_table.public_route_table",
            "oci_core_security_list.private_security_list",
            "oci_core_security_list.public_security_list",
            "oci_core_subnet.private_subnet",
            "oci_core_subnet.public_subnet",
            "oci_core_vcn.task_vcn",
            "oci_network_load_balancer_backend_set.task_backend_set_web",
            "oci_network_load_balancer_network_load_balancer.task_network_load_balancer"
          ]
        }
      ]
    },
    {
      "mode": "managed",
      "type": "oci_network_load_balancer_backend_set",
      "name": "task_backend_set_ssh",
      "provider": "provider[\"registry.terraform.io/hashicorp/oci\"]",
      "instances": [
        {
          "schema_version": 0,
          "attributes": {
            "backends": [],
            "health_checker": [
              {
                "dns": [],
                "interval_in_millis": 10000,
                "port": 22,
                "protocol": "TCP",
                "request_data": "",
                "response_body_regex": "",
                "response_data": "",
                "retries": 3,
                "return_code": 0,
                "timeout_in_millis": 3000,
                "url_path": ""
              }
            ],
            "id": "networkLoadBalancers/ocid1.networkloadbalancer.oc1.ap-tokyo-1.amaaaaaa5x5wraqaiws5vraa7lsutuolixqeueqqdrix36hofhuqycwtytya/backendSets/task_backend_set_ssh",
            "ip_version": "IPV4",
            "is_fail_open": false,
            "is_instant_failover_enabled": false,
            "is_preserve_source": true,
            "name": "task_backend_set_ssh",
            "network_load_balancer_id": "ocid1.networkloadbalancer.oc1.ap-tokyo-1.amaaaaaa5x5wraqaiws5vraa7lsutuolixqeueqqdrix36hofhuqycwtytya",
            "policy": "FIVE_TUPLE",
            "timeouts": null
          },
          "sensitive_attributes": [],
          "private": "eyJlMmJmYjczMC1lY2FhLTExZTYtOGY4OC0zNDM2M2JjN2M0YzAiOnsiY3JlYXRlIjoxMjAwMDAwMDAwMDAwLCJkZWxldGUiOjEyMDAwMDAwMDAwMDAsInVwZGF0ZSI6MTIwMDAwMDAwMDAwMH19",
          "dependencies": [
            "data.oci_core_public_ip.task_network_load_balancer_reserved_public_ip",
            "data.oci_identity_availability_domains.ads",
            "data.oci_identity_compartment.task_compartment",
            "oci_core_internet_gateway.task_internet_gateway",
            "oci_core_network_security_group.task_network_load_balancer_network_security_group",
            "oci_core_route_table.public_route_table",
            "oci_core_security_list.public_security_list",
            "oci_core_subnet.public_subnet",
            "oci_core_vcn.task_vcn",
            "oci_network_load_balancer_network_load_balancer.task_network_load_balancer"
          ]
        }
      ]
    },
    {
      "mode": "managed",
      "type": "oci_network_load_balancer_backend_set",
      "name": "task_backend_set_web",
      "provider": "provider[\"registry.terraform.io/hashicorp/oci\"]",
      "instances": [
        {
          "schema_version": 0,
          "attributes": {
            "backends": [],
            "health_checker": [
              {
                "dns": [],
                "interval_in_millis": 10000,
                "port": 80,
                "protocol": "TCP",
                "request_data": "",
                "response_body_regex": "",
                "response_data": "",
                "retries": 3,
                "return_code": 0,
                "timeout_in_millis": 3000,
                "url_path": ""
              }
            ],
            "id": "networkLoadBalancers/ocid1.networkloadbalancer.oc1.ap-tokyo-1.amaaaaaa5x5wraqaiws5vraa7lsutuolixqeueqqdrix36hofhuqycwtytya/backendSets/task_backend_set_web",
            "ip_version": "IPV4",
            "is_fail_open": false,
            "is_instant_failover_enabled": false,
            "is_preserve_source": true,
            "name": "task_backend_set_web",
            "network_load_balancer_id": "ocid1.networkloadbalancer.oc1.ap-tokyo-1.amaaaaaa5x5wraqaiws5vraa7lsutuolixqeueqqdrix36hofhuqycwtytya",
            "policy": "FIVE_TUPLE",
            "timeouts": null
          },
          "sensitive_attributes": [],
          "private": "eyJlMmJmYjczMC1lY2FhLTExZTYtOGY4OC0zNDM2M2JjN2M0YzAiOnsiY3JlYXRlIjoxMjAwMDAwMDAwMDAwLCJkZWxldGUiOjEyMDAwMDAwMDAwMDAsInVwZGF0ZSI6MTIwMDAwMDAwMDAwMH19",
          "dependencies": [
            "data.oci_core_public_ip.task_network_load_balancer_reserved_public_ip",
            "data.oci_identity_availability_domains.ads",
            "data.oci_identity_compartment.task_compartment",
            "oci_core_internet_gateway.task_internet_gateway",
            "oci_core_network_security_group.task_network_load_balancer_network_security_group",
            "oci_core_route_table.public_route_table",
            "oci_core_security_list.public_security_list",
            "oci_core_subnet.public_subnet",
            "oci_core_vcn.task_vcn",
            "oci_network_load_balancer_network_load_balancer.task_network_load_balancer"
          ]
        }
      ]
    },
    {
      "mode": "managed",
      "type": "oci_network_load_balancer_listener",
      "name": "task_listener_ssh",
      "provider": "provider[\"registry.terraform.io/hashicorp/oci\"]",
      "instances": [
        {
          "schema_version": 0,
          "attributes": {
            "default_backend_set_name": "task_backend_set_ssh",
            "id": "networkLoadBalancers/ocid1.networkloadbalancer.oc1.ap-tokyo-1.amaaaaaa5x5wraqaiws5vraa7lsutuolixqeueqqdrix36hofhuqycwtytya/listeners/task_listener_ssh",
            "ip_version": "IPV4",
            "name": "task_listener_ssh",
            "network_load_balancer_id": "ocid1.networkloadbalancer.oc1.ap-tokyo-1.amaaaaaa5x5wraqaiws5vraa7lsutuolixqeueqqdrix36hofhuqycwtytya",
            "port": 22,
            "protocol": "TCP",
            "timeouts": null
          },
          "sensitive_attributes": [],
          "private": "eyJlMmJmYjczMC1lY2FhLTExZTYtOGY4OC0zNDM2M2JjN2M0YzAiOnsiY3JlYXRlIjoxMjAwMDAwMDAwMDAwLCJkZWxldGUiOjEyMDAwMDAwMDAwMDAsInVwZGF0ZSI6MTIwMDAwMDAwMDAwMH19",
          "dependencies": [
            "data.oci_core_public_ip.task_network_load_balancer_reserved_public_ip",
            "data.oci_identity_availability_domains.ads",
            "data.oci_identity_compartment.task_compartment",
            "oci_core_internet_gateway.task_internet_gateway",
            "oci_core_network_security_group.task_network_load_balancer_network_security_group",
            "oci_core_route_table.public_route_table",
            "oci_core_security_list.public_security_list",
            "oci_core_subnet.public_subnet",
            "oci_core_vcn.task_vcn",
            "oci_network_load_balancer_backend_set.task_backend_set_ssh",
            "oci_network_load_balancer_network_load_balancer.task_network_load_balancer"
          ]
        }
      ]
    },
    {
      "mode": "managed",
      "type": "oci_network_load_balancer_listener",
      "name": "task_listener_web",
      "provider": "provider[\"registry.terraform.io/hashicorp/oci\"]",
      "instances": [
        {
          "schema_version": 0,
          "attributes": {
            "default_backend_set_name": "task_backend_set_web",
            "id": "networkLoadBalancers/ocid1.networkloadbalancer.oc1.ap-tokyo-1.amaaaaaa5x5wraqaiws5vraa7lsutuolixqeueqqdrix36hofhuqycwtytya/listeners/task_listener_web",
            "ip_version": "IPV4",
            "name": "task_listener_web",
            "network_load_balancer_id": "ocid1.networkloadbalancer.oc1.ap-tokyo-1.amaaaaaa5x5wraqaiws5vraa7lsutuolixqeueqqdrix36hofhuqycwtytya",
            "port": 80,
            "protocol": "TCP",
            "timeouts": null
          },
          "sensitive_attributes": [],
          "private": "eyJlMmJmYjczMC1lY2FhLTExZTYtOGY4OC0zNDM2M2JjN2M0YzAiOnsiY3JlYXRlIjoxMjAwMDAwMDAwMDAwLCJkZWxldGUiOjEyMDAwMDAwMDAwMDAsInVwZGF0ZSI6MTIwMDAwMDAwMDAwMH19",
          "dependencies": [
            "data.oci_core_public_ip.task_network_load_balancer_reserved_public_ip",
            "data.oci_identity_availability_domains.ads",
            "data.oci_identity_compartment.task_compartment",
            "oci_core_internet_gateway.task_internet_gateway",
            "oci_core_network_security_group.task_network_load_balancer_network_security_group",
            "oci_core_route_table.public_route_table",
            "oci_core_security_list.public_security_list",
            "oci_core_subnet.public_subnet",
            "oci_core_vcn.task_vcn",
            "oci_network_load_balancer_backend_set.task_backend_set_web",
            "oci_network_load_balancer_network_load_balancer.task_network_load_balancer"
          ]
        }
      ]
    },
    {
      "mode": "managed",
      "type": "oci_network_load_balancer_network_load_balancer",
      "name": "task_network_load_balancer",
      "provider": "provider[\"registry.terraform.io/hashicorp/oci\"]",
      "instances": [
        {
          "schema_version": 0,
          "attributes": {
            "assigned_ipv6": null,
            "assigned_private_ipv4": null,
            "compartment_id": "ocid1.compartment.oc1..aaaaaaaadq3or6xtygxv2g7qn5sn6yl4nsqdg43svv57dpsply74jjtnjvaa",
            "defined_tags": {
              "Oracle-Tags.CreatedBy": "default/doctorleilei@gmail.com",
              "Oracle-Tags.CreatedOn": "2024-05-26T10:28:15.698Z"
            },
            "display_name": "task_network_load_balancer",
            "freeform_tags": {},
            "id": "ocid1.networkloadbalancer.oc1.ap-tokyo-1.amaaaaaa5x5wraqaiws5vraa7lsutuolixqeueqqdrix36hofhuqycwtytya",
            "ip_addresses": [
              {
                "ip_address": "158.101.72.210",
                "ip_version": "IPV4",
                "is_public": true,
                "reserved_ip": [
                  {
                    "id": "ocid1.publicip.oc1.ap-tokyo-1.amaaaaaa5x5wraqajvytgd2ct25vu2s4aaqqo7pekovqal2qxt6iviypcv7q"
                  }
                ]
              },
              {
                "ip_address": "10.0.0.206",
                "ip_version": "IPV4",
                "is_public": false,
                "reserved_ip": []
              }
            ],
            "is_preserve_source_destination": false,
            "is_private": false,
            "is_symmetric_hash_enabled": false,
            "lifecycle_details": null,
            "network_security_group_ids": [
              "ocid1.networksecuritygroup.oc1.ap-tokyo-1.aaaaaaaagqwi47ryghrwanw5x26ayg24iioh56ipork4xius3d3ucjez7cdq"
            ],
            "nlb_ip_version": "IPV4",
            "reserved_ips": [
              {
                "id": "ocid1.publicip.oc1.ap-tokyo-1.amaaaaaa5x5wraqajvytgd2ct25vu2s4aaqqo7pekovqal2qxt6iviypcv7q"
              }
            ],
            "state": "ACTIVE",
            "subnet_id": "ocid1.subnet.oc1.ap-tokyo-1.aaaaaaaamqwfb7sitcv54pba3sajbgqoltmubgbhcnwmpsjbl6imk5dft2ga",
            "subnet_ipv6cidr": null,
            "system_tags": {
              "orcl-cloud.free-tier-retained": "true"
            },
            "time_created": "2024-05-26 10:28:15 +0000 UTC",
            "time_updated": "2024-05-26 12:12:49 +0000 UTC",
            "timeouts": null
          },
          "sensitive_attributes": [],
          "private": "eyJlMmJmYjczMC1lY2FhLTExZTYtOGY4OC0zNDM2M2JjN2M0YzAiOnsiY3JlYXRlIjoxMjAwMDAwMDAwMDAwLCJkZWxldGUiOjEyMDAwMDAwMDAwMDAsInVwZGF0ZSI6MTIwMDAwMDAwMDAwMH19",
          "dependencies": [
            "data.oci_core_public_ip.task_network_load_balancer_reserved_public_ip",
            "data.oci_identity_availability_domains.ads",
            "data.oci_identity_compartment.task_compartment",
            "oci_core_internet_gateway.task_internet_gateway",
            "oci_core_network_security_group.task_network_load_balancer_network_security_group",
            "oci_core_route_table.public_route_table",
            "oci_core_security_list.public_security_list",
            "oci_core_subnet.public_subnet",
            "oci_core_vcn.task_vcn"
          ]
        }
      ]
    }
  ],
  "check_results": null
}
