{
  "version": 4,
  "terraform_version": "1.8.1",
  "serial": 691,
  "lineage": "9caf8968-d905-1ba9-69fb-f333db7a23cb",
  "outputs": {},
  "resources": [
    {
      "mode": "data",
      "type": "oci_identity_availability_domains",
      "name": "ads",
      "provider": "provider[\"registry.terraform.io/hashicorp/oci\"]",
      "instances": [
        {
          "schema_version": 0,
          "attributes": {
            "availability_domains": [
              {
                "compartment_id": "ocid1.compartment.oc1..aaaaaaaadq3or6xtygxv2g7qn5sn6yl4nsqdg43svv57dpsply74jjtnjvaa",
                "id": "ocid1.availabilitydomain.oc1..aaaaaaaaaijs56nfsz2usbwsr6k6t5b3do7hns6ib2day6le5scrvvjpeceq",
                "name": "wtHk:AP-TOKYO-1-AD-1"
              }
            ],
            "compartment_id": "ocid1.compartment.oc1..aaaaaaaadq3or6xtygxv2g7qn5sn6yl4nsqdg43svv57dpsply74jjtnjvaa",
            "filter": null,
            "id": "IdentityAvailabilityDomainsDataSource-9372218"
          },
          "sensitive_attributes": []
        }
      ]
    },
    {
      "mode": "managed",
      "type": "oci_core_instance",
      "name": "private_instance",
      "provider": "provider[\"registry.terraform.io/hashicorp/oci\"]",
      "instances": [
        {
          "schema_version": 0,
          "attributes": {
            "agent_config": [
              {
                "are_all_plugins_disabled": false,
                "is_management_disabled": false,
                "is_monitoring_disabled": false,
                "plugins_config": []
              }
            ],
            "async": null,
            "availability_config": [
              {
                "is_live_migration_preferred": false,
                "recovery_action": "RESTORE_INSTANCE"
              }
            ],
            "availability_domain": "wtHk:AP-TOKYO-1-AD-1",
            "boot_volume_id": "ocid1.bootvolume.oc1.ap-tokyo-1.abxhiljr3qtpuc3beruvyyxbizbdztd2g5zey4bptlmj4nsec53rcojrn63q",
            "capacity_reservation_id": null,
            "cluster_placement_group_id": null,
            "compartment_id": "ocid1.compartment.oc1..aaaaaaaadq3or6xtygxv2g7qn5sn6yl4nsqdg43svv57dpsply74jjtnjvaa",
            "compute_cluster_id": null,
            "create_vnic_details": [
              {
                "assign_ipv6ip": false,
                "assign_private_dns_record": false,
                "assign_public_ip": "false",
                "defined_tags": {
                  "Oracle-Tags.CreatedBy": "default/doctorleilei@gmail.com",
                  "Oracle-Tags.CreatedOn": "2024-05-24T10:32:29.590Z"
                },
                "display_name": "private_instance",
                "freeform_tags": {},
                "hostname_label": "",
                "ipv6address_ipv6subnet_cidr_pair_details": [],
                "nsg_ids": [
                  "ocid1.networksecuritygroup.oc1.ap-tokyo-1.aaaaaaaammoi7bxm7t5ybeq67rcnd5mvsiw2fittk4vlukuuo52ylhtpc4la"
                ],
                "private_ip": "10.1.1.111",
                "skip_source_dest_check": false,
                "subnet_id": "ocid1.subnet.oc1.ap-tokyo-1.aaaaaaaanxlvahab4qn3ttcunqdggj24z7hbqre3762tinr3oq3isxumqhga",
                "vlan_id": ""
              }
            ],
            "dedicated_vm_host_id": null,
            "defined_tags": {
              "Oracle-Tags.CreatedBy": "default/doctorleilei@gmail.com",
              "Oracle-Tags.CreatedOn": "2024-05-24T10:32:29.432Z"
            },
            "display_name": "private_instance",
            "extended_metadata": {},
            "fault_domain": "FAULT-DOMAIN-1",
            "freeform_tags": {},
            "hostname_label": "",
            "id": "ocid1.instance.oc1.ap-tokyo-1.anxhiljr5x5wraqckadtbzaph5qzvnjk7uzxiihcfcu5tnmz5ycbnesyki6a",
            "image": "ocid1.image.oc1.ap-tokyo-1.aaaaaaaaongp2eu5zvioimbvbdh2h7leg7jdn4rmcv2lputdnpfikysou3dq",
            "instance_configuration_id": null,
            "instance_options": [
              {
                "are_legacy_imds_endpoints_disabled": false
              }
            ],
            "ipxe_script": null,
            "is_cross_numa_node": false,
            "is_pv_encryption_in_transit_enabled": null,
            "launch_mode": "PARAVIRTUALIZED",
            "launch_options": [
              {
                "boot_volume_type": "PARAVIRTUALIZED",
                "firmware": "UEFI_64",
                "is_consistent_volume_naming_enabled": true,
                "is_pv_encryption_in_transit_enabled": false,
                "network_type": "PARAVIRTUALIZED",
                "remote_data_volume_type": "PARAVIRTUALIZED"
              }
            ],
            "launch_volume_attachments": [],
            "metadata": {
              "ssh_authorized_keys": "ssh-rsa AAAAB3NzaC1yc2EAAAADAQABAAABgQC7ZJDCLwLqbDZetqylegwNLF0OueFDSoXZMLIjXNbIT5iSCNzDeC4hljvVj9pYpD/eRbopNQuR9T0iTvQA61TJx64ZySC1uEL20agrYGXmEZW0zBLzsMWMkzTFBkdhFTYbqGiW94VLwiS3G8jMR7Zwly9M60GlCLnYP0y2jtjwNgMGOUeYdwfyR0y0rnNhTOB6CDOmb/MP9SGyfdioHTdtZNcdQW0151HbCZnPrJCeQ/cvW42cnGQE6eMenVEmPW523KOuJHIUjz/2B953C0j+/wIQcH4pdf67RZED+5KqkW7cULi/p/jFlK4vYjBXZgfDTVpcDdObcS4LIljPT7UqkiV4R3AwbucnVtFSyZsQ6ERAlZEKurzaev2tW5lvg8wohKUNrQMmxsIlrQ//h6s9z0C7HwrMjyBnNCPypq5pIztVjv3xLqbCO1FmjGFXihTxXhZwynHA07s8NtcEAneCWyXTxS5bfgNLL242Mib1tw5Td44A1TbTUDJIGSd9uuc= docto@Kiseki\r\n",
              "user_data": "I2Nsb3VkLWNvbmZpZwp0aW1lem9uZTogQXNpYS9Ub2t5bwpsb2NhbGU6IGphX0pQLnV0ZjgKcGFja2FnZXM6CiAgLSBuZ2lueAogIC0gamF2YS0xMS1vcGVuamRrCiAgLSBzcWxjbAogIC0gZmlyZXdhbGxkCnJ1bmNtZDoKICAtIHN1ZG8gc3lzdGVtY3RsIGVuYWJsZSBuZ2lueAogIC0gc3VkbyBzeXN0ZW1jdGwgc3RhcnQgbmdpbngKICAtIHN1ZG8gZmlyZXdhbGwtb2ZmbGluZS1jbWQgLS1hZGQtcG9ydD04MC90Y3AKICAtIHN1ZG8gc3lzdGVtY3RsIGVuYWJsZSBmaXJld2FsbGQKICAtIHN1ZG8gc3lzdGVtY3RsIHN0YXJ0IGZpcmV3YWxsZAogIC0gc3VkbyBzeXN0ZW1jdGwgcmVzdGFydCBmaXJld2FsbGQK"
            },
            "platform_config": [],
            "preemptible_instance_config": [],
            "preserve_boot_volume": false,
            "preserve_data_volumes_created_at_launch": null,
            "private_ip": "10.1.1.111",
            "public_ip": "",
            "region": "ap-tokyo-1",
            "shape": "VM.Standard.A1.Flex",
            "shape_config": [
              {
                "baseline_ocpu_utilization": "",
                "gpu_description": "",
                "gpus": 0,
                "local_disk_description": "",
                "local_disks": 0,
                "local_disks_total_size_in_gbs": 0,
                "max_vnic_attachments": 2,
                "memory_in_gbs": 6,
                "networking_bandwidth_in_gbps": 1,
                "nvmes": 0,
                "ocpus": 1,
                "processor_description": "3.0 GHz Ampere® Altra™",
                "vcpus": 1
              }
            ],
            "source_details": [
              {
                "boot_volume_size_in_gbs": "47",
                "boot_volume_vpus_per_gb": "10",
                "instance_source_image_filter_details": [],
                "is_preserve_boot_volume_enabled": false,
                "kms_key_id": "",
                "source_id": "ocid1.image.oc1.ap-tokyo-1.aaaaaaaaongp2eu5zvioimbvbdh2h7leg7jdn4rmcv2lputdnpfikysou3dq",
                "source_type": "image"
              }
            ],
            "state": "RUNNING",
            "subnet_id": "ocid1.subnet.oc1.ap-tokyo-1.aaaaaaaanxlvahab4qn3ttcunqdggj24z7hbqre3762tinr3oq3isxumqhga",
            "system_tags": {},
            "time_created": "2024-05-24 10:32:30.186 +0000 UTC",
            "time_maintenance_reboot_due": "",
            "timeouts": null,
            "update_operation_constraint": null
          },
          "sensitive_attributes": [],
          "private": "eyJlMmJmYjczMC1lY2FhLTExZTYtOGY4OC0zNDM2M2JjN2M0YzAiOnsiY3JlYXRlIjoyNzAwMDAwMDAwMDAwLCJkZWxldGUiOjQ1MDAwMDAwMDAwMDAsInVwZGF0ZSI6MjcwMDAwMDAwMDAwMH19",
          "dependencies": [
            "data.oci_identity_availability_domains.ads",
            "oci_core_nat_gateway.task_nat_gateway",
            "oci_core_network_security_group.private_instance_network_security_group",
            "oci_core_route_table.private_route_table",
            "oci_core_security_list.private_security_list",
            "oci_core_subnet.private_subnet",
            "oci_core_vcn.tack_vcn",
            "oci_identity_compartment.task_compartment"
          ]
        }
      ]
    },
    {
      "mode": "managed",
      "type": "oci_core_internet_gateway",
      "name": "task_internet_gateway",
      "provider": "provider[\"registry.terraform.io/hashicorp/oci\"]",
      "instances": [
        {
          "schema_version": 0,
          "attributes": {
            "compartment_id": "ocid1.compartment.oc1..aaaaaaaadq3or6xtygxv2g7qn5sn6yl4nsqdg43svv57dpsply74jjtnjvaa",
            "defined_tags": {
              "Oracle-Tags.CreatedBy": "default/doctorleilei@gmail.com",
              "Oracle-Tags.CreatedOn": "2024-05-21T16:43:49.076Z"
            },
            "display_name": "task_internet_gateway",
            "enabled": true,
            "freeform_tags": {},
            "id": "ocid1.internetgateway.oc1.ap-tokyo-1.aaaaaaaax3b55gbfxmwvl5lxi5y7hybejiflmq7lhvtonmdjxoragyxolrxq",
            "route_table_id": null,
            "state": "AVAILABLE",
            "time_created": "2024-05-21 16:43:49.126 +0000 UTC",
            "timeouts": null,
            "vcn_id": "ocid1.vcn.oc1.ap-tokyo-1.amaaaaaa5x5wraqaamrnaxia7gqpkdeo2nlrc3k2s2yqq3dvg3rs2mo5uz3a"
          },
          "sensitive_attributes": [],
          "private": "eyJlMmJmYjczMC1lY2FhLTExZTYtOGY4OC0zNDM2M2JjN2M0YzAiOnsiY3JlYXRlIjoxMjAwMDAwMDAwMDAwLCJkZWxldGUiOjEyMDAwMDAwMDAwMDAsInVwZGF0ZSI6MTIwMDAwMDAwMDAwMH19",
          "dependencies": [
            "oci_core_vcn.tack_vcn",
            "oci_identity_compartment.task_compartment"
          ]
        }
      ]
    },
    {
      "mode": "managed",
      "type": "oci_core_nat_gateway",
      "name": "task_nat_gateway",
      "provider": "provider[\"registry.terraform.io/hashicorp/oci\"]",
      "instances": [
        {
          "schema_version": 0,
          "attributes": {
            "block_traffic": false,
            "compartment_id": "ocid1.compartment.oc1..aaaaaaaadq3or6xtygxv2g7qn5sn6yl4nsqdg43svv57dpsply74jjtnjvaa",
            "defined_tags": {
              "Oracle-Tags.CreatedBy": "default/doctorleilei@gmail.com",
              "Oracle-Tags.CreatedOn": "2024-05-21T16:43:49.112Z"
            },
            "display_name": "task_nat_gateway",
            "freeform_tags": {},
            "id": "ocid1.natgateway.oc1.ap-tokyo-1.aaaaaaaan7i5jj6m7iaggem5ps673urnastaxllhylywxqxkxuvmhbim2wnq",
            "nat_ip": "158.101.70.126",
            "public_ip_id": "ocid1.publicip.oc1.ap-tokyo-1.aaaaaaaahgtqjxqc65hhwve6eyto2yts6bgy7h77cub3uwzowguafiz5orhq",
            "route_table_id": null,
            "state": "AVAILABLE",
            "time_created": "2024-05-21 16:43:49.307 +0000 UTC",
            "timeouts": null,
            "vcn_id": "ocid1.vcn.oc1.ap-tokyo-1.amaaaaaa5x5wraqaamrnaxia7gqpkdeo2nlrc3k2s2yqq3dvg3rs2mo5uz3a"
          },
          "sensitive_attributes": [],
          "private": "eyJlMmJmYjczMC1lY2FhLTExZTYtOGY4OC0zNDM2M2JjN2M0YzAiOnsiY3JlYXRlIjoxMjAwMDAwMDAwMDAwLCJkZWxldGUiOjEyMDAwMDAwMDAwMDAsInVwZGF0ZSI6MTIwMDAwMDAwMDAwMH19",
          "dependencies": [
            "oci_core_vcn.tack_vcn",
            "oci_identity_compartment.task_compartment"
          ]
        }
      ]
    },
    {
      "mode": "managed",
      "type": "oci_core_network_security_group",
      "name": "private_instance_network_security_group",
      "provider": "provider[\"registry.terraform.io/hashicorp/oci\"]",
      "instances": [
        {
          "schema_version": 0,
          "attributes": {
            "compartment_id": "ocid1.compartment.oc1..aaaaaaaadq3or6xtygxv2g7qn5sn6yl4nsqdg43svv57dpsply74jjtnjvaa",
            "defined_tags": {
              "Oracle-Tags.CreatedBy": "default/doctorleilei@gmail.com",
              "Oracle-Tags.CreatedOn": "2024-05-24T10:32:28.799Z"
            },
            "display_name": "private_instance_network_security_group",
            "freeform_tags": {},
            "id": "ocid1.networksecuritygroup.oc1.ap-tokyo-1.aaaaaaaammoi7bxm7t5ybeq67rcnd5mvsiw2fittk4vlukuuo52ylhtpc4la",
            "state": "AVAILABLE",
            "time_created": "2024-05-24 10:32:28.874 +0000 UTC",
            "timeouts": null,
            "vcn_id": "ocid1.vcn.oc1.ap-tokyo-1.amaaaaaa5x5wraqaamrnaxia7gqpkdeo2nlrc3k2s2yqq3dvg3rs2mo5uz3a"
          },
          "sensitive_attributes": [],
          "private": "eyJlMmJmYjczMC1lY2FhLTExZTYtOGY4OC0zNDM2M2JjN2M0YzAiOnsiY3JlYXRlIjoxMjAwMDAwMDAwMDAwLCJkZWxldGUiOjEyMDAwMDAwMDAwMDAsInVwZGF0ZSI6MTIwMDAwMDAwMDAwMH19",
          "dependencies": [
            "oci_core_vcn.tack_vcn",
            "oci_identity_compartment.task_compartment"
          ]
        }
      ]
    },
    {
      "mode": "managed",
      "type": "oci_core_network_security_group",
      "name": "task_network_load_balancer_network_security_group",
      "provider": "provider[\"registry.terraform.io/hashicorp/oci\"]",
      "instances": [
        {
          "schema_version": 0,
          "attributes": {
            "compartment_id": "ocid1.compartment.oc1..aaaaaaaadq3or6xtygxv2g7qn5sn6yl4nsqdg43svv57dpsply74jjtnjvaa",
            "defined_tags": {
              "Oracle-Tags.CreatedBy": "default/doctorleilei@gmail.com",
              "Oracle-Tags.CreatedOn": "2024-05-24T10:32:28.801Z"
            },
            "display_name": "task_network_load_balancer_network_security_group",
            "freeform_tags": {},
            "id": "ocid1.networksecuritygroup.oc1.ap-tokyo-1.aaaaaaaaajpbsipf262z5y5rsyp4noeoggyyxtasarxbncgr4izjjtwedtzq",
            "state": "AVAILABLE",
            "time_created": "2024-05-24 10:32:28.888 +0000 UTC",
            "timeouts": null,
            "vcn_id": "ocid1.vcn.oc1.ap-tokyo-1.amaaaaaa5x5wraqaamrnaxia7gqpkdeo2nlrc3k2s2yqq3dvg3rs2mo5uz3a"
          },
          "sensitive_attributes": [],
          "private": "eyJlMmJmYjczMC1lY2FhLTExZTYtOGY4OC0zNDM2M2JjN2M0YzAiOnsiY3JlYXRlIjoxMjAwMDAwMDAwMDAwLCJkZWxldGUiOjEyMDAwMDAwMDAwMDAsInVwZGF0ZSI6MTIwMDAwMDAwMDAwMH19",
          "dependencies": [
            "oci_core_vcn.tack_vcn",
            "oci_identity_compartment.task_compartment"
          ]
        }
      ]
    },
    {
      "mode": "managed",
      "type": "oci_core_public_ip",
      "name": "public_instance_reserved_public_ip",
      "provider": "provider[\"registry.terraform.io/hashicorp/oci\"]",
      "instances": [
        {
          "schema_version": 0,
          "attributes": {
            "assigned_entity_id": "ocid1.privateip.oc1.ap-tokyo-1.abxhiljrkirnqagkq7usttf3hnj4qfg5i3qzp3pjox2hbjk33cfuljcijq3a",
            "assigned_entity_type": "PRIVATE_IP",
            "availability_domain": null,
            "compartment_id": "ocid1.compartment.oc1..aaaaaaaadq3or6xtygxv2g7qn5sn6yl4nsqdg43svv57dpsply74jjtnjvaa",
            "defined_tags": {
              "Oracle-Tags.CreatedBy": "default/doctorleilei@gmail.com",
              "Oracle-Tags.CreatedOn": "2024-05-21T16:43:48.582Z"
            },
            "display_name": "public_instance_reserved_public_ip",
            "freeform_tags": {},
            "id": "ocid1.publicip.oc1.ap-tokyo-1.amaaaaaa5x5wraqaio2v5ph2xeh77cpa3c36okachvmw5m52ycskfrqpx7rq",
            "ip_address": "140.83.36.233",
            "lifetime": "RESERVED",
            "private_ip_id": "ocid1.privateip.oc1.ap-tokyo-1.abxhiljrkirnqagkq7usttf3hnj4qfg5i3qzp3pjox2hbjk33cfuljcijq3a",
            "public_ip_pool_id": null,
            "scope": "REGION",
            "state": "ASSIGNED",
            "time_created": "2024-05-21 16:43:48.648 +0000 UTC",
            "timeouts": null
          },
          "sensitive_attributes": [],
          "private": "eyJlMmJmYjczMC1lY2FhLTExZTYtOGY4OC0zNDM2M2JjN2M0YzAiOnsiY3JlYXRlIjoxMjAwMDAwMDAwMDAwLCJkZWxldGUiOjEyMDAwMDAwMDAwMDAsInVwZGF0ZSI6MTIwMDAwMDAwMDAwMH19",
          "dependencies": [
            "oci_identity_compartment.task_compartment"
          ]
        }
      ]
    },
    {
      "mode": "managed",
      "type": "oci_core_public_ip",
      "name": "task_network_load_balancer_reserved_public_ip",
      "provider": "provider[\"registry.terraform.io/hashicorp/oci\"]",
      "instances": [
        {
          "schema_version": 0,
          "attributes": {
            "assigned_entity_id": "ocid1.privateip.oc1.ap-tokyo-1.abxhiljrza3e2v3ecqpcsmx3vgdmbmvjqhroljmqohxj3mta5o766oeypfca",
            "assigned_entity_type": "",
            "availability_domain": null,
            "compartment_id": "ocid1.compartment.oc1..aaaaaaaadq3or6xtygxv2g7qn5sn6yl4nsqdg43svv57dpsply74jjtnjvaa",
            "defined_tags": {
              "Oracle-Tags.CreatedBy": "default/doctorleilei@gmail.com",
              "Oracle-Tags.CreatedOn": "2024-05-21T16:43:48.576Z"
            },
            "display_name": "task_network_load_balancer_reserved_public_ip",
            "freeform_tags": {},
            "id": "ocid1.publicip.oc1.ap-tokyo-1.amaaaaaa5x5wraqahf6qc53hi7jvt7z7pomapah3buleystgczotribsmzeq",
            "ip_address": "158.101.72.117",
            "lifetime": "RESERVED",
            "private_ip_id": "",
            "public_ip_pool_id": null,
            "scope": "REGION",
            "state": "AVAILABLE",
            "time_created": "2024-05-21 16:43:48.686 +0000 UTC",
            "timeouts": null
          },
          "sensitive_attributes": [],
          "private": "eyJlMmJmYjczMC1lY2FhLTExZTYtOGY4OC0zNDM2M2JjN2M0YzAiOnsiY3JlYXRlIjoxMjAwMDAwMDAwMDAwLCJkZWxldGUiOjEyMDAwMDAwMDAwMDAsInVwZGF0ZSI6MTIwMDAwMDAwMDAwMH19",
          "dependencies": [
            "oci_identity_compartment.task_compartment"
          ]
        }
      ]
    },
    {
      "mode": "managed",
      "type": "oci_core_route_table",
      "name": "private_route_table",
      "provider": "provider[\"registry.terraform.io/hashicorp/oci\"]",
      "instances": [
        {
          "schema_version": 0,
          "attributes": {
            "compartment_id": "ocid1.compartment.oc1..aaaaaaaadq3or6xtygxv2g7qn5sn6yl4nsqdg43svv57dpsply74jjtnjvaa",
            "defined_tags": {
              "Oracle-Tags.CreatedBy": "default/doctorleilei@gmail.com",
              "Oracle-Tags.CreatedOn": "2024-05-21T16:43:50.020Z"
            },
            "display_name": "private_route_table",
            "freeform_tags": {},
            "id": "ocid1.routetable.oc1.ap-tokyo-1.aaaaaaaanmly4lznugqn4r2t2y5ms5yltstcvs4e4kzjn7xvolkupp66kktq",
            "route_rules": [
              {
                "cidr_block": "",
                "description": "",
                "destination": "0.0.0.0/0",
                "destination_type": "CIDR_BLOCK",
                "network_entity_id": "ocid1.natgateway.oc1.ap-tokyo-1.aaaaaaaan7i5jj6m7iaggem5ps673urnastaxllhylywxqxkxuvmhbim2wnq",
                "route_type": ""
              }
            ],
            "state": "AVAILABLE",
            "time_created": "2024-05-21 16:43:50.043 +0000 UTC",
            "timeouts": null,
            "vcn_id": "ocid1.vcn.oc1.ap-tokyo-1.amaaaaaa5x5wraqaamrnaxia7gqpkdeo2nlrc3k2s2yqq3dvg3rs2mo5uz3a"
          },
          "sensitive_attributes": [],
          "private": "eyJlMmJmYjczMC1lY2FhLTExZTYtOGY4OC0zNDM2M2JjN2M0YzAiOnsiY3JlYXRlIjoxMjAwMDAwMDAwMDAwLCJkZWxldGUiOjEyMDAwMDAwMDAwMDAsInVwZGF0ZSI6MTIwMDAwMDAwMDAwMH19",
          "dependencies": [
            "oci_core_nat_gateway.task_nat_gateway",
            "oci_core_vcn.tack_vcn",
            "oci_identity_compartment.task_compartment"
          ]
        }
      ]
    },
    {
      "mode": "managed",
      "type": "oci_core_route_table",
      "name": "public_route_table",
      "provider": "provider[\"registry.terraform.io/hashicorp/oci\"]",
      "instances": [
        {
          "schema_version": 0,
          "attributes": {
            "compartment_id": "ocid1.compartment.oc1..aaaaaaaadq3or6xtygxv2g7qn5sn6yl4nsqdg43svv57dpsply74jjtnjvaa",
            "defined_tags": {
              "Oracle-Tags.CreatedBy": "default/doctorleilei@gmail.com",
              "Oracle-Tags.CreatedOn": "2024-05-21T16:43:49.620Z"
            },
            "display_name": "public_route_table",
            "freeform_tags": {},
            "id": "ocid1.routetable.oc1.ap-tokyo-1.aaaaaaaa7z723p3xkrhwpgkrkw7m4pj67vexhmlwvpnrmlabvcein2lvrnlq",
            "route_rules": [
              {
                "cidr_block": "",
                "description": "",
                "destination": "0.0.0.0/0",
                "destination_type": "CIDR_BLOCK",
                "network_entity_id": "ocid1.internetgateway.oc1.ap-tokyo-1.aaaaaaaax3b55gbfxmwvl5lxi5y7hybejiflmq7lhvtonmdjxoragyxolrxq",
                "route_type": ""
              }
            ],
            "state": "AVAILABLE",
            "time_created": "2024-05-21 16:43:49.642 +0000 UTC",
            "timeouts": null,
            "vcn_id": "ocid1.vcn.oc1.ap-tokyo-1.amaaaaaa5x5wraqaamrnaxia7gqpkdeo2nlrc3k2s2yqq3dvg3rs2mo5uz3a"
          },
          "sensitive_attributes": [],
          "private": "eyJlMmJmYjczMC1lY2FhLTExZTYtOGY4OC0zNDM2M2JjN2M0YzAiOnsiY3JlYXRlIjoxMjAwMDAwMDAwMDAwLCJkZWxldGUiOjEyMDAwMDAwMDAwMDAsInVwZGF0ZSI6MTIwMDAwMDAwMDAwMH19",
          "dependencies": [
            "oci_core_internet_gateway.task_internet_gateway",
            "oci_core_vcn.tack_vcn",
            "oci_identity_compartment.task_compartment"
          ]
        }
      ]
    },
    {
      "mode": "managed",
      "type": "oci_core_security_list",
      "name": "private_security_list",
      "provider": "provider[\"registry.terraform.io/hashicorp/oci\"]",
      "instances": [
        {
          "schema_version": 0,
          "attributes": {
            "compartment_id": "ocid1.compartment.oc1..aaaaaaaadq3or6xtygxv2g7qn5sn6yl4nsqdg43svv57dpsply74jjtnjvaa",
            "defined_tags": {
              "Oracle-Tags.CreatedBy": "default/doctorleilei@gmail.com",
              "Oracle-Tags.CreatedOn": "2024-05-21T16:43:49.136Z"
            },
            "display_name": "private_security_list",
            "egress_security_rules": [],
            "freeform_tags": {},
            "id": "ocid1.securitylist.oc1.ap-tokyo-1.aaaaaaaac7fy7ukajty4ssirr6ghywztcqz5yow5xyi77jeahaq4an4ynqpq",
            "ingress_security_rules": [],
            "state": "AVAILABLE",
            "time_created": "2024-05-21 16:43:49.158 +0000 UTC",
            "timeouts": null,
            "vcn_id": "ocid1.vcn.oc1.ap-tokyo-1.amaaaaaa5x5wraqaamrnaxia7gqpkdeo2nlrc3k2s2yqq3dvg3rs2mo5uz3a"
          },
          "sensitive_attributes": [],
          "private": "eyJlMmJmYjczMC1lY2FhLTExZTYtOGY4OC0zNDM2M2JjN2M0YzAiOnsiY3JlYXRlIjoxMjAwMDAwMDAwMDAwLCJkZWxldGUiOjEyMDAwMDAwMDAwMDAsInVwZGF0ZSI6MTIwMDAwMDAwMDAwMH19",
          "dependencies": [
            "oci_core_vcn.tack_vcn",
            "oci_identity_compartment.task_compartment"
          ]
        }
      ]
    },
    {
      "mode": "managed",
      "type": "oci_core_security_list",
      "name": "public_security_list",
      "provider": "provider[\"registry.terraform.io/hashicorp/oci\"]",
      "instances": [
        {
          "schema_version": 0,
          "attributes": {
            "compartment_id": "ocid1.compartment.oc1..aaaaaaaadq3or6xtygxv2g7qn5sn6yl4nsqdg43svv57dpsply74jjtnjvaa",
            "defined_tags": {
              "Oracle-Tags.CreatedBy": "default/doctorleilei@gmail.com",
              "Oracle-Tags.CreatedOn": "2024-05-21T16:43:49.086Z"
            },
            "display_name": "public_security_list",
            "egress_security_rules": [],
            "freeform_tags": {},
            "id": "ocid1.securitylist.oc1.ap-tokyo-1.aaaaaaaarimepkmwy7pwdtsiltyxmrme3kg2arjajny5eb3cxcnpsukt6i6q",
            "ingress_security_rules": [],
            "state": "AVAILABLE",
            "time_created": "2024-05-21 16:43:49.115 +0000 UTC",
            "timeouts": null,
            "vcn_id": "ocid1.vcn.oc1.ap-tokyo-1.amaaaaaa5x5wraqaamrnaxia7gqpkdeo2nlrc3k2s2yqq3dvg3rs2mo5uz3a"
          },
          "sensitive_attributes": [],
          "private": "eyJlMmJmYjczMC1lY2FhLTExZTYtOGY4OC0zNDM2M2JjN2M0YzAiOnsiY3JlYXRlIjoxMjAwMDAwMDAwMDAwLCJkZWxldGUiOjEyMDAwMDAwMDAwMDAsInVwZGF0ZSI6MTIwMDAwMDAwMDAwMH19",
          "dependencies": [
            "oci_core_vcn.tack_vcn",
            "oci_identity_compartment.task_compartment"
          ]
        }
      ]
    },
    {
      "mode": "managed",
      "type": "oci_core_subnet",
      "name": "private_subnet",
      "provider": "provider[\"registry.terraform.io/hashicorp/oci\"]",
      "instances": [
        {
          "schema_version": 0,
          "attributes": {
            "availability_domain": "wtHk:AP-TOKYO-1-AD-1",
            "cidr_block": "10.1.1.0/24",
            "compartment_id": "ocid1.compartment.oc1..aaaaaaaadq3or6xtygxv2g7qn5sn6yl4nsqdg43svv57dpsply74jjtnjvaa",
            "defined_tags": {
              "Oracle-Tags.CreatedBy": "default/doctorleilei@gmail.com",
              "Oracle-Tags.CreatedOn": "2024-05-21T16:43:50.358Z"
            },
            "dhcp_options_id": "ocid1.dhcpoptions.oc1.ap-tokyo-1.aaaaaaaa4hiuff7mzzwrhpcbbawojgdxsuztvphh3a5yg7obv3urkjtmdypq",
            "display_name": "private_subnet",
            "dns_label": null,
            "freeform_tags": {},
            "id": "ocid1.subnet.oc1.ap-tokyo-1.aaaaaaaanxlvahab4qn3ttcunqdggj24z7hbqre3762tinr3oq3isxumqhga",
            "ipv6cidr_block": null,
            "ipv6cidr_blocks": [],
            "ipv6virtual_router_ip": null,
            "prohibit_internet_ingress": true,
            "prohibit_public_ip_on_vnic": true,
            "route_table_id": "ocid1.routetable.oc1.ap-tokyo-1.aaaaaaaanmly4lznugqn4r2t2y5ms5yltstcvs4e4kzjn7xvolkupp66kktq",
            "security_list_ids": [
              "ocid1.securitylist.oc1.ap-tokyo-1.aaaaaaaac7fy7ukajty4ssirr6ghywztcqz5yow5xyi77jeahaq4an4ynqpq"
            ],
            "state": "AVAILABLE",
            "subnet_domain_name": null,
            "time_created": "2024-05-21 16:43:50.406 +0000 UTC",
            "timeouts": null,
            "vcn_id": "ocid1.vcn.oc1.ap-tokyo-1.amaaaaaa5x5wraqaamrnaxia7gqpkdeo2nlrc3k2s2yqq3dvg3rs2mo5uz3a",
            "virtual_router_ip": "10.1.1.1",
            "virtual_router_mac": "00:00:17:FC:70:B6"
          },
          "sensitive_attributes": [],
          "private": "eyJlMmJmYjczMC1lY2FhLTExZTYtOGY4OC0zNDM2M2JjN2M0YzAiOnsiY3JlYXRlIjoxMjAwMDAwMDAwMDAwLCJkZWxldGUiOjEyMDAwMDAwMDAwMDAsInVwZGF0ZSI6MTIwMDAwMDAwMDAwMH19",
          "dependencies": [
            "data.oci_identity_availability_domains.ads",
            "oci_core_nat_gateway.task_nat_gateway",
            "oci_core_route_table.private_route_table",
            "oci_core_security_list.private_security_list",
            "oci_core_vcn.tack_vcn",
            "oci_identity_compartment.task_compartment"
          ]
        }
      ]
    },
    {
      "mode": "managed",
      "type": "oci_core_subnet",
      "name": "public_subnet",
      "provider": "provider[\"registry.terraform.io/hashicorp/oci\"]",
      "instances": [
        {
          "schema_version": 0,
          "attributes": {
            "availability_domain": "wtHk:AP-TOKYO-1-AD-1",
            "cidr_block": "10.1.0.0/24",
            "compartment_id": "ocid1.compartment.oc1..aaaaaaaadq3or6xtygxv2g7qn5sn6yl4nsqdg43svv57dpsply74jjtnjvaa",
            "defined_tags": {
              "Oracle-Tags.CreatedBy": "default/doctorleilei@gmail.com",
              "Oracle-Tags.CreatedOn": "2024-05-21T16:43:49.971Z"
            },
            "dhcp_options_id": "ocid1.dhcpoptions.oc1.ap-tokyo-1.aaaaaaaa4hiuff7mzzwrhpcbbawojgdxsuztvphh3a5yg7obv3urkjtmdypq",
            "display_name": "public_subnet",
            "dns_label": null,
            "freeform_tags": {},
            "id": "ocid1.subnet.oc1.ap-tokyo-1.aaaaaaaa5usuujfbp653nq6mtivotb6hoiocmyh3ri2jyfsxpvnu4e6mz5ka",
            "ipv6cidr_block": null,
            "ipv6cidr_blocks": [],
            "ipv6virtual_router_ip": null,
            "prohibit_internet_ingress": false,
            "prohibit_public_ip_on_vnic": false,
            "route_table_id": "ocid1.routetable.oc1.ap-tokyo-1.aaaaaaaa7z723p3xkrhwpgkrkw7m4pj67vexhmlwvpnrmlabvcein2lvrnlq",
            "security_list_ids": [
              "ocid1.securitylist.oc1.ap-tokyo-1.aaaaaaaarimepkmwy7pwdtsiltyxmrme3kg2arjajny5eb3cxcnpsukt6i6q"
            ],
            "state": "AVAILABLE",
            "subnet_domain_name": null,
            "time_created": "2024-05-21 16:43:50.006 +0000 UTC",
            "timeouts": null,
            "vcn_id": "ocid1.vcn.oc1.ap-tokyo-1.amaaaaaa5x5wraqaamrnaxia7gqpkdeo2nlrc3k2s2yqq3dvg3rs2mo5uz3a",
            "virtual_router_ip": "10.1.0.1",
            "virtual_router_mac": "00:00:17:FC:70:B6"
          },
          "sensitive_attributes": [],
          "private": "eyJlMmJmYjczMC1lY2FhLTExZTYtOGY4OC0zNDM2M2JjN2M0YzAiOnsiY3JlYXRlIjoxMjAwMDAwMDAwMDAwLCJkZWxldGUiOjEyMDAwMDAwMDAwMDAsInVwZGF0ZSI6MTIwMDAwMDAwMDAwMH19",
          "dependencies": [
            "data.oci_identity_availability_domains.ads",
            "oci_core_internet_gateway.task_internet_gateway",
            "oci_core_route_table.public_route_table",
            "oci_core_security_list.public_security_list",
            "oci_core_vcn.tack_vcn",
            "oci_identity_compartment.task_compartment"
          ]
        }
      ]
    },
    {
      "mode": "managed",
      "type": "oci_core_vcn",
      "name": "tack_vcn",
      "provider": "provider[\"registry.terraform.io/hashicorp/oci\"]",
      "instances": [
        {
          "schema_version": 0,
          "attributes": {
            "byoipv6cidr_blocks": [],
            "byoipv6cidr_details": [],
            "cidr_block": "10.1.0.0/16",
            "cidr_blocks": [
              "10.1.0.0/16"
            ],
            "compartment_id": "ocid1.compartment.oc1..aaaaaaaadq3or6xtygxv2g7qn5sn6yl4nsqdg43svv57dpsply74jjtnjvaa",
            "default_dhcp_options_id": "ocid1.dhcpoptions.oc1.ap-tokyo-1.aaaaaaaa4hiuff7mzzwrhpcbbawojgdxsuztvphh3a5yg7obv3urkjtmdypq",
            "default_route_table_id": "ocid1.routetable.oc1.ap-tokyo-1.aaaaaaaaw7cr5o2dhctp3l4eraoh3vkkomssunegm3on5mtznnyokfojtuqa",
            "default_security_list_id": "ocid1.securitylist.oc1.ap-tokyo-1.aaaaaaaab3ins6redo7gh64mofttkiyfr4khqb56jl3j4shdfgbefpl3rncq",
            "defined_tags": {
              "Oracle-Tags.CreatedBy": "default/doctorleilei@gmail.com",
              "Oracle-Tags.CreatedOn": "2024-05-21T16:43:48.576Z"
            },
            "display_name": "tack_vcn",
            "dns_label": null,
            "freeform_tags": {},
            "id": "ocid1.vcn.oc1.ap-tokyo-1.amaaaaaa5x5wraqaamrnaxia7gqpkdeo2nlrc3k2s2yqq3dvg3rs2mo5uz3a",
            "ipv6cidr_blocks": [],
            "ipv6private_cidr_blocks": [],
            "is_ipv6enabled": false,
            "is_oracle_gua_allocation_enabled": null,
            "state": "AVAILABLE",
            "time_created": "2024-05-21 16:43:48.64 +0000 UTC",
            "timeouts": null,
            "vcn_domain_name": null
          },
          "sensitive_attributes": [],
          "private": "eyJlMmJmYjczMC1lY2FhLTExZTYtOGY4OC0zNDM2M2JjN2M0YzAiOnsiY3JlYXRlIjoxMjAwMDAwMDAwMDAwLCJkZWxldGUiOjEyMDAwMDAwMDAwMDAsInVwZGF0ZSI6MTIwMDAwMDAwMDAwMH19",
          "dependencies": [
            "oci_identity_compartment.task_compartment"
          ]
        }
      ]
    },
    {
      "mode": "managed",
      "type": "oci_database_autonomous_database",
      "name": "task_autonomous_database",
      "provider": "provider[\"registry.terraform.io/hashicorp/oci\"]",
      "instances": [
        {
          "schema_version": 0,
          "attributes": {
            "actual_used_data_storage_size_in_tbs": 0.0036460161209106445,
            "admin_password": "Zhang19870110",
            "allocated_storage_size_in_tbs": 0.0078125,
            "apex_details": [
              {
                "apex_version": "23.2.3",
                "ords_version": "24.1.1.120.1228"
              }
            ],
            "are_primary_whitelisted_ips_used": null,
            "auto_refresh_frequency_in_seconds": null,
            "auto_refresh_point_lag_in_seconds": null,
            "autonomous_container_database_id": null,
            "autonomous_database_backup_id": null,
            "autonomous_database_id": null,
            "autonomous_maintenance_schedule_type": "REGULAR",
            "available_upgrade_versions": [],
            "backup_config": [
              {
                "manual_backup_bucket_name": "",
                "manual_backup_type": "NONE"
              }
            ],
            "backup_retention_period_in_days": 60,
            "character_set": "AL32UTF8",
            "clone_type": null,
            "compartment_id": "ocid1.compartment.oc1..aaaaaaaadq3or6xtygxv2g7qn5sn6yl4nsqdg43svv57dpsply74jjtnjvaa",
            "compute_count": 1,
            "compute_model": "ECPU",
            "connection_strings": [
              {
                "all_connection_strings": {
                  "HIGH": "adb.ap-tokyo-1.oraclecloud.com:1522/gc2b829ae972ccc_taskautonomousdatabase_high.adb.oraclecloud.com",
                  "LOW": "adb.ap-tokyo-1.oraclecloud.com:1522/gc2b829ae972ccc_taskautonomousdatabase_low.adb.oraclecloud.com",
                  "MEDIUM": "adb.ap-tokyo-1.oraclecloud.com:1522/gc2b829ae972ccc_taskautonomousdatabase_medium.adb.oraclecloud.com"
                },
                "dedicated": "",
                "high": "adb.ap-tokyo-1.oraclecloud.com:1522/gc2b829ae972ccc_taskautonomousdatabase_high.adb.oraclecloud.com",
                "low": "adb.ap-tokyo-1.oraclecloud.com:1522/gc2b829ae972ccc_taskautonomousdatabase_low.adb.oraclecloud.com",
                "medium": "adb.ap-tokyo-1.oraclecloud.com:1522/gc2b829ae972ccc_taskautonomousdatabase_medium.adb.oraclecloud.com",
                "profiles": [
                  {
                    "consumer_group": "HIGH",
                    "display_name": "taskautonomousdatabase_high",
                    "host_format": "FQDN",
                    "is_regional": false,
                    "protocol": "TCPS",
                    "session_mode": "DIRECT",
                    "syntax_format": "LONG",
                    "tls_authentication": "SERVER",
                    "value": "(description= (retry_count=20)(retry_delay=3)(address=(protocol=tcps)(port=1521)(host=adb.ap-tokyo-1.oraclecloud.com))(connect_data=(service_name=gc2b829ae972ccc_taskautonomousdatabase_high.adb.oraclecloud.com))(security=(ssl_server_dn_match=yes)))"
                  },
                  {
                    "consumer_group": "LOW",
                    "display_name": "taskautonomousdatabase_low",
                    "host_format": "FQDN",
                    "is_regional": false,
                    "protocol": "TCPS",
                    "session_mode": "DIRECT",
                    "syntax_format": "LONG",
                    "tls_authentication": "SERVER",
                    "value": "(description= (retry_count=20)(retry_delay=3)(address=(protocol=tcps)(port=1521)(host=adb.ap-tokyo-1.oraclecloud.com))(connect_data=(service_name=gc2b829ae972ccc_taskautonomousdatabase_low.adb.oraclecloud.com))(security=(ssl_server_dn_match=yes)))"
                  },
                  {
                    "consumer_group": "MEDIUM",
                    "display_name": "taskautonomousdatabase_medium",
                    "host_format": "FQDN",
                    "is_regional": false,
                    "protocol": "TCPS",
                    "session_mode": "DIRECT",
                    "syntax_format": "LONG",
                    "tls_authentication": "SERVER",
                    "value": "(description= (retry_count=20)(retry_delay=3)(address=(protocol=tcps)(port=1521)(host=adb.ap-tokyo-1.oraclecloud.com))(connect_data=(service_name=gc2b829ae972ccc_taskautonomousdatabase_medium.adb.oraclecloud.com))(security=(ssl_server_dn_match=yes)))"
                  },
                  {
                    "consumer_group": "HIGH",
                    "display_name": "taskautonomousdatabase_high",
                    "host_format": "FQDN",
                    "is_regional": false,
                    "protocol": "TCPS",
                    "session_mode": "DIRECT",
                    "syntax_format": "LONG",
                    "tls_authentication": "MUTUAL",
                    "value": "(description= (retry_count=20)(retry_delay=3)(address=(protocol=tcps)(port=1522)(host=adb.ap-tokyo-1.oraclecloud.com))(connect_data=(service_name=gc2b829ae972ccc_taskautonomousdatabase_high.adb.oraclecloud.com))(security=(ssl_server_dn_match=yes)))"
                  },
                  {
                    "consumer_group": "LOW",
                    "display_name": "taskautonomousdatabase_low",
                    "host_format": "FQDN",
                    "is_regional": false,
                    "protocol": "TCPS",
                    "session_mode": "DIRECT",
                    "syntax_format": "LONG",
                    "tls_authentication": "MUTUAL",
                    "value": "(description= (retry_count=20)(retry_delay=3)(address=(protocol=tcps)(port=1522)(host=adb.ap-tokyo-1.oraclecloud.com))(connect_data=(service_name=gc2b829ae972ccc_taskautonomousdatabase_low.adb.oraclecloud.com))(security=(ssl_server_dn_match=yes)))"
                  },
                  {
                    "consumer_group": "MEDIUM",
                    "display_name": "taskautonomousdatabase_medium",
                    "host_format": "FQDN",
                    "is_regional": false,
                    "protocol": "TCPS",
                    "session_mode": "DIRECT",
                    "syntax_format": "LONG",
                    "tls_authentication": "MUTUAL",
                    "value": "(description= (retry_count=20)(retry_delay=3)(address=(protocol=tcps)(port=1522)(host=adb.ap-tokyo-1.oraclecloud.com))(connect_data=(service_name=gc2b829ae972ccc_taskautonomousdatabase_medium.adb.oraclecloud.com))(security=(ssl_server_dn_match=yes)))"
                  }
                ]
              }
            ],
            "connection_urls": [
              {
                "apex_url": "https://GC2B829AE972CCC-TASKAUTONOMOUSDATABASE.adb.ap-tokyo-1.oraclecloudapps.com/ords/apex",
                "database_transforms_url": "https://GC2B829AE972CCC-TASKAUTONOMOUSDATABASE.adb.ap-tokyo-1.oraclecloudapps.com/odi/",
                "graph_studio_url": "https://GC2B829AE972CCC-TASKAUTONOMOUSDATABASE.adb.ap-tokyo-1.oraclecloudapps.com/graphstudio/",
                "machine_learning_notebook_url": "https://GC2B829AE972CCC-TASKAUTONOMOUSDATABASE.adb.ap-tokyo-1.oraclecloudapps.com/oml/",
                "machine_learning_user_management_url": "https://GC2B829AE972CCC-TASKAUTONOMOUSDATABASE.adb.ap-tokyo-1.oraclecloudapps.com/omlusers/",
                "mongo_db_url": "mongodb://[user:password@]GC2B829AE972CCC-TASKAUTONOMOUSDATABASE.adb.ap-tokyo-1.oraclecloudapps.com:27017/[user]?authMechanism=PLAIN\u0026authSource=$external\u0026ssl=true\u0026retryWrites=false\u0026loadBalanced=true",
                "ords_url": "https://GC2B829AE972CCC-TASKAUTONOMOUSDATABASE.adb.ap-tokyo-1.oraclecloudapps.com/ords/",
                "sql_dev_web_url": "https://GC2B829AE972CCC-TASKAUTONOMOUSDATABASE.adb.ap-tokyo-1.oraclecloudapps.com/ords/sql-developer"
              }
            ],
            "cpu_core_count": 0,
            "customer_contacts": [],
            "data_safe_status": "NOT_REGISTERED",
            "data_storage_size_in_gb": 20,
            "data_storage_size_in_tbs": 1,
            "database_edition": "",
            "database_management_status": "",
            "dataguard_region_type": "",
            "db_name": "taskAutonomousDatabase",
            "db_tools_details": [
              {
                "compute_count": 0,
                "is_enabled": true,
                "max_idle_time_in_minutes": 0,
                "name": "APEX"
              },
              {
                "compute_count": 2,
                "is_enabled": true,
                "max_idle_time_in_minutes": 10,
                "name": "DATA_TRANSFORMS"
              },
              {
                "compute_count": 0,
                "is_enabled": true,
                "max_idle_time_in_minutes": 0,
                "name": "DATABASE_ACTIONS"
              },
              {
                "compute_count": 2,
                "is_enabled": true,
                "max_idle_time_in_minutes": 240,
                "name": "GRAPH_STUDIO"
              },
              {
                "compute_count": 0,
                "is_enabled": true,
                "max_idle_time_in_minutes": 0,
                "name": "MONGODB_API"
              },
              {
                "compute_count": 2,
                "is_enabled": true,
                "max_idle_time_in_minutes": 60,
                "name": "OML"
              },
              {
                "compute_count": 0,
                "is_enabled": true,
                "max_idle_time_in_minutes": 0,
                "name": "ORDS"
              }
            ],
            "db_version": "19c",
            "db_workload": "DW",
            "defined_tags": {
              "Oracle-Tags.CreatedBy": "default/doctorleilei@gmail.com",
              "Oracle-Tags.CreatedOn": "2024-05-21T16:43:50.861Z"
            },
            "disaster_recovery_region_type": "",
            "display_name": "task_autonomous_database",
            "failed_data_recovery_in_seconds": null,
            "freeform_tags": {},
            "id": "ocid1.autonomousdatabase.oc1.ap-tokyo-1.anxhiljr5x5wraqanz2driwrlb4wv3rlyo6lhyk4cuiospsr3yuvzsvm3ggq",
            "in_memory_area_in_gbs": null,
            "in_memory_percentage": null,
            "infrastructure_type": "",
            "is_access_control_enabled": null,
            "is_auto_scaling_enabled": false,
            "is_auto_scaling_for_storage_enabled": false,
            "is_data_guard_enabled": false,
            "is_dedicated": false,
            "is_dev_tier": null,
            "is_free_tier": true,
            "is_local_data_guard_enabled": false,
            "is_mtls_connection_required": false,
            "is_preview": false,
            "is_preview_version_with_service_terms_accepted": null,
            "is_reconnect_clone_enabled": false,
            "is_refreshable_clone": null,
            "is_remote_data_guard_enabled": false,
            "is_replicate_automatic_backups": null,
            "is_shrink_only": null,
            "key_history_entry": [
              {
                "id": "ORACLE_MANAGED_KEY",
                "kms_key_version_id": "",
                "time_activated": "2024-05-21 16:45:42.518 +0000 UTC",
                "vault_id": ""
              }
            ],
            "key_store_id": null,
            "key_store_wallet_name": null,
            "kms_key_id": "ORACLE_MANAGED_KEY",
            "kms_key_lifecycle_details": null,
            "kms_key_version_id": null,
            "license_model": "LICENSE_INCLUDED",
            "lifecycle_details": null,
            "local_adg_auto_failover_max_data_loss_limit": null,
            "local_disaster_recovery_type": "",
            "local_standby_db": [],
            "long_term_backup_schedule": [],
            "max_cpu_core_count": null,
            "memory_per_oracle_compute_unit_in_gbs": null,
            "ncharacter_set": "AL16UTF16",
            "net_services_architecture": "",
            "next_long_term_backup_time_stamp": null,
            "nsg_ids": [],
            "ocpu_count": null,
            "open_mode": "READ_WRITE",
            "operations_insights_status": "NOT_ENABLED",
            "peer_db_ids": [],
            "permission_level": "UNRESTRICTED",
            "private_endpoint": null,
            "private_endpoint_ip": null,
            "private_endpoint_label": null,
            "provisionable_cpus": [],
            "refreshable_mode": null,
            "refreshable_status": "",
            "remote_disaster_recovery_configuration": [],
            "remote_disaster_recovery_type": null,
            "resource_pool_leader_id": null,
            "resource_pool_summary": [
              {
                "is_disabled": true,
                "pool_size": 0
              }
            ],
            "role": "",
            "rotate_key_trigger": null,
            "scheduled_operations": [],
            "secret_id": null,
            "secret_version_number": null,
            "service_console_url": null,
            "shrink_adb_trigger": null,
            "source": null,
            "source_id": null,
            "standby_db": [],
            "standby_whitelisted_ips": [],
            "state": "TERMINATING",
            "subnet_id": null,
            "supported_regions_to_clone_to": [
              "KIX",
              "ICN",
              "SIN"
            ],
            "switchover_to": null,
            "switchover_to_remote_peer_id": null,
            "system_tags": {
              "orcl-cloud.free-tier-retained": "true"
            },
            "time_created": "2024-05-21 16:43:50.872 +0000 UTC",
            "time_data_guard_role_changed": null,
            "time_deletion_of_free_autonomous_database": null,
            "time_disaster_recovery_role_changed": null,
            "time_local_data_guard_enabled": null,
            "time_maintenance_begin": "2024-05-25 04:00:00 +0000 UTC",
            "time_maintenance_end": "2024-05-25 06:00:00 +0000 UTC",
            "time_of_auto_refresh_start": null,
            "time_of_joining_resource_pool": null,
            "time_of_last_failover": null,
            "time_of_last_refresh": null,
            "time_of_last_refresh_point": null,
            "time_of_last_switchover": null,
            "time_of_next_refresh": null,
            "time_reclamation_of_free_autonomous_database": null,
            "time_until_reconnect_clone_enabled": null,
            "timeouts": null,
            "timestamp": null,
            "total_backup_storage_size_in_gbs": 4,
            "use_latest_available_backup_time_stamp": null,
            "used_data_storage_size_in_gbs": null,
            "used_data_storage_size_in_tbs": null,
            "vault_id": null,
            "whitelisted_ips": [
              "125.103.97.234",
              "140.83.36.233",
              "158.101.70.126"
            ]
          },
          "sensitive_attributes": [
            [
              {
                "type": "get_attr",
                "value": "admin_password"
              }
            ]
          ],
          "private": "eyJlMmJmYjczMC1lY2FhLTExZTYtOGY4OC0zNDM2M2JjN2M0YzAiOnsiY3JlYXRlIjo0MzIwMDAwMDAwMDAwMCwiZGVsZXRlIjo0MzIwMDAwMDAwMDAwMCwidXBkYXRlIjo0MzIwMDAwMDAwMDAwMH19",
          "dependencies": [
            "oci_core_nat_gateway.task_nat_gateway",
            "oci_core_public_ip.public_instance_reserved_public_ip",
            "oci_core_vcn.tack_vcn",
            "oci_identity_compartment.task_compartment"
          ]
        }
      ]
    },
    {
      "mode": "managed",
      "type": "oci_identity_compartment",
      "name": "task_compartment",
      "provider": "provider[\"registry.terraform.io/hashicorp/oci\"]",
      "instances": [
        {
          "schema_version": 0,
          "attributes": {
            "compartment_id": "ocid1.tenancy.oc1..aaaaaaaabf3hx5a6ukjm3ukfzhddy7hdzoa6t4m3wsfikfep25v6dbrwuyya",
            "defined_tags": {
              "Oracle-Tags.CreatedBy": "default/doctorleilei@gmail.com",
              "Oracle-Tags.CreatedOn": "2024-05-18T05:07:10.855Z"
            },
            "description": "task_compartment",
            "enable_delete": null,
            "freeform_tags": {},
            "id": "ocid1.compartment.oc1..aaaaaaaadq3or6xtygxv2g7qn5sn6yl4nsqdg43svv57dpsply74jjtnjvaa",
            "inactive_state": null,
            "is_accessible": true,
            "name": "task_compartment",
            "state": "ACTIVE",
            "time_created": "2024-05-18 05:07:10.888 +0000 UTC",
            "timeouts": null
          },
          "sensitive_attributes": [],
          "private": "eyJlMmJmYjczMC1lY2FhLTExZTYtOGY4OC0zNDM2M2JjN2M0YzAiOnsiZGVsZXRlIjo1NDAwMDAwMDAwMDAwfX0="
        }
      ]
    },
    {
      "mode": "managed",
      "type": "oci_network_load_balancer_backend_set",
      "name": "task_backend_set_web",
      "provider": "provider[\"registry.terraform.io/hashicorp/oci\"]",
      "instances": [
        {
          "schema_version": 0,
          "attributes": {
            "backends": [
              {
                "ip_address": "10.1.1.111",
                "is_backup": false,
                "is_drain": false,
                "is_offline": false,
                "name": "task_backend_web",
                "port": 80,
                "target_id": "ocid1.instance.oc1.ap-tokyo-1.anxhiljr5x5wraqckadtbzaph5qzvnjk7uzxiihcfcu5tnmz5ycbnesyki6a",
                "weight": 1
              }
            ],
            "health_checker": [
              {
                "dns": [],
                "interval_in_millis": 10000,
                "port": 80,
                "protocol": "TCP",
                "request_data": "",
                "response_body_regex": "",
                "response_data": "",
                "retries": 3,
                "return_code": 0,
                "timeout_in_millis": 3000,
                "url_path": ""
              }
            ],
            "id": "networkLoadBalancers/ocid1.networkloadbalancer.oc1.ap-tokyo-1.amaaaaaa5x5wraqaie5n2og6dnfys64f754y2ybnevjfjneb2es3pwyfqusa/backendSets/task_backend_set_web",
            "ip_version": "IPV4",
            "is_fail_open": false,
            "is_instant_failover_enabled": false,
            "is_preserve_source": true,
            "name": "task_backend_set_web",
            "network_load_balancer_id": "ocid1.networkloadbalancer.oc1.ap-tokyo-1.amaaaaaa5x5wraqaie5n2og6dnfys64f754y2ybnevjfjneb2es3pwyfqusa",
            "policy": "FIVE_TUPLE",
            "timeouts": null
          },
          "sensitive_attributes": [],
          "private": "eyJlMmJmYjczMC1lY2FhLTExZTYtOGY4OC0zNDM2M2JjN2M0YzAiOnsiY3JlYXRlIjoxMjAwMDAwMDAwMDAwLCJkZWxldGUiOjEyMDAwMDAwMDAwMDAsInVwZGF0ZSI6MTIwMDAwMDAwMDAwMH19",
          "dependencies": [
            "data.oci_identity_availability_domains.ads",
            "oci_core_internet_gateway.task_internet_gateway",
            "oci_core_network_security_group.task_network_load_balancer_network_security_group",
            "oci_core_public_ip.task_network_load_balancer_reserved_public_ip",
            "oci_core_route_table.public_route_table",
            "oci_core_security_list.public_security_list",
            "oci_core_subnet.public_subnet",
            "oci_core_vcn.tack_vcn",
            "oci_identity_compartment.task_compartment",
            "oci_network_load_balancer_network_load_balancer.task_network_load_balancer"
          ]
        }
      ]
    },
    {
      "mode": "managed",
      "type": "oci_network_load_balancer_network_load_balancer",
      "name": "task_network_load_balancer",
      "provider": "provider[\"registry.terraform.io/hashicorp/oci\"]",
      "instances": [
        {
          "schema_version": 0,
          "attributes": {
            "assigned_ipv6": null,
            "assigned_private_ipv4": null,
            "compartment_id": "ocid1.compartment.oc1..aaaaaaaadq3or6xtygxv2g7qn5sn6yl4nsqdg43svv57dpsply74jjtnjvaa",
            "defined_tags": {
              "Oracle-Tags.CreatedBy": "default/doctorleilei@gmail.com",
              "Oracle-Tags.CreatedOn": "2024-05-24T10:53:16.679Z"
            },
            "display_name": "task_network_load_balancer",
            "freeform_tags": {},
            "id": "ocid1.networkloadbalancer.oc1.ap-tokyo-1.amaaaaaa5x5wraqaie5n2og6dnfys64f754y2ybnevjfjneb2es3pwyfqusa",
            "ip_addresses": [
              {
                "ip_address": "158.101.72.117",
                "ip_version": "IPV4",
                "is_public": true,
                "reserved_ip": [
                  {
                    "id": "ocid1.publicip.oc1.ap-tokyo-1.amaaaaaa5x5wraqahf6qc53hi7jvt7z7pomapah3buleystgczotribsmzeq"
                  }
                ]
              },
              {
                "ip_address": "10.1.0.48",
                "ip_version": "IPV4",
                "is_public": false,
                "reserved_ip": []
              }
            ],
            "is_preserve_source_destination": false,
            "is_private": false,
            "is_symmetric_hash_enabled": false,
            "lifecycle_details": null,
            "network_security_group_ids": [
              "ocid1.networksecuritygroup.oc1.ap-tokyo-1.aaaaaaaaajpbsipf262z5y5rsyp4noeoggyyxtasarxbncgr4izjjtwedtzq"
            ],
            "nlb_ip_version": "IPV4",
            "reserved_ips": [
              {
                "id": "ocid1.publicip.oc1.ap-tokyo-1.amaaaaaa5x5wraqahf6qc53hi7jvt7z7pomapah3buleystgczotribsmzeq"
              }
            ],
            "state": "ACTIVE",
            "subnet_id": "ocid1.subnet.oc1.ap-tokyo-1.aaaaaaaa5usuujfbp653nq6mtivotb6hoiocmyh3ri2jyfsxpvnu4e6mz5ka",
            "subnet_ipv6cidr": null,
            "system_tags": {
              "orcl-cloud.free-tier-retained": "true"
            },
            "time_created": "2024-05-24 10:53:16 +0000 UTC",
            "time_updated": "2024-05-24 10:55:54 +0000 UTC",
            "timeouts": null
          },
          "sensitive_attributes": [],
          "private": "eyJlMmJmYjczMC1lY2FhLTExZTYtOGY4OC0zNDM2M2JjN2M0YzAiOnsiY3JlYXRlIjoxMjAwMDAwMDAwMDAwLCJkZWxldGUiOjEyMDAwMDAwMDAwMDAsInVwZGF0ZSI6MTIwMDAwMDAwMDAwMH19",
          "dependencies": [
            "data.oci_identity_availability_domains.ads",
            "oci_core_internet_gateway.task_internet_gateway",
            "oci_core_network_security_group.task_network_load_balancer_network_security_group",
            "oci_core_public_ip.task_network_load_balancer_reserved_public_ip",
            "oci_core_route_table.public_route_table",
            "oci_core_security_list.public_security_list",
            "oci_core_subnet.public_subnet",
            "oci_core_vcn.tack_vcn",
            "oci_identity_compartment.task_compartment"
          ]
        }
      ]
    }
  ],
  "check_results": null
}
