{
  "version": 4,
  "terraform_version": "1.8.1",
  "serial": 447,
  "lineage": "9caf8968-d905-1ba9-69fb-f333db7a23cb",
  "outputs": {},
  "resources": [
    {
      "mode": "managed",
      "type": "oci_core_vcn",
      "name": "tack_vcn",
      "provider": "provider[\"registry.terraform.io/hashicorp/oci\"]",
      "instances": [
        {
          "schema_version": 0,
          "attributes": {
            "byoipv6cidr_blocks": [],
            "byoipv6cidr_details": [],
            "cidr_block": "10.1.0.0/16",
            "cidr_blocks": [
              "10.1.0.0/16"
            ],
            "compartment_id": "ocid1.compartment.oc1..aaaaaaaadt2sltkxf2thnvq63gzatiudwtwwkyg73wtlheuvw7vx5fyggbkq",
            "default_dhcp_options_id": "ocid1.dhcpoptions.oc1.ap-tokyo-1.aaaaaaaav4wqoyuaywv6uizjtkh4lxgdlpmoiurkyookkitk7ngx5nlv3kfa",
            "default_route_table_id": "ocid1.routetable.oc1.ap-tokyo-1.aaaaaaaa23psyiz72p3zpqb7tozajusntdcnxfpktj7ajyi5exqtlzgw7e6q",
            "default_security_list_id": "ocid1.securitylist.oc1.ap-tokyo-1.aaaaaaaat6qkvx6woknndbdveoaj6p2cvpjdzioo4ddvseatslnowhyx2o3a",
            "defined_tags": {
              "Oracle-Tags.CreatedBy": "default/doctorleilei@gmail.com",
              "Oracle-Tags.CreatedOn": "2024-04-30T14:26:06.464Z"
            },
            "display_name": "tack_vcn",
            "dns_label": null,
            "freeform_tags": {},
            "id": "ocid1.vcn.oc1.ap-tokyo-1.amaaaaaa5x5wraqaq6ritriranbfztjir2qxs4njiztgp35v5a3bwek6ox7q",
            "ipv6cidr_blocks": [],
            "ipv6private_cidr_blocks": [],
            "is_ipv6enabled": false,
            "is_oracle_gua_allocation_enabled": null,
            "state": "AVAILABLE",
            "time_created": "2024-04-30 14:26:06.543 +0000 UTC",
            "timeouts": null,
            "vcn_domain_name": null
          },
          "sensitive_attributes": [],
          "private": "eyJlMmJmYjczMC1lY2FhLTExZTYtOGY4OC0zNDM2M2JjN2M0YzAiOnsiY3JlYXRlIjoxMjAwMDAwMDAwMDAwLCJkZWxldGUiOjEyMDAwMDAwMDAwMDAsInVwZGF0ZSI6MTIwMDAwMDAwMDAwMH19",
          "dependencies": [
            "oci_identity_compartment.task_compartment"
          ]
        }
      ]
    },
    {
      "mode": "managed",
      "type": "oci_identity_compartment",
      "name": "task_compartment",
      "provider": "provider[\"registry.terraform.io/hashicorp/oci\"]",
      "instances": [
        {
          "schema_version": 0,
          "attributes": {
            "compartment_id": "ocid1.tenancy.oc1..aaaaaaaabf3hx5a6ukjm3ukfzhddy7hdzoa6t4m3wsfikfep25v6dbrwuyya",
            "defined_tags": {
              "Oracle-Tags.CreatedBy": "default/doctorleilei@gmail.com",
              "Oracle-Tags.CreatedOn": "2024-04-30T14:15:50.804Z"
            },
            "description": "task_compartment",
            "enable_delete": null,
            "freeform_tags": {},
            "id": "ocid1.compartment.oc1..aaaaaaaadt2sltkxf2thnvq63gzatiudwtwwkyg73wtlheuvw7vx5fyggbkq",
            "inactive_state": null,
            "is_accessible": true,
            "name": "task_compartment",
            "state": "ACTIVE",
            "time_created": "2024-04-30 14:15:50.914 +0000 UTC",
            "timeouts": null
          },
          "sensitive_attributes": [],
          "private": "eyJlMmJmYjczMC1lY2FhLTExZTYtOGY4OC0zNDM2M2JjN2M0YzAiOnsiZGVsZXRlIjo1NDAwMDAwMDAwMDAwfX0="
        }
      ]
    }
  ],
  "check_results": null
}
